
Microsoft Visual Studio Solution File, Format Version 12.00
# Visual Studio Version 17
VisualStudioVersion = 17.3.32929.385
MinimumVisualStudioVersion = 10.0.40219.1
Project("{FAE04EC0-301F-11D3-BF4B-00C04F79EFBC}") = "VisualTypeDesignerApp", "VisualTypeDesignerApp\VisualTypeDesignerApp.csproj", "{9A534D90-E54C-45FF-983F-633AC6DF7855}"
EndProject
Project("{FAE04EC0-301F-11D3-BF4B-00C04F79EFBC}") = "BasicConsoleIO", "BasicConsoleIO\BasicConsoleIO.csproj", "{18D6CB10-10F0-437E-87B7-9D54D69F8E9B}"
EndProject
Project("{FAE04EC0-301F-11D3-BF4B-00C04F79EFBC}") = "BasicDataTypes", "BasicDataTypes\BasicDataTypes.csproj", "{4CBB9280-8573-4EDB-A9FC-B90C86004A7B}"
EndProject
Project("{FAE04EC0-301F-11D3-BF4B-00C04F79EFBC}") = "FunWithStrings", "FunWithStrings\FunWithStrings.csproj", "{578D8DBB-F656-4354-9929-71B014F355CA}"
EndProject
Project("{FAE04EC0-301F-11D3-BF4B-00C04F79EFBC}") = "TypeConversions", "TypeConversions\TypeConversions.csproj", "{FD32776C-B743-4EF4-BD34-92CFE3D3013D}"
EndProject
Project("{FAE04EC0-301F-11D3-BF4B-00C04F79EFBC}") = "ImplicitlyTypedLocalVars", "ImplicitlyTypedLocalVars\ImplicitlyTypedLocalVars.csproj", "{A1DC584B-4A2F-440A-A8E0-A873F46DECFF}"
EndProject
Project("{FAE04EC0-301F-11D3-BF4B-00C04F79EFBC}") = "IterationsAndDecisions", "IterationsAndDecisions\IterationsAndDecisions.csproj", "{D56C9F84-0F9C-4FA2-BF66-2E406B302427}"
EndProject
Project("{FAE04EC0-301F-11D3-BF4B-00C04F79EFBC}") = "FunWithMethods", "FunWithMethods\FunWithMethods.csproj", "{C342BD82-331B-48EB-B067-2F9FED636245}"
EndProject
Project("{FAE04EC0-301F-11D3-BF4B-00C04F79EFBC}") = "MethodOverloading", "MethodOverloading\MethodOverloading.csproj", "{301C125D-BCEE-482C-B0DC-4F3FF95AA201}"
EndProject
Project("{FAE04EC0-301F-11D3-BF4B-00C04F79EFBC}") = "FunWithArrays", "FunWithArrays\FunWithArrays.csproj", "{5E71AE32-CC81-41BA-8ED2-B4E30C9DF1B2}"
EndProject
Project("{FAE04EC0-301F-11D3-BF4B-00C04F79EFBC}") = "FunWithEnums", "FunWithEnums\FunWithEnums.csproj", "{EAC8CC8D-903F-4B91-A113-3DDE26E2B4FF}"
EndProject
Project("{FAE04EC0-301F-11D3-BF4B-00C04F79EFBC}") = "FunWithStructures", "FunWithStructures\FunWithStructures.csproj", "{3C99CB03-281B-41F2-B2D4-86638233E513}"
EndProject
Project("{FAE04EC0-301F-11D3-BF4B-00C04F79EFBC}") = "ValueAndReferenceTypes", "ValueAndReferenceTypes\ValueAndReferenceTypes.csproj", "{7E1EB6C1-3E70-4130-869F-0A2E5DC1D7A5}"
EndProject
Project("{FAE04EC0-301F-11D3-BF4B-00C04F79EFBC}") = "RefTypeValTypeParams", "RefTypeValTypeParams\RefTypeValTypeParams.csproj", "{E7DE016C-5176-400F-942E-15BD23D94E07}"
EndProject
Project("{FAE04EC0-301F-11D3-BF4B-00C04F79EFBC}") = "NullableTypes", "NullableTypes\NullableTypes.csproj", "{01F9A1B3-0D2D-4C37-AFEF-EB2E127F1CB0}"
EndProject
Project("{FAE04EC0-301F-11D3-BF4B-00C04F79EFBC}") = "SimpleClassExample", "SimpleClassExample\SimpleClassExample.csproj", "{8C5BF9FA-FC78-44D7-927D-1D1F39A8CDF7}"
EndProject
Project("{FAE04EC0-301F-11D3-BF4B-00C04F79EFBC}") = "StaticDataAndMembers", "StaticDataAndMembers\StaticDataAndMembers.csproj", "{F1972F26-7160-4770-A331-5FAFAC582F64}"
EndProject
Project("{FAE04EC0-301F-11D3-BF4B-00C04F79EFBC}") = "SimpleUtilityClass", "SimpleUtilityClass\SimpleUtilityClass.csproj", "{33A78D21-6B2B-40FD-93F8-36223EBAB386}"
EndProject
Project("{FAE04EC0-301F-11D3-BF4B-00C04F79EFBC}") = "EmployeeApp", "EmployeeApp\EmployeeApp.csproj", "{016D2D4B-403C-4E72-AC6E-3CA261087540}"
EndProject
Project("{FAE04EC0-301F-11D3-BF4B-00C04F79EFBC}") = "AutoProps", "AutoProps\AutoProps.csproj", "{C7DC4686-CF66-4E7E-AB98-D5BDF84D9144}"
EndProject
Project("{FAE04EC0-301F-11D3-BF4B-00C04F79EFBC}") = "ObjectsInitializers", "ObjectsInitializers\ObjectsInitializers.csproj", "{99981F34-A52C-4B81-911E-8F738288DABA}"
EndProject
Project("{FAE04EC0-301F-11D3-BF4B-00C04F79EFBC}") = "ConstData", "ConstData\ConstData.csproj", "{7840A6E5-E865-4541-8ACD-1F66BB35715A}"
EndProject
Project("{FAE04EC0-301F-11D3-BF4B-00C04F79EFBC}") = "BasicInheritance", "BasicInheritance\BasicInheritance.csproj", "{13E0EAC9-C099-49DE-B07D-FDA4513845FD}"
EndProject
Project("{FAE04EC0-301F-11D3-BF4B-00C04F79EFBC}") = "Employees", "Employees\Employees.csproj", "{C6765B47-FB42-4D3A-819C-0B3C704584A4}"
EndProject
Project("{FAE04EC0-301F-11D3-BF4B-00C04F79EFBC}") = "Shapes", "Shapes\Shapes.csproj", "{C9CB95F6-84FB-411C-8894-1AFFE3E6224B}"
EndProject
Project("{FAE04EC0-301F-11D3-BF4B-00C04F79EFBC}") = "ObjectOverrides", "ObjectOverrides\ObjectOverrides.csproj", "{929E4963-1227-4858-8F87-7AC0470329EA}"
EndProject
Project("{FAE04EC0-301F-11D3-BF4B-00C04F79EFBC}") = "SimpleException", "SimpleException\SimpleException.csproj", "{0587996C-A2F8-4618-92C6-3E36EF1DBF83}"
EndProject
Project("{FAE04EC0-301F-11D3-BF4B-00C04F79EFBC}") = "CustomException", "CustomException\CustomException.csproj", "{71E16104-9228-46E4-B404-09F8B1BC2E91}"
EndProject
Project("{FAE04EC0-301F-11D3-BF4B-00C04F79EFBC}") = "ProcessMultipleExceptions", "ProcessMultipleExceptions\ProcessMultipleExceptions.csproj", "{29305921-7231-4C08-8817-61F9B845C9BB}"
EndProject
Project("{FAE04EC0-301F-11D3-BF4B-00C04F79EFBC}") = "ICloneableExample", "ICloneableExample\ICloneableExample.csproj", "{21088ECE-58F7-4DA1-9754-B5B212478655}"
EndProject
Project("{FAE04EC0-301F-11D3-BF4B-00C04F79EFBC}") = "CustomInterface", "CustomInterface\CustomInterface.csproj", "{287819FF-96EC-41E8-B4DA-E9D77B0D2324}"
EndProject
Project("{FAE04EC0-301F-11D3-BF4B-00C04F79EFBC}") = "InterfaceNameClash", "InterfaceNameClash\InterfaceNameClash.csproj", "{150D4228-3F3E-4B9B-AEC5-6F27178513DC}"
EndProject
Project("{FAE04EC0-301F-11D3-BF4B-00C04F79EFBC}") = "InterfaceHierarchy", "InterfaceHierarchy\InterfaceHierarchy.csproj", "{9FBFC91D-7F6A-4A79-A531-B1430CC9D8D1}"
EndProject
Project("{FAE04EC0-301F-11D3-BF4B-00C04F79EFBC}") = "MIInterfaceHierarchy", "MIInterfaceHierarchy\MIInterfaceHierarchy.csproj", "{A5867DD4-D2B2-49A7-A3D9-BA64D02AD7E1}"
EndProject
Project("{FAE04EC0-301F-11D3-BF4B-00C04F79EFBC}") = "CustomEnumerator", "CustomEnumerator\CustomEnumerator.csproj", "{A0231161-96AD-42B2-AF70-7334D561770E}"
EndProject
Project("{FAE04EC0-301F-11D3-BF4B-00C04F79EFBC}") = "CustomEnumeratorWithYield", "CustomEnumeratorWithYield\CustomEnumeratorWithYield.csproj", "{09F94EC5-626D-42D9-82E8-47D143575449}"
EndProject
Project("{FAE04EC0-301F-11D3-BF4B-00C04F79EFBC}") = "CloneablePoint", "CloneablePoint\CloneablePoint.csproj", "{2167A9E8-FE9A-4210-BFF8-D0EF6F531616}"
EndProject
Project("{FAE04EC0-301F-11D3-BF4B-00C04F79EFBC}") = "ComparableCar", "ComparableCar\ComparableCar.csproj", "{5F127AC6-9E7C-4327-ABE4-A959E00726A4}"
EndProject
Project("{FAE04EC0-301F-11D3-BF4B-00C04F79EFBC}") = "IssuesWithNongenericCollections", "IssuesWithNongenericCollections\IssuesWithNongenericCollections.csproj", "{DABB5FAA-30ED-4CFC-8108-859FDA6D9BD6}"
EndProject
Project("{FAE04EC0-301F-11D3-BF4B-00C04F79EFBC}") = "FunWithGenericCollections", "FunWithGenericCollections\FunWithGenericCollections.csproj", "{2A2E4172-DBC8-4497-A65F-1212293318AE}"
EndProject
Project("{FAE04EC0-301F-11D3-BF4B-00C04F79EFBC}") = "FunWithObservableCollection", "FunWithObservableCollection\FunWithObservableCollection.csproj", "{21E06AA8-2392-4C08-B5C5-86366E8C290E}"
EndProject
Project("{FAE04EC0-301F-11D3-BF4B-00C04F79EFBC}") = "CustomGenericMethods", "CustomGenericMethods\CustomGenericMethods.csproj", "{0A5FABE5-6D70-4568-BB2E-BB3185239BA0}"
EndProject
Project("{FAE04EC0-301F-11D3-BF4B-00C04F79EFBC}") = "GenericPoint", "GenericPoint\GenericPoint.csproj", "{D978D750-AEDF-46B5-A52A-1AD330DAFDD9}"
EndProject
Project("{FAE04EC0-301F-11D3-BF4B-00C04F79EFBC}") = "SimpleDelegate", "SimpleDelegate\SimpleDelegate.csproj", "{5435AEE2-A98C-4AFD-BC36-331F76A22430}"
EndProject
Project("{FAE04EC0-301F-11D3-BF4B-00C04F79EFBC}") = "CarDelegate", "CarDelegate\CarDelegate.csproj", "{3AE7B82B-8D8B-407D-BA63-981CD9F5E0CB}"
EndProject
Project("{FAE04EC0-301F-11D3-BF4B-00C04F79EFBC}") = "CarDelegateMethodGroupConversion", "CarDelegateMethodGroupConversion\CarDelegateMethodGroupConversion.csproj", "{27D51101-CD2D-452D-8336-B43738F82F2C}"
EndProject
Project("{FAE04EC0-301F-11D3-BF4B-00C04F79EFBC}") = "GenericDelegate", "GenericDelegate\GenericDelegate.csproj", "{670BA3B3-59EA-412D-963D-7EF4A5EDC80C}"
EndProject
Project("{FAE04EC0-301F-11D3-BF4B-00C04F79EFBC}") = "ActionAndFuncDelegates", "ActionAndFuncDelegates\ActionAndFuncDelegates.csproj", "{FD58BB74-F915-4717-AA70-980D8B091CF0}"
EndProject
Project("{FAE04EC0-301F-11D3-BF4B-00C04F79EFBC}") = "PublicDelegateProblem", "PublicDelegateProblem\PublicDelegateProblem.csproj", "{86DD96A4-CA36-438A-87B5-C17EEF59D22E}"
EndProject
Project("{FAE04EC0-301F-11D3-BF4B-00C04F79EFBC}") = "CarEvents", "CarEvents\CarEvents.csproj", "{323C07AD-C338-4B41-906C-B5BBD921A3AE}"
EndProject
Project("{FAE04EC0-301F-11D3-BF4B-00C04F79EFBC}") = "CarEventArgs", "CarEventArgs\CarEventArgs.csproj", "{B9938A57-0EF8-4186-85EF-2E23BD41598C}"
EndProject
Project("{FAE04EC0-301F-11D3-BF4B-00C04F79EFBC}") = "GenericCarEventArgs", "GenericCarEventArgs\GenericCarEventArgs.csproj", "{6E72222F-F437-4EE2-A030-2C0C6FCBD9FE}"
EndProject
Project("{FAE04EC0-301F-11D3-BF4B-00C04F79EFBC}") = "AnonimousMethods", "AnonimousMethods\AnonimousMethods.csproj", "{BE0A09E1-17A3-4570-8FB4-A7650980E739}"
EndProject
Project("{FAE04EC0-301F-11D3-BF4B-00C04F79EFBC}") = "SimpleLambdaExpressions", "SimpleLambdaExpressions\SimpleLambdaExpressions.csproj", "{19ACBF15-D21A-42A5-AAB6-32E20565DF56}"
EndProject
Project("{FAE04EC0-301F-11D3-BF4B-00C04F79EFBC}") = "LambdaExpressionsMultipleParams", "LambdaExpressionsMultipleParams\LambdaExpressionsMultipleParams.csproj", "{25F5E998-80C2-4793-8EC4-3A85C87E11F4}"
EndProject
Project("{FAE04EC0-301F-11D3-BF4B-00C04F79EFBC}") = "CarEventsWithLambdas", "CarEventsWithLambdas\CarEventsWithLambdas.csproj", "{777F0320-CF1E-4F5C-94CE-ED92F1155214}"
EndProject
Project("{FAE04EC0-301F-11D3-BF4B-00C04F79EFBC}") = "SimpleIndexer", "SimpleIndexer\SimpleIndexer.csproj", "{17F01DA5-CC98-426D-B762-2A57AE82D05D}"
EndProject
Project("{FAE04EC0-301F-11D3-BF4B-00C04F79EFBC}") = "StringIndexer", "StringIndexer\StringIndexer.csproj", "{5EFCF38B-D199-4C9C-9245-051C01EC9A67}"
EndProject
Project("{FAE04EC0-301F-11D3-BF4B-00C04F79EFBC}") = "OverloadedOps", "OverloadedOps\OverloadedOps.csproj", "{F049C89B-9981-4CE2-82AC-654CA4F1BCCA}"
EndProject
Project("{FAE04EC0-301F-11D3-BF4B-00C04F79EFBC}") = "CustomCoversions", "CustomCoversions\CustomCoversions.csproj", "{20D2287A-B90A-4F59-A9B8-E593E63D5C73}"
EndProject
Project("{FAE04EC0-301F-11D3-BF4B-00C04F79EFBC}") = "ExtensionMethods", "ExtensionMethods\ExtensionMethods.csproj", "{2BDBFCF7-A1E7-42E1-98C1-24E21E9818B6}"
EndProject
Project("{FAE04EC0-301F-11D3-BF4B-00C04F79EFBC}") = "InterfaceExtensions", "InterfaceExtensions\InterfaceExtensions.csproj", "{B4F3D7FA-266E-4C62-838F-427A15F33A28}"
EndProject
Project("{FAE04EC0-301F-11D3-BF4B-00C04F79EFBC}") = "AnonimousTypes", "AnonimousTypes\AnonimousTypes.csproj", "{AC59F551-3751-427B-ADBB-68FF16F0D530}"
EndProject
Project("{FAE04EC0-301F-11D3-BF4B-00C04F79EFBC}") = "UnsafeCode", "UnsafeCode\UnsafeCode.csproj", "{4183499C-0C7C-4738-A6C8-D21C9B2FAAEB}"
EndProject
Project("{FAE04EC0-301F-11D3-BF4B-00C04F79EFBC}") = "LinqOverArray", "LinqOverArray\LinqOverArray.csproj", "{FEF686A0-F4B3-48A6-B3C0-B77CA1A67348}"
EndProject
Project("{FAE04EC0-301F-11D3-BF4B-00C04F79EFBC}") = "LinqRetValues", "LinqRetValues\LinqRetValues.csproj", "{6118AA37-E440-4A59-9B91-46866E9DA350}"
EndProject
Project("{FAE04EC0-301F-11D3-BF4B-00C04F79EFBC}") = "LinqOverCollections", "ListOverCollections\LinqOverCollections.csproj", "{D2FA6396-F22C-43AE-880D-A508AAADF6D3}"
EndProject
Project("{FAE04EC0-301F-11D3-BF4B-00C04F79EFBC}") = "FunWithLinqExpressions", "FunWithLinqExpressions\FunWithLinqExpressions.csproj", "{DC4FBF8D-1C9B-4612-BA0E-2A30A351599E}"
EndProject
Project("{FAE04EC0-301F-11D3-BF4B-00C04F79EFBC}") = "LinqUsingEnumerable", "LinqUsingEnumerable\LinqUsingEnumerable.csproj", "{EE665386-F654-4D71-9D80-9AC330D4DCE2}"
EndProject
Project("{FAE04EC0-301F-11D3-BF4B-00C04F79EFBC}") = "SimpleGC", "SimpleGC\SimpleGC.csproj", "{3EAF747A-B331-4776-BCB8-789CF164D2E3}"
EndProject
Project("{FAE04EC0-301F-11D3-BF4B-00C04F79EFBC}") = "SimpleFinalize", "SimpleFinalize\SimpleFinalize.csproj", "{53688403-556E-4395-AC0C-DBFF7BFD2F25}"
EndProject
Project("{FAE04EC0-301F-11D3-BF4B-00C04F79EFBC}") = "SimpleDispose", "SimpleDispose\SimpleDispose.csproj", "{975DC0E6-D1A9-444A-8659-9E8E08C61EDB}"
EndProject
Project("{FAE04EC0-301F-11D3-BF4B-00C04F79EFBC}") = "FinalizableDisposableClass", "FinalizableDisposableClass\FinalizableDisposableClass.csproj", "{53506AA5-9F05-46B4-8DCE-571D36BD672E}"
EndProject
Project("{FAE04EC0-301F-11D3-BF4B-00C04F79EFBC}") = "LazyObjectInstantiation", "LazyObjectInstantiation\LazyObjectInstantiation.csproj", "{A9E3062C-72FE-48E0-BEC6-D12ED2DF4F63}"
EndProject
Project("{FAE04EC0-301F-11D3-BF4B-00C04F79EFBC}") = "CustomNamespaces", "CustomNamespaces\CustomNamespaces.csproj", "{FDA1B8FF-EB33-4C69-9A75-EBBA15CDEAB5}"
EndProject
Project("{FAE04EC0-301F-11D3-BF4B-00C04F79EFBC}") = "CarLibrary", "CarLibrary\CarLibrary.csproj", "{DC19F6CF-A5B7-4D62-9E90-ADB4C228812E}"
EndProject
Project("{FAE04EC0-301F-11D3-BF4B-00C04F79EFBC}") = "CShaprCarClient", "CShaprCarClient\CShaprCarClient.csproj", "{ED39BB5E-40F5-4670-9F26-E7F56DD223D6}"
EndProject
Project("{FAE04EC0-301F-11D3-BF4B-00C04F79EFBC}") = "SharedCarLibClient", "SharedCarLibClient\SharedCarLibClient.csproj", "{CCB40151-6631-475B-9EF4-9106D92360A2}"
EndProject
Project("{FAE04EC0-301F-11D3-BF4B-00C04F79EFBC}") = "CodeBaseClient", "CodeBaseClient\CodeBaseClient.csproj", "{6190140F-A573-491E-88AA-62D694A6F634}"
EndProject
Project("{FAE04EC0-301F-11D3-BF4B-00C04F79EFBC}") = "AppConfigReaderApp", "AppConfigReaderApp\AppConfigReaderApp.csproj", "{188BF5A7-3D4C-44C7-9B3C-660CE0B47431}"
EndProject
Project("{FAE04EC0-301F-11D3-BF4B-00C04F79EFBC}") = "MyTypeViewer", "MyTypeViewer\MyTypeViewer.csproj", "{A7FC9A5C-EFEE-49AC-A9C9-05C30893638F}"
EndProject
Project("{FAE04EC0-301F-11D3-BF4B-00C04F79EFBC}") = "ExternalAssemblyReflector", "ExternalAssemblyReflector\ExternalAssemblyReflector.csproj", "{25B374BD-3B47-463B-A3AB-547E5AE2A55A}"
EndProject
Project("{FAE04EC0-301F-11D3-BF4B-00C04F79EFBC}") = "SharedAsmReflector", "SharedAsmReflector\SharedAsmReflector.csproj", "{3ACD39B5-F118-4848-BFA9-09FFAAEF7090}"
EndProject
Project("{FAE04EC0-301F-11D3-BF4B-00C04F79EFBC}") = "LateBindingApp", "LateBindingApp\LateBindingApp.csproj", "{BBEC0E00-85CE-42A2-9BEC-2F584BFAA191}"
EndProject
Project("{FAE04EC0-301F-11D3-BF4B-00C04F79EFBC}") = "ApplyingAttributes", "ApplyingAttributes\ApplyingAttributes.csproj", "{5630E736-9571-46D9-B180-0CF661CBF0E8}"
EndProject
Project("{FAE04EC0-301F-11D3-BF4B-00C04F79EFBC}") = "AttributedCarLibrary", "AttributedCarLibrary\AttributedCarLibrary.csproj", "{C44014D1-8E48-41B2-8C50-6BB48E06A46D}"
EndProject
Project("{FAE04EC0-301F-11D3-BF4B-00C04F79EFBC}") = "VehicleDescriptionAttributeReader", "VehicleDescriptionAttributeReader\VehicleDescriptionAttributeReader.csproj", "{F3A78EB1-DF6F-47CF-81B4-1C3401AF6B16}"
EndProject
Project("{FAE04EC0-301F-11D3-BF4B-00C04F79EFBC}") = "VehicleDescriptionAttributeReaderLateBinding", "VehicleDescriptionAttributeReaderLateBinding\VehicleDescriptionAttributeReaderLateBinding.csproj", "{3179B3B4-1798-4CC8-B51D-C9F8B1E660F9}"
EndProject
Project("{FAE04EC0-301F-11D3-BF4B-00C04F79EFBC}") = "CommonSnappableTypes", "CommonSnappableTypes\CommonSnappableTypes.csproj", "{8CEA090F-9BFE-4A2D-A60A-68C8456237B0}"
EndProject
Project("{FAE04EC0-301F-11D3-BF4B-00C04F79EFBC}") = "CSharpSnapIn", "CSharpSnapIn\CSharpSnapIn.csproj", "{28FCC9B5-54B3-4D22-B474-5F59E27617DE}"
EndProject
Project("{FAE04EC0-301F-11D3-BF4B-00C04F79EFBC}") = "MyExtendableApp", "MyExtendableApp\MyExtendableApp.csproj", "{C1D9EC53-EA07-4BE6-B986-818CE0CA4181}"
EndProject
Project("{FAE04EC0-301F-11D3-BF4B-00C04F79EFBC}") = "DynamicKeyword", "DynamicKeyword\DynamicKeyword.csproj", "{4764240A-BD6A-41EC-930D-87F7133D99F4}"
EndProject
Project("{FAE04EC0-301F-11D3-BF4B-00C04F79EFBC}") = "LateBindingWithDynamic", "LateBindingWithDynamic\LateBindingWithDynamic.csproj", "{4F2DD5B7-B7C9-49F4-B1A8-38E2FC637435}"
EndProject
Project("{FAE04EC0-301F-11D3-BF4B-00C04F79EFBC}") = "MathLibrary", "MathLibrary\MathLibrary.csproj", "{9E2853D0-6A07-44C8-B23E-554E0623ABEF}"
EndProject
Project("{FAE04EC0-301F-11D3-BF4B-00C04F79EFBC}") = "ExportDataToOfficeApp", "ExportDataToOfficeApp\ExportDataToOfficeApp.csproj", "{236F617B-3B9A-4002-93A9-1074F6F605B7}"
EndProject
Project("{FAE04EC0-301F-11D3-BF4B-00C04F79EFBC}") = "ProcessManipulator", "ProcessManipulator\ProcessManipulator.csproj", "{73E7B2B5-B18C-4918-9B28-49E095E09942}"
EndProject
Project("{FAE04EC0-301F-11D3-BF4B-00C04F79EFBC}") = "DefaultAppDomainApp", "DefaultAppDomainApp\DefaultAppDomainApp.csproj", "{7FA75482-1087-4424-848E-AB98C723D5CC}"
EndProject
Project("{FAE04EC0-301F-11D3-BF4B-00C04F79EFBC}") = "CustomAppDomains", "CustomAppDomains\CustomAppDomains.csproj", "{ADA7C550-B5BD-412D-BE1B-6F8CE92FDC37}"
EndProject
Project("{FAE04EC0-301F-11D3-BF4B-00C04F79EFBC}") = "ObjectContextApp", "ObjectContextApp\ObjectContextApp.csproj", "{44B12AD5-81C4-40FB-A04D-BB7EF236E4BB}"
EndProject
Project("{FAE04EC0-301F-11D3-BF4B-00C04F79EFBC}") = "MyAsmBuilder", "MyAsmBuilder\MyAsmBuilder.csproj", "{739C712E-F784-4B71-BCCB-EFEF7D97F7A1}"
EndProject
Project("{FAE04EC0-301F-11D3-BF4B-00C04F79EFBC}") = "SyncDelegateReview", "SyncDelegateReview\SyncDelegateReview.csproj", "{5B38CED8-74D3-410F-BBDF-8E8A4222C9A8}"
EndProject
Project("{FAE04EC0-301F-11D3-BF4B-00C04F79EFBC}") = "AsyncCallbackDelegate", "AsyncCallbackDelegate\AsyncCallbackDelegate.csproj", "{F80E770B-5C93-43DE-9646-35ABA90CC043}"
EndProject
Project("{FAE04EC0-301F-11D3-BF4B-00C04F79EFBC}") = "ThreadStats", "ThreadStats\ThreadStats.csproj", "{BFF8E52A-E9E1-460E-9FEE-5400FF0A6633}"
EndProject
Project("{FAE04EC0-301F-11D3-BF4B-00C04F79EFBC}") = "SimpleMultiThreadApp", "SimpleMultiThreadApp\SimpleMultiThreadApp.csproj", "{E87EA98D-A50B-42A2-BB36-D7FA70E868F0}"
EndProject
Project("{FAE04EC0-301F-11D3-BF4B-00C04F79EFBC}") = "AddWithThreads", "AddWithThreads\AddWithThreads.csproj", "{579F06A0-B12C-4684-B4AF-1D9E45411DE6}"
EndProject
Project("{FAE04EC0-301F-11D3-BF4B-00C04F79EFBC}") = "MultiThreadedPrinting", "MultiThreadedPrinting\MultiThreadedPrinting.csproj", "{F9364286-940E-4E91-A888-23CAD2E49702}"
EndProject
Project("{FAE04EC0-301F-11D3-BF4B-00C04F79EFBC}") = "TimerApp", "TimerApp\TimerApp.csproj", "{6702A9DA-405D-43B5-B76A-F186132DB9D3}"
EndProject
Project("{FAE04EC0-301F-11D3-BF4B-00C04F79EFBC}") = "ThreadPoolApp", "ThreadPoolApp\ThreadPoolApp.csproj", "{CDD72700-410C-4C8D-B933-CF0497E6D8DF}"
EndProject
Project("{FAE04EC0-301F-11D3-BF4B-00C04F79EFBC}") = "DataParallelismWithForEach", "DataParallelismWithForEach\DataParallelismWithForEach.csproj", "{95DCFC81-26C3-40B0-80DC-3123782751D0}"
EndProject
Project("{FAE04EC0-301F-11D3-BF4B-00C04F79EFBC}") = "MyEBookReader", "MyEBookReader\MyEBookReader.csproj", "{3E199D60-F14F-43CE-894A-DEFB8046FFB4}"
EndProject
Project("{FAE04EC0-301F-11D3-BF4B-00C04F79EFBC}") = "PLINQDataProcessingWithCancellation", "PLINQDataProcessingWithCancellation\PLINQDataProcessingWithCancellation.csproj", "{2EFA6DE9-F8F5-4BC4-AEE5-1897097C206B}"
EndProject
Project("{FAE04EC0-301F-11D3-BF4B-00C04F79EFBC}") = "FunWithCSharpAsync", "FunWithCSharpAsync\FunWithCSharpAsync.csproj", "{4943A0F3-2553-4B01-953F-90F557214D0F}"
EndProject
Project("{FAE04EC0-301F-11D3-BF4B-00C04F79EFBC}") = "AddWithThreadsAsync", "AddWithThreadsAsync\AddWithThreadsAsync.csproj", "{B49F6451-1080-431D-B1DF-0904D1AF044F}"
EndProject
Project("{FAE04EC0-301F-11D3-BF4B-00C04F79EFBC}") = "DirectoryApp", "DirectoryApp\DirectoryApp.csproj", "{75DB6201-A2AA-437E-A7F6-94F5FD925FFC}"
EndProject
Project("{FAE04EC0-301F-11D3-BF4B-00C04F79EFBC}") = "DriveInfoApp", "DriveInfoApp\DriveInfoApp.csproj", "{4A02A65B-C80B-4A56-A46B-4C27D978326D}"
EndProject
Project("{FAE04EC0-301F-11D3-BF4B-00C04F79EFBC}") = "SimpleFileIO", "SimpleFileIO\SimpleFileIO.csproj", "{4EB8A82A-96DE-47F0-92E2-F0FB986EF103}"
EndProject
Project("{FAE04EC0-301F-11D3-BF4B-00C04F79EFBC}") = "FileStreamApp", "FileStreamApp\FileStreamApp.csproj", "{999F3047-A6D6-43AA-8B86-8E360DF38397}"
EndProject
Project("{FAE04EC0-301F-11D3-BF4B-00C04F79EFBC}") = "StreamWriterReaderApp", "StreamWriterReaderApp\StreamWriterReaderApp.csproj", "{DB8BABBD-2824-4ABB-8410-93DC3D240B8C}"
EndProject
Project("{FAE04EC0-301F-11D3-BF4B-00C04F79EFBC}") = "StringReaderWriterApp", "StringReaderWriterApp\StringReaderWriterApp.csproj", "{3E66C360-6285-45C0-8F7A-D4B4687F4904}"
EndProject
Project("{FAE04EC0-301F-11D3-BF4B-00C04F79EFBC}") = "BinaryWriterReader", "BinaryWriterReader\BinaryWriterReader.csproj", "{A207CA07-E003-40A9-9D8D-C27BB918544A}"
EndProject
Project("{FAE04EC0-301F-11D3-BF4B-00C04F79EFBC}") = "MyDirectoryWatcher", "MyDirectoryWatcher\MyDirectoryWatcher.csproj", "{63F8D32B-BD8D-47B6-9924-F43BC2949D7F}"
EndProject
Project("{FAE04EC0-301F-11D3-BF4B-00C04F79EFBC}") = "SimpleSerialize", "SimpleSerialize\SimpleSerialize.csproj", "{45698ACC-D4A7-420F-82AA-CC6BE63369F1}"
EndProject
Project("{FAE04EC0-301F-11D3-BF4B-00C04F79EFBC}") = "CustomSerialization", "CustomSerialization\CustomSerialization.csproj", "{4C476765-C7AA-41EC-8F60-A56B43FB7853}"
EndProject
Project("{FAE04EC0-301F-11D3-BF4B-00C04F79EFBC}") = "MyConnectionFactory", "MyConnectionFactory\MyConnectionFactory.csproj", "{E7B7EA82-1BDD-411C-AE3D-CBE6307D6206}"
EndProject
Project("{FAE04EC0-301F-11D3-BF4B-00C04F79EFBC}") = "DataProviderFactory", "DataProviderFactory\DataProviderFactory.csproj", "{E19E6EB3-AC10-4797-A5FE-E7D738C0C17D}"
EndProject
Project("{FAE04EC0-301F-11D3-BF4B-00C04F79EFBC}") = "AutoLotDataReader", "AutoLotDataReader\AutoLotDataReader.csproj", "{1A42ECEB-94FD-4207-BB0A-B7ACFF2CED52}"
EndProject
Project("{FAE04EC0-301F-11D3-BF4B-00C04F79EFBC}") = "AutoLotDAL", "AutoLotDAL\AutoLotDAL.csproj", "{9771A628-68FB-4677-90B1-C992155FE30F}"
EndProject
Project("{FAE04EC0-301F-11D3-BF4B-00C04F79EFBC}") = "AutoLotCUIClient", "AutoLotCUIClient\AutoLotCUIClient.csproj", "{369701D3-AF0B-4AF7-9239-A9EAE288CA85}"
EndProject
Project("{FAE04EC0-301F-11D3-BF4B-00C04F79EFBC}") = "AdoNetTransaction", "AdoNetTransaction\AdoNetTransaction.csproj", "{94B400A0-36CF-4D02-81A3-A8979F306C32}"
EndProject
Project("{FAE04EC0-301F-11D3-BF4B-00C04F79EFBC}") = "SimpleDataSet", "SimpleDataSet\SimpleDataSet.csproj", "{40D6FB08-5CCF-4595-A17F-C4502B382327}"
EndProject
Project("{FAE04EC0-301F-11D3-BF4B-00C04F79EFBC}") = "WindowsFormsDataBinding", "WindowsFormsDataBinding\WindowsFormsDataBinding.csproj", "{18096A88-0D3B-4B09-91D8-228020C7E9C8}"
EndProject
Project("{FAE04EC0-301F-11D3-BF4B-00C04F79EFBC}") = "FillDataSetUsingSqlDataAdapter", "FillDataSetUsingSqlDataAdapter\FillDataSetUsingSqlDataAdapter.csproj", "{632089DF-6DD7-462E-A94E-375C2B9623AE}"
EndProject
Project("{FAE04EC0-301F-11D3-BF4B-00C04F79EFBC}") = "MultitabledDataSetApp", "MultitabledDataSetApp\MultitabledDataSetApp.csproj", "{ABDA47FE-224B-47B1-B4D1-EB923D7A74F5}"
EndProject
Project("{FAE04EC0-301F-11D3-BF4B-00C04F79EFBC}") = "StronglyTypedDataSetConsoleClient", "StronglyTypedDataSetConsoleClient\StronglyTypedDataSetConsoleClient.csproj", "{8ADBFFEC-C93E-45FF-A2D0-0A61AD6B8F92}"
EndProject
Project("{FAE04EC0-301F-11D3-BF4B-00C04F79EFBC}") = "LinqToDataSetApp", "LinqToDataSetApp\LinqToDataSetApp.csproj", "{844F9CB6-2919-4245-955F-9D1D22BFDCCA}"
EndProject
Project("{FAE04EC0-301F-11D3-BF4B-00C04F79EFBC}") = "AutoLotConsoleApp", "AutoLotConsoleApp\AutoLotConsoleApp.csproj", "{C9160DFF-0603-470D-A70E-823F42B4A7A3}"
EndProject
Project("{FAE04EC0-301F-11D3-BF4B-00C04F79EFBC}") = "AutoLotTestDrive", "AutoLotTestDrive\AutoLotTestDrive.csproj", "{4C7C75F7-1AD4-4575-B670-3594823B7A60}"
EndProject
Project("{FAE04EC0-301F-11D3-BF4B-00C04F79EFBC}") = "LinqToXmlFirstLook", "LinqToXmlFirstLook\LinqToXmlFirstLook.csproj", "{E9C2D15F-0F36-4CE5-AC52-9FAA2CA33A8D}"
EndProject
Project("{FAE04EC0-301F-11D3-BF4B-00C04F79EFBC}") = "ConstructingXmlDocs", "ConstructingXmlDocs\ConstructingXmlDocs.csproj", "{FFE25A8E-EABB-49DA-84BC-3CD3D36C8B1C}"
EndProject
Project("{FAE04EC0-301F-11D3-BF4B-00C04F79EFBC}") = "LinqToXmlWinApp", "LinqToXmlWinApp\LinqToXmlWinApp.csproj", "{24EFD1D3-9584-4DDD-ACB9-1A2499C5A74C}"
EndProject
Project("{FAE04EC0-301F-11D3-BF4B-00C04F79EFBC}") = "WpfAppAllCode", "WpfAppAllCode\WpfAppAllCode.csproj", "{54465553-78DF-4663-A94D-658EFE3444EB}"
EndProject
Project("{FAE04EC0-301F-11D3-BF4B-00C04F79EFBC}") = "WpfTesterApp", "WpfTesterApp\WpfTesterApp.csproj", "{6B7E37EF-171E-4FE2-BD2D-1168F01950B0}"
EndProject
Project("{FAE04EC0-301F-11D3-BF4B-00C04F79EFBC}") = "MyXamlPad", "MyXamlPad\MyXamlPad.csproj", "{21542009-30D0-4A71-A1EF-49A12F64ABBB}"
EndProject
Project("{FAE04EC0-301F-11D3-BF4B-00C04F79EFBC}") = "VisualLayoutTesterApp", "VisualLayoutTesterApp\VisualLayoutTesterApp.csproj", "{5F8DFC83-C02F-45BA-8825-5109D96F9CE0}"
EndProject
Project("{FAE04EC0-301F-11D3-BF4B-00C04F79EFBC}") = "MyWordPad", "MyWordPad\MyWordPad.csproj", "{18A0CFC2-0FC6-4BF3-ABD6-76321B882451}"
EndProject
Project("{FAE04EC0-301F-11D3-BF4B-00C04F79EFBC}") = "WpfRoutedEvents", "WpfRoutedEvents\WpfRoutedEvents.csproj", "{FBEFE90D-BF52-4C99-9AC6-359AB39C60C3}"
EndProject
Project("{FAE04EC0-301F-11D3-BF4B-00C04F79EFBC}") = "WpfControlsAndAPIs", "WpfControlsAndAPIs\WpfControlsAndAPIs.csproj", "{24978DF1-269F-4260-ABBE-21F805A29FD4}"
EndProject
Project("{FAE04EC0-301F-11D3-BF4B-00C04F79EFBC}") = "CustomDepPropApp", "CustomDepPropApp\CustomDepPropApp.csproj", "{09FC7245-70E8-4D67-93B7-AA2B7A7ADC66}"
EndProject
Project("{FAE04EC0-301F-11D3-BF4B-00C04F79EFBC}") = "RenderingWithShapes", "RenderingWithShapes\RenderingWithShapes.csproj", "{3F02A66F-2BA9-4D98-B12B-A1E0335861FB}"
EndProject
Project("{FAE04EC0-301F-11D3-BF4B-00C04F79EFBC}") = "FunWithTransforms", "FunWithTransforms\FunWithTransforms.csproj", "{E9A809A5-4094-4715-9898-90E52CB8EDB9}"
EndProject
Project("{FAE04EC0-301F-11D3-BF4B-00C04F79EFBC}") = "InteractiveLaserSign", "InteractiveLaserSign\InteractiveLaserSign.csproj", "{3773954E-6CD4-491A-A54B-5571236017F2}"
EndProject
Project("{FAE04EC0-301F-11D3-BF4B-00C04F79EFBC}") = "RenderingWithVisuals", "RenderingWithVisuals\RenderingWithVisuals.csproj", "{ABBBE1FF-C6B3-458C-8090-15023BC41ACA}"
EndProject
Project("{FAE04EC0-301F-11D3-BF4B-00C04F79EFBC}") = "BinaryResourcesApp", "BinaryResourcesApp\BinaryResourcesApp.csproj", "{DE6A728B-844E-4E70-9076-7FD7545F1D5D}"
EndProject
Project("{FAE04EC0-301F-11D3-BF4B-00C04F79EFBC}") = "ObjectResourcesApp", "ObjectResourcesApp\ObjectResourcesApp.csproj", "{7C513FEF-3C6D-4DA9-8597-752A21CE6B80}"
EndProject
Project("{FAE04EC0-301F-11D3-BF4B-00C04F79EFBC}") = "MyBrushesLibrary", "MyBrushesLibrary\MyBrushesLibrary.csproj", "{3C1147E4-3AB1-4DAA-951E-80A980CA0AB0}"
EndProject
Project("{FAE04EC0-301F-11D3-BF4B-00C04F79EFBC}") = "SpinningButtonAnimationApp", "SpinningButtonAnimationApp\SpinningButtonAnimationApp.csproj", "{DFC5DD7B-FBFF-4BE9-8EB4-CBE98649B1F2}"
EndProject
Project("{FAE04EC0-301F-11D3-BF4B-00C04F79EFBC}") = "WpfStyles", "WpfStyles\WpfStyles.csproj", "{5A90CF30-5515-42BC-9A82-10B075ED35A1}"
EndProject
Project("{FAE04EC0-301F-11D3-BF4B-00C04F79EFBC}") = "TreesAndTemplatesApp", "TreesAndTemplatesApp\TreesAndTemplatesApp.csproj", "{BD7492EC-F49D-437A-8986-1D055C90E246}"
EndProject
Project("{FAE04EC0-301F-11D3-BF4B-00C04F79EFBC}") = "ButtonTemplate", "ButtonTemplate\ButtonTemplate.csproj", "{121807F7-FC5A-4DBF-ABB5-58F619B7BE35}"
EndProject
Project("{FAE04EC0-301F-11D3-BF4B-00C04F79EFBC}") = "WpfNotifications", "Notifications\WpfNotifications.csproj", "{7E29721E-D8D4-4834-972C-10CD1E1DB3ED}"
EndProject
Project("{FAE04EC0-301F-11D3-BF4B-00C04F79EFBC}") = "FunWithLocalFunctions", "FunWithLocalFunctions\FunWithLocalFunctions.csproj", "{6ACDC4C8-F41F-4A5C-A4BF-69F2A679F9A4}"
EndProject
Project("{FAE04EC0-301F-11D3-BF4B-00C04F79EFBC}") = "FunWithTuples", "FunWithTuples\FunWithTuples.csproj", "{E9423F54-8E6B-4902-AB52-6B5359D51EBF}"
EndProject
Project("{FAE04EC0-301F-11D3-BF4B-00C04F79EFBC}") = "AutoLotClient", "AutoLotClient\AutoLotClient.csproj", "{8FA39379-861B-4EB5-89DD-85D0516D4828}"
EndProject
Project("{9A19103F-16F7-4668-BE54-9A1E7A4F7556}") = "AutoLotDALCore", "AutoLotDALCore\AutoLotDALCore.csproj", "{004CE87A-86D2-4965-AAB5-A7AD5E07D8C1}"
EndProject
Project("{9A19103F-16F7-4668-BE54-9A1E7A4F7556}") = "AutoLotDALCoreTestDriver", "AutoLotDALCoreTestDriver\AutoLotDALCoreTestDriver.csproj", "{162A651B-F5DB-46DD-998C-F8A09495968B}"
EndProject
Project("{9A19103F-16F7-4668-BE54-9A1E7A4F7556}") = "PartyInvites", "PartyInvites\PartyInvites.csproj", "{3AF95349-0657-43E3-9C2F-24D684A5BD8A}"
EndProject
Project("{9A19103F-16F7-4668-BE54-9A1E7A4F7556}") = "Razor", "Razor\Razor\Razor.csproj", "{9F3AC883-40F7-4DEA-AF5A-C16705764224}"
EndProject
Project("{9A19103F-16F7-4668-BE54-9A1E7A4F7556}") = "WorkingWithVisualStudio", "WorkingWithVisualStudio\WorkingWithVisualStudio.csproj", "{6A7C8986-D291-45E5-9438-7DF290F60F57}"
EndProject
Project("{9A19103F-16F7-4668-BE54-9A1E7A4F7556}") = "WorkingWithVisualStudio.Tests", "WorkingWithVisualStudio.Tests\WorkingWithVisualStudio.Tests.csproj", "{1E9EF3CB-C7DE-48F3-9BB5-E89BF6440E9B}"
EndProject
Project("{9A19103F-16F7-4668-BE54-9A1E7A4F7556}") = "SportsStore", "SportsStore\SportsStore.csproj", "{022A9FCC-CAA7-4FA6-AD76-0BF0BCDE4B0C}"
EndProject
Project("{9A19103F-16F7-4668-BE54-9A1E7A4F7556}") = "SportsStore.Tests", "SportsStore.Tests\SportsStore.Tests.csproj", "{5FB152B0-3EF2-4FF4-980E-1CFEAF34C7B2}"
EndProject
Project("{9A19103F-16F7-4668-BE54-9A1E7A4F7556}") = "ConfiguringApps", "ConfiguringApps\ConfiguringApps.csproj", "{1667C4B2-D84E-476E-81CD-4DDEB8988ADE}"
EndProject
Project("{9A19103F-16F7-4668-BE54-9A1E7A4F7556}") = "UrlsAndRoutes", "UrlsAndRoutes\UrlsAndRoutes.csproj", "{DC563373-47DE-4A80-A6B5-825AE4B4C8B8}"
EndProject
Project("{9A19103F-16F7-4668-BE54-9A1E7A4F7556}") = "ControllersAndActions", "ControllersAndActions\ControllersAndActions.csproj", "{96FB9196-07CF-4457-9FBA-19B4C2BF1966}"
EndProject
Project("{9A19103F-16F7-4668-BE54-9A1E7A4F7556}") = "ControllersAndActions.Tests", "ControllersAndActions.Tests\ControllersAndActions.Tests.csproj", "{7D35DA25-B51F-4305-A4A6-E14C36C29F5C}"
EndProject
Project("{9A19103F-16F7-4668-BE54-9A1E7A4F7556}") = "DependencyInjection", "DependencyInjection\DependencyInjection.csproj", "{54498677-BDB7-4C2C-96CC-96B8208BC309}"
EndProject
Project("{9A19103F-16F7-4668-BE54-9A1E7A4F7556}") = "Filters", "Filters\Filters.csproj", "{EC6AAB49-35AD-4811-88B2-0E0B1BF7542D}"
EndProject
Project("{9A19103F-16F7-4668-BE54-9A1E7A4F7556}") = "Filters.Tests", "Filters.Tests\Filters.Tests.csproj", "{4FB9FE71-EA6F-44DF-BDBC-14C51FF1CF89}"
EndProject
Project("{9A19103F-16F7-4668-BE54-9A1E7A4F7556}") = "ApiControllers", "ApiControllers\ApiControllers.csproj", "{D3B07138-57A5-4575-8705-13C4574D2FE3}"
EndProject
Project("{9A19103F-16F7-4668-BE54-9A1E7A4F7556}") = "Views", "Views\Views.csproj", "{693CF3DC-5DEB-46B1-B1D0-93172B2068C9}"
EndProject
Project("{9A19103F-16F7-4668-BE54-9A1E7A4F7556}") = "UsingViewComponents", "UsingViewComponents\UsingViewComponents.csproj", "{FDA5AA77-F265-42CD-9A1D-B750E174D27D}"
EndProject
Project("{9A19103F-16F7-4668-BE54-9A1E7A4F7556}") = "UsingViewComponents.Tests", "UsingViewComponents.Tests\UsingViewComponents.Tests.csproj", "{4B91D9F5-F34E-476A-AFD7-7571E8B1A5C7}"
EndProject
Project("{9A19103F-16F7-4668-BE54-9A1E7A4F7556}") = "Cities", "Cities\Cities.csproj", "{7F1AA2B9-4FCC-4643-9978-F669911D3809}"
EndProject
Project("{9A19103F-16F7-4668-BE54-9A1E7A4F7556}") = "Cities.Tests", "Cities.Tests\Cities.Tests.csproj", "{934C2704-1D45-4DD3-9E3F-981D83DFA5F1}"
EndProject
Project("{9A19103F-16F7-4668-BE54-9A1E7A4F7556}") = "MvcModels", "MvcModels\MvcModels.csproj", "{3CF0BF59-1CFA-439B-B78A-DAEC25D5B62A}"
EndProject
Project("{9A19103F-16F7-4668-BE54-9A1E7A4F7556}") = "ModelValidation", "ModelValidation\ModelValidation.csproj", "{1CB0CD39-31C3-4C43-8DE5-3D5E4BBFF283}"
EndProject
Project("{9A19103F-16F7-4668-BE54-9A1E7A4F7556}") = "Users", "Users\Users.csproj", "{BE130F77-9D1B-4CC2-8DCA-9435DFDB6E12}"
EndProject
Project("{9A19103F-16F7-4668-BE54-9A1E7A4F7556}") = "ConventionsAndConstraints", "ConventionsAndConstraints\ConventionsAndConstraints.csproj", "{6A37A4FF-DFDA-4564-8243-08BFD7A043D7}"
EndProject
Project("{FAE04EC0-301F-11D3-BF4B-00C04F79EFBC}") = "SimpleCSharpApp", "SimpleCSharpApp\SimpleCSharpApp.csproj", "{54C2ED18-8FE8-4D76-811A-9E92B5B5E1A1}"
EndProject
Global
	GlobalSection(SolutionConfigurationPlatforms) = preSolution
		Debug|Any CPU = Debug|Any CPU
		Release|Any CPU = Release|Any CPU
	EndGlobalSection
	GlobalSection(ProjectConfigurationPlatforms) = postSolution
		{9A534D90-E54C-45FF-983F-633AC6DF7855}.Debug|Any CPU.ActiveCfg = Debug|Any CPU
		{9A534D90-E54C-45FF-983F-633AC6DF7855}.Debug|Any CPU.Build.0 = Debug|Any CPU
		{9A534D90-E54C-45FF-983F-633AC6DF7855}.Release|Any CPU.ActiveCfg = Release|Any CPU
		{9A534D90-E54C-45FF-983F-633AC6DF7855}.Release|Any CPU.Build.0 = Release|Any CPU
		{18D6CB10-10F0-437E-87B7-9D54D69F8E9B}.Debug|Any CPU.ActiveCfg = Debug|Any CPU
		{18D6CB10-10F0-437E-87B7-9D54D69F8E9B}.Debug|Any CPU.Build.0 = Debug|Any CPU
		{18D6CB10-10F0-437E-87B7-9D54D69F8E9B}.Release|Any CPU.ActiveCfg = Release|Any CPU
		{18D6CB10-10F0-437E-87B7-9D54D69F8E9B}.Release|Any CPU.Build.0 = Release|Any CPU
		{4CBB9280-8573-4EDB-A9FC-B90C86004A7B}.Debug|Any CPU.ActiveCfg = Debug|Any CPU
		{4CBB9280-8573-4EDB-A9FC-B90C86004A7B}.Debug|Any CPU.Build.0 = Debug|Any CPU
		{4CBB9280-8573-4EDB-A9FC-B90C86004A7B}.Release|Any CPU.ActiveCfg = Release|Any CPU
		{4CBB9280-8573-4EDB-A9FC-B90C86004A7B}.Release|Any CPU.Build.0 = Release|Any CPU
		{578D8DBB-F656-4354-9929-71B014F355CA}.Debug|Any CPU.ActiveCfg = Debug|Any CPU
		{578D8DBB-F656-4354-9929-71B014F355CA}.Debug|Any CPU.Build.0 = Debug|Any CPU
		{578D8DBB-F656-4354-9929-71B014F355CA}.Release|Any CPU.ActiveCfg = Release|Any CPU
		{578D8DBB-F656-4354-9929-71B014F355CA}.Release|Any CPU.Build.0 = Release|Any CPU
		{FD32776C-B743-4EF4-BD34-92CFE3D3013D}.Debug|Any CPU.ActiveCfg = Debug|Any CPU
		{FD32776C-B743-4EF4-BD34-92CFE3D3013D}.Debug|Any CPU.Build.0 = Debug|Any CPU
		{FD32776C-B743-4EF4-BD34-92CFE3D3013D}.Release|Any CPU.ActiveCfg = Release|Any CPU
		{FD32776C-B743-4EF4-BD34-92CFE3D3013D}.Release|Any CPU.Build.0 = Release|Any CPU
		{A1DC584B-4A2F-440A-A8E0-A873F46DECFF}.Debug|Any CPU.ActiveCfg = Debug|Any CPU
		{A1DC584B-4A2F-440A-A8E0-A873F46DECFF}.Debug|Any CPU.Build.0 = Debug|Any CPU
		{A1DC584B-4A2F-440A-A8E0-A873F46DECFF}.Release|Any CPU.ActiveCfg = Release|Any CPU
		{A1DC584B-4A2F-440A-A8E0-A873F46DECFF}.Release|Any CPU.Build.0 = Release|Any CPU
		{D56C9F84-0F9C-4FA2-BF66-2E406B302427}.Debug|Any CPU.ActiveCfg = Debug|Any CPU
		{D56C9F84-0F9C-4FA2-BF66-2E406B302427}.Debug|Any CPU.Build.0 = Debug|Any CPU
		{D56C9F84-0F9C-4FA2-BF66-2E406B302427}.Release|Any CPU.ActiveCfg = Release|Any CPU
		{D56C9F84-0F9C-4FA2-BF66-2E406B302427}.Release|Any CPU.Build.0 = Release|Any CPU
		{C342BD82-331B-48EB-B067-2F9FED636245}.Debug|Any CPU.ActiveCfg = Debug|Any CPU
		{C342BD82-331B-48EB-B067-2F9FED636245}.Debug|Any CPU.Build.0 = Debug|Any CPU
		{C342BD82-331B-48EB-B067-2F9FED636245}.Release|Any CPU.ActiveCfg = Release|Any CPU
		{C342BD82-331B-48EB-B067-2F9FED636245}.Release|Any CPU.Build.0 = Release|Any CPU
		{301C125D-BCEE-482C-B0DC-4F3FF95AA201}.Debug|Any CPU.ActiveCfg = Debug|Any CPU
		{301C125D-BCEE-482C-B0DC-4F3FF95AA201}.Debug|Any CPU.Build.0 = Debug|Any CPU
		{301C125D-BCEE-482C-B0DC-4F3FF95AA201}.Release|Any CPU.ActiveCfg = Release|Any CPU
		{301C125D-BCEE-482C-B0DC-4F3FF95AA201}.Release|Any CPU.Build.0 = Release|Any CPU
		{5E71AE32-CC81-41BA-8ED2-B4E30C9DF1B2}.Debug|Any CPU.ActiveCfg = Debug|Any CPU
		{5E71AE32-CC81-41BA-8ED2-B4E30C9DF1B2}.Debug|Any CPU.Build.0 = Debug|Any CPU
		{5E71AE32-CC81-41BA-8ED2-B4E30C9DF1B2}.Release|Any CPU.ActiveCfg = Release|Any CPU
		{5E71AE32-CC81-41BA-8ED2-B4E30C9DF1B2}.Release|Any CPU.Build.0 = Release|Any CPU
		{EAC8CC8D-903F-4B91-A113-3DDE26E2B4FF}.Debug|Any CPU.ActiveCfg = Debug|Any CPU
		{EAC8CC8D-903F-4B91-A113-3DDE26E2B4FF}.Debug|Any CPU.Build.0 = Debug|Any CPU
		{EAC8CC8D-903F-4B91-A113-3DDE26E2B4FF}.Release|Any CPU.ActiveCfg = Release|Any CPU
		{EAC8CC8D-903F-4B91-A113-3DDE26E2B4FF}.Release|Any CPU.Build.0 = Release|Any CPU
		{3C99CB03-281B-41F2-B2D4-86638233E513}.Debug|Any CPU.ActiveCfg = Debug|Any CPU
		{3C99CB03-281B-41F2-B2D4-86638233E513}.Debug|Any CPU.Build.0 = Debug|Any CPU
		{3C99CB03-281B-41F2-B2D4-86638233E513}.Release|Any CPU.ActiveCfg = Release|Any CPU
		{3C99CB03-281B-41F2-B2D4-86638233E513}.Release|Any CPU.Build.0 = Release|Any CPU
		{7E1EB6C1-3E70-4130-869F-0A2E5DC1D7A5}.Debug|Any CPU.ActiveCfg = Debug|Any CPU
		{7E1EB6C1-3E70-4130-869F-0A2E5DC1D7A5}.Debug|Any CPU.Build.0 = Debug|Any CPU
		{7E1EB6C1-3E70-4130-869F-0A2E5DC1D7A5}.Release|Any CPU.ActiveCfg = Release|Any CPU
		{7E1EB6C1-3E70-4130-869F-0A2E5DC1D7A5}.Release|Any CPU.Build.0 = Release|Any CPU
		{E7DE016C-5176-400F-942E-15BD23D94E07}.Debug|Any CPU.ActiveCfg = Debug|Any CPU
		{E7DE016C-5176-400F-942E-15BD23D94E07}.Debug|Any CPU.Build.0 = Debug|Any CPU
		{E7DE016C-5176-400F-942E-15BD23D94E07}.Release|Any CPU.ActiveCfg = Release|Any CPU
		{E7DE016C-5176-400F-942E-15BD23D94E07}.Release|Any CPU.Build.0 = Release|Any CPU
		{01F9A1B3-0D2D-4C37-AFEF-EB2E127F1CB0}.Debug|Any CPU.ActiveCfg = Debug|Any CPU
		{01F9A1B3-0D2D-4C37-AFEF-EB2E127F1CB0}.Debug|Any CPU.Build.0 = Debug|Any CPU
		{01F9A1B3-0D2D-4C37-AFEF-EB2E127F1CB0}.Release|Any CPU.ActiveCfg = Release|Any CPU
		{01F9A1B3-0D2D-4C37-AFEF-EB2E127F1CB0}.Release|Any CPU.Build.0 = Release|Any CPU
		{8C5BF9FA-FC78-44D7-927D-1D1F39A8CDF7}.Debug|Any CPU.ActiveCfg = Debug|Any CPU
		{8C5BF9FA-FC78-44D7-927D-1D1F39A8CDF7}.Debug|Any CPU.Build.0 = Debug|Any CPU
		{8C5BF9FA-FC78-44D7-927D-1D1F39A8CDF7}.Release|Any CPU.ActiveCfg = Release|Any CPU
		{8C5BF9FA-FC78-44D7-927D-1D1F39A8CDF7}.Release|Any CPU.Build.0 = Release|Any CPU
		{F1972F26-7160-4770-A331-5FAFAC582F64}.Debug|Any CPU.ActiveCfg = Debug|Any CPU
		{F1972F26-7160-4770-A331-5FAFAC582F64}.Debug|Any CPU.Build.0 = Debug|Any CPU
		{F1972F26-7160-4770-A331-5FAFAC582F64}.Release|Any CPU.ActiveCfg = Release|Any CPU
		{F1972F26-7160-4770-A331-5FAFAC582F64}.Release|Any CPU.Build.0 = Release|Any CPU
		{33A78D21-6B2B-40FD-93F8-36223EBAB386}.Debug|Any CPU.ActiveCfg = Debug|Any CPU
		{33A78D21-6B2B-40FD-93F8-36223EBAB386}.Debug|Any CPU.Build.0 = Debug|Any CPU
		{33A78D21-6B2B-40FD-93F8-36223EBAB386}.Release|Any CPU.ActiveCfg = Release|Any CPU
		{33A78D21-6B2B-40FD-93F8-36223EBAB386}.Release|Any CPU.Build.0 = Release|Any CPU
		{016D2D4B-403C-4E72-AC6E-3CA261087540}.Debug|Any CPU.ActiveCfg = Debug|Any CPU
		{016D2D4B-403C-4E72-AC6E-3CA261087540}.Debug|Any CPU.Build.0 = Debug|Any CPU
		{016D2D4B-403C-4E72-AC6E-3CA261087540}.Release|Any CPU.ActiveCfg = Release|Any CPU
		{016D2D4B-403C-4E72-AC6E-3CA261087540}.Release|Any CPU.Build.0 = Release|Any CPU
		{C7DC4686-CF66-4E7E-AB98-D5BDF84D9144}.Debug|Any CPU.ActiveCfg = Debug|Any CPU
		{C7DC4686-CF66-4E7E-AB98-D5BDF84D9144}.Debug|Any CPU.Build.0 = Debug|Any CPU
		{C7DC4686-CF66-4E7E-AB98-D5BDF84D9144}.Release|Any CPU.ActiveCfg = Release|Any CPU
		{C7DC4686-CF66-4E7E-AB98-D5BDF84D9144}.Release|Any CPU.Build.0 = Release|Any CPU
		{99981F34-A52C-4B81-911E-8F738288DABA}.Debug|Any CPU.ActiveCfg = Debug|Any CPU
		{99981F34-A52C-4B81-911E-8F738288DABA}.Debug|Any CPU.Build.0 = Debug|Any CPU
		{99981F34-A52C-4B81-911E-8F738288DABA}.Release|Any CPU.ActiveCfg = Release|Any CPU
		{99981F34-A52C-4B81-911E-8F738288DABA}.Release|Any CPU.Build.0 = Release|Any CPU
		{7840A6E5-E865-4541-8ACD-1F66BB35715A}.Debug|Any CPU.ActiveCfg = Debug|Any CPU
		{7840A6E5-E865-4541-8ACD-1F66BB35715A}.Debug|Any CPU.Build.0 = Debug|Any CPU
		{7840A6E5-E865-4541-8ACD-1F66BB35715A}.Release|Any CPU.ActiveCfg = Release|Any CPU
		{7840A6E5-E865-4541-8ACD-1F66BB35715A}.Release|Any CPU.Build.0 = Release|Any CPU
		{13E0EAC9-C099-49DE-B07D-FDA4513845FD}.Debug|Any CPU.ActiveCfg = Debug|Any CPU
		{13E0EAC9-C099-49DE-B07D-FDA4513845FD}.Debug|Any CPU.Build.0 = Debug|Any CPU
		{13E0EAC9-C099-49DE-B07D-FDA4513845FD}.Release|Any CPU.ActiveCfg = Release|Any CPU
		{13E0EAC9-C099-49DE-B07D-FDA4513845FD}.Release|Any CPU.Build.0 = Release|Any CPU
		{C6765B47-FB42-4D3A-819C-0B3C704584A4}.Debug|Any CPU.ActiveCfg = Debug|Any CPU
		{C6765B47-FB42-4D3A-819C-0B3C704584A4}.Debug|Any CPU.Build.0 = Debug|Any CPU
		{C6765B47-FB42-4D3A-819C-0B3C704584A4}.Release|Any CPU.ActiveCfg = Release|Any CPU
		{C6765B47-FB42-4D3A-819C-0B3C704584A4}.Release|Any CPU.Build.0 = Release|Any CPU
		{C9CB95F6-84FB-411C-8894-1AFFE3E6224B}.Debug|Any CPU.ActiveCfg = Debug|Any CPU
		{C9CB95F6-84FB-411C-8894-1AFFE3E6224B}.Debug|Any CPU.Build.0 = Debug|Any CPU
		{C9CB95F6-84FB-411C-8894-1AFFE3E6224B}.Release|Any CPU.ActiveCfg = Release|Any CPU
		{C9CB95F6-84FB-411C-8894-1AFFE3E6224B}.Release|Any CPU.Build.0 = Release|Any CPU
		{929E4963-1227-4858-8F87-7AC0470329EA}.Debug|Any CPU.ActiveCfg = Debug|Any CPU
		{929E4963-1227-4858-8F87-7AC0470329EA}.Debug|Any CPU.Build.0 = Debug|Any CPU
		{929E4963-1227-4858-8F87-7AC0470329EA}.Release|Any CPU.ActiveCfg = Release|Any CPU
		{929E4963-1227-4858-8F87-7AC0470329EA}.Release|Any CPU.Build.0 = Release|Any CPU
		{0587996C-A2F8-4618-92C6-3E36EF1DBF83}.Debug|Any CPU.ActiveCfg = Debug|Any CPU
		{0587996C-A2F8-4618-92C6-3E36EF1DBF83}.Debug|Any CPU.Build.0 = Debug|Any CPU
		{0587996C-A2F8-4618-92C6-3E36EF1DBF83}.Release|Any CPU.ActiveCfg = Release|Any CPU
		{0587996C-A2F8-4618-92C6-3E36EF1DBF83}.Release|Any CPU.Build.0 = Release|Any CPU
		{71E16104-9228-46E4-B404-09F8B1BC2E91}.Debug|Any CPU.ActiveCfg = Debug|Any CPU
		{71E16104-9228-46E4-B404-09F8B1BC2E91}.Debug|Any CPU.Build.0 = Debug|Any CPU
		{71E16104-9228-46E4-B404-09F8B1BC2E91}.Release|Any CPU.ActiveCfg = Release|Any CPU
		{71E16104-9228-46E4-B404-09F8B1BC2E91}.Release|Any CPU.Build.0 = Release|Any CPU
		{29305921-7231-4C08-8817-61F9B845C9BB}.Debug|Any CPU.ActiveCfg = Debug|Any CPU
		{29305921-7231-4C08-8817-61F9B845C9BB}.Debug|Any CPU.Build.0 = Debug|Any CPU
		{29305921-7231-4C08-8817-61F9B845C9BB}.Release|Any CPU.ActiveCfg = Release|Any CPU
		{29305921-7231-4C08-8817-61F9B845C9BB}.Release|Any CPU.Build.0 = Release|Any CPU
		{21088ECE-58F7-4DA1-9754-B5B212478655}.Debug|Any CPU.ActiveCfg = Debug|Any CPU
		{21088ECE-58F7-4DA1-9754-B5B212478655}.Debug|Any CPU.Build.0 = Debug|Any CPU
		{21088ECE-58F7-4DA1-9754-B5B212478655}.Release|Any CPU.ActiveCfg = Release|Any CPU
		{21088ECE-58F7-4DA1-9754-B5B212478655}.Release|Any CPU.Build.0 = Release|Any CPU
		{287819FF-96EC-41E8-B4DA-E9D77B0D2324}.Debug|Any CPU.ActiveCfg = Debug|Any CPU
		{287819FF-96EC-41E8-B4DA-E9D77B0D2324}.Debug|Any CPU.Build.0 = Debug|Any CPU
		{287819FF-96EC-41E8-B4DA-E9D77B0D2324}.Release|Any CPU.ActiveCfg = Release|Any CPU
		{287819FF-96EC-41E8-B4DA-E9D77B0D2324}.Release|Any CPU.Build.0 = Release|Any CPU
		{150D4228-3F3E-4B9B-AEC5-6F27178513DC}.Debug|Any CPU.ActiveCfg = Debug|Any CPU
		{150D4228-3F3E-4B9B-AEC5-6F27178513DC}.Debug|Any CPU.Build.0 = Debug|Any CPU
		{150D4228-3F3E-4B9B-AEC5-6F27178513DC}.Release|Any CPU.ActiveCfg = Release|Any CPU
		{150D4228-3F3E-4B9B-AEC5-6F27178513DC}.Release|Any CPU.Build.0 = Release|Any CPU
		{9FBFC91D-7F6A-4A79-A531-B1430CC9D8D1}.Debug|Any CPU.ActiveCfg = Debug|Any CPU
		{9FBFC91D-7F6A-4A79-A531-B1430CC9D8D1}.Debug|Any CPU.Build.0 = Debug|Any CPU
		{9FBFC91D-7F6A-4A79-A531-B1430CC9D8D1}.Release|Any CPU.ActiveCfg = Release|Any CPU
		{9FBFC91D-7F6A-4A79-A531-B1430CC9D8D1}.Release|Any CPU.Build.0 = Release|Any CPU
		{A5867DD4-D2B2-49A7-A3D9-BA64D02AD7E1}.Debug|Any CPU.ActiveCfg = Debug|Any CPU
		{A5867DD4-D2B2-49A7-A3D9-BA64D02AD7E1}.Debug|Any CPU.Build.0 = Debug|Any CPU
		{A5867DD4-D2B2-49A7-A3D9-BA64D02AD7E1}.Release|Any CPU.ActiveCfg = Release|Any CPU
		{A5867DD4-D2B2-49A7-A3D9-BA64D02AD7E1}.Release|Any CPU.Build.0 = Release|Any CPU
		{A0231161-96AD-42B2-AF70-7334D561770E}.Debug|Any CPU.ActiveCfg = Debug|Any CPU
		{A0231161-96AD-42B2-AF70-7334D561770E}.Debug|Any CPU.Build.0 = Debug|Any CPU
		{A0231161-96AD-42B2-AF70-7334D561770E}.Release|Any CPU.ActiveCfg = Release|Any CPU
		{A0231161-96AD-42B2-AF70-7334D561770E}.Release|Any CPU.Build.0 = Release|Any CPU
		{09F94EC5-626D-42D9-82E8-47D143575449}.Debug|Any CPU.ActiveCfg = Debug|Any CPU
		{09F94EC5-626D-42D9-82E8-47D143575449}.Debug|Any CPU.Build.0 = Debug|Any CPU
		{09F94EC5-626D-42D9-82E8-47D143575449}.Release|Any CPU.ActiveCfg = Release|Any CPU
		{09F94EC5-626D-42D9-82E8-47D143575449}.Release|Any CPU.Build.0 = Release|Any CPU
		{2167A9E8-FE9A-4210-BFF8-D0EF6F531616}.Debug|Any CPU.ActiveCfg = Debug|Any CPU
		{2167A9E8-FE9A-4210-BFF8-D0EF6F531616}.Debug|Any CPU.Build.0 = Debug|Any CPU
		{2167A9E8-FE9A-4210-BFF8-D0EF6F531616}.Release|Any CPU.ActiveCfg = Release|Any CPU
		{2167A9E8-FE9A-4210-BFF8-D0EF6F531616}.Release|Any CPU.Build.0 = Release|Any CPU
		{5F127AC6-9E7C-4327-ABE4-A959E00726A4}.Debug|Any CPU.ActiveCfg = Debug|Any CPU
		{5F127AC6-9E7C-4327-ABE4-A959E00726A4}.Debug|Any CPU.Build.0 = Debug|Any CPU
		{5F127AC6-9E7C-4327-ABE4-A959E00726A4}.Release|Any CPU.ActiveCfg = Release|Any CPU
		{5F127AC6-9E7C-4327-ABE4-A959E00726A4}.Release|Any CPU.Build.0 = Release|Any CPU
		{DABB5FAA-30ED-4CFC-8108-859FDA6D9BD6}.Debug|Any CPU.ActiveCfg = Debug|Any CPU
		{DABB5FAA-30ED-4CFC-8108-859FDA6D9BD6}.Debug|Any CPU.Build.0 = Debug|Any CPU
		{DABB5FAA-30ED-4CFC-8108-859FDA6D9BD6}.Release|Any CPU.ActiveCfg = Release|Any CPU
		{DABB5FAA-30ED-4CFC-8108-859FDA6D9BD6}.Release|Any CPU.Build.0 = Release|Any CPU
		{2A2E4172-DBC8-4497-A65F-1212293318AE}.Debug|Any CPU.ActiveCfg = Debug|Any CPU
		{2A2E4172-DBC8-4497-A65F-1212293318AE}.Debug|Any CPU.Build.0 = Debug|Any CPU
		{2A2E4172-DBC8-4497-A65F-1212293318AE}.Release|Any CPU.ActiveCfg = Release|Any CPU
		{2A2E4172-DBC8-4497-A65F-1212293318AE}.Release|Any CPU.Build.0 = Release|Any CPU
		{21E06AA8-2392-4C08-B5C5-86366E8C290E}.Debug|Any CPU.ActiveCfg = Debug|Any CPU
		{21E06AA8-2392-4C08-B5C5-86366E8C290E}.Debug|Any CPU.Build.0 = Debug|Any CPU
		{21E06AA8-2392-4C08-B5C5-86366E8C290E}.Release|Any CPU.ActiveCfg = Release|Any CPU
		{21E06AA8-2392-4C08-B5C5-86366E8C290E}.Release|Any CPU.Build.0 = Release|Any CPU
		{0A5FABE5-6D70-4568-BB2E-BB3185239BA0}.Debug|Any CPU.ActiveCfg = Debug|Any CPU
		{0A5FABE5-6D70-4568-BB2E-BB3185239BA0}.Debug|Any CPU.Build.0 = Debug|Any CPU
		{0A5FABE5-6D70-4568-BB2E-BB3185239BA0}.Release|Any CPU.ActiveCfg = Release|Any CPU
		{0A5FABE5-6D70-4568-BB2E-BB3185239BA0}.Release|Any CPU.Build.0 = Release|Any CPU
		{D978D750-AEDF-46B5-A52A-1AD330DAFDD9}.Debug|Any CPU.ActiveCfg = Debug|Any CPU
		{D978D750-AEDF-46B5-A52A-1AD330DAFDD9}.Debug|Any CPU.Build.0 = Debug|Any CPU
		{D978D750-AEDF-46B5-A52A-1AD330DAFDD9}.Release|Any CPU.ActiveCfg = Release|Any CPU
		{D978D750-AEDF-46B5-A52A-1AD330DAFDD9}.Release|Any CPU.Build.0 = Release|Any CPU
		{5435AEE2-A98C-4AFD-BC36-331F76A22430}.Debug|Any CPU.ActiveCfg = Debug|Any CPU
		{5435AEE2-A98C-4AFD-BC36-331F76A22430}.Debug|Any CPU.Build.0 = Debug|Any CPU
		{5435AEE2-A98C-4AFD-BC36-331F76A22430}.Release|Any CPU.ActiveCfg = Release|Any CPU
		{5435AEE2-A98C-4AFD-BC36-331F76A22430}.Release|Any CPU.Build.0 = Release|Any CPU
		{3AE7B82B-8D8B-407D-BA63-981CD9F5E0CB}.Debug|Any CPU.ActiveCfg = Debug|Any CPU
		{3AE7B82B-8D8B-407D-BA63-981CD9F5E0CB}.Debug|Any CPU.Build.0 = Debug|Any CPU
		{3AE7B82B-8D8B-407D-BA63-981CD9F5E0CB}.Release|Any CPU.ActiveCfg = Release|Any CPU
		{3AE7B82B-8D8B-407D-BA63-981CD9F5E0CB}.Release|Any CPU.Build.0 = Release|Any CPU
		{27D51101-CD2D-452D-8336-B43738F82F2C}.Debug|Any CPU.ActiveCfg = Debug|Any CPU
		{27D51101-CD2D-452D-8336-B43738F82F2C}.Debug|Any CPU.Build.0 = Debug|Any CPU
		{27D51101-CD2D-452D-8336-B43738F82F2C}.Release|Any CPU.ActiveCfg = Release|Any CPU
		{27D51101-CD2D-452D-8336-B43738F82F2C}.Release|Any CPU.Build.0 = Release|Any CPU
		{670BA3B3-59EA-412D-963D-7EF4A5EDC80C}.Debug|Any CPU.ActiveCfg = Debug|Any CPU
		{670BA3B3-59EA-412D-963D-7EF4A5EDC80C}.Debug|Any CPU.Build.0 = Debug|Any CPU
		{670BA3B3-59EA-412D-963D-7EF4A5EDC80C}.Release|Any CPU.ActiveCfg = Release|Any CPU
		{670BA3B3-59EA-412D-963D-7EF4A5EDC80C}.Release|Any CPU.Build.0 = Release|Any CPU
		{FD58BB74-F915-4717-AA70-980D8B091CF0}.Debug|Any CPU.ActiveCfg = Debug|Any CPU
		{FD58BB74-F915-4717-AA70-980D8B091CF0}.Debug|Any CPU.Build.0 = Debug|Any CPU
		{FD58BB74-F915-4717-AA70-980D8B091CF0}.Release|Any CPU.ActiveCfg = Release|Any CPU
		{FD58BB74-F915-4717-AA70-980D8B091CF0}.Release|Any CPU.Build.0 = Release|Any CPU
		{86DD96A4-CA36-438A-87B5-C17EEF59D22E}.Debug|Any CPU.ActiveCfg = Debug|Any CPU
		{86DD96A4-CA36-438A-87B5-C17EEF59D22E}.Debug|Any CPU.Build.0 = Debug|Any CPU
		{86DD96A4-CA36-438A-87B5-C17EEF59D22E}.Release|Any CPU.ActiveCfg = Release|Any CPU
		{86DD96A4-CA36-438A-87B5-C17EEF59D22E}.Release|Any CPU.Build.0 = Release|Any CPU
		{323C07AD-C338-4B41-906C-B5BBD921A3AE}.Debug|Any CPU.ActiveCfg = Debug|Any CPU
		{323C07AD-C338-4B41-906C-B5BBD921A3AE}.Debug|Any CPU.Build.0 = Debug|Any CPU
		{323C07AD-C338-4B41-906C-B5BBD921A3AE}.Release|Any CPU.ActiveCfg = Release|Any CPU
		{323C07AD-C338-4B41-906C-B5BBD921A3AE}.Release|Any CPU.Build.0 = Release|Any CPU
		{B9938A57-0EF8-4186-85EF-2E23BD41598C}.Debug|Any CPU.ActiveCfg = Debug|Any CPU
		{B9938A57-0EF8-4186-85EF-2E23BD41598C}.Debug|Any CPU.Build.0 = Debug|Any CPU
		{B9938A57-0EF8-4186-85EF-2E23BD41598C}.Release|Any CPU.ActiveCfg = Release|Any CPU
		{B9938A57-0EF8-4186-85EF-2E23BD41598C}.Release|Any CPU.Build.0 = Release|Any CPU
		{6E72222F-F437-4EE2-A030-2C0C6FCBD9FE}.Debug|Any CPU.ActiveCfg = Debug|Any CPU
		{6E72222F-F437-4EE2-A030-2C0C6FCBD9FE}.Debug|Any CPU.Build.0 = Debug|Any CPU
		{6E72222F-F437-4EE2-A030-2C0C6FCBD9FE}.Release|Any CPU.ActiveCfg = Release|Any CPU
		{6E72222F-F437-4EE2-A030-2C0C6FCBD9FE}.Release|Any CPU.Build.0 = Release|Any CPU
		{BE0A09E1-17A3-4570-8FB4-A7650980E739}.Debug|Any CPU.ActiveCfg = Debug|Any CPU
		{BE0A09E1-17A3-4570-8FB4-A7650980E739}.Debug|Any CPU.Build.0 = Debug|Any CPU
		{BE0A09E1-17A3-4570-8FB4-A7650980E739}.Release|Any CPU.ActiveCfg = Release|Any CPU
		{BE0A09E1-17A3-4570-8FB4-A7650980E739}.Release|Any CPU.Build.0 = Release|Any CPU
		{19ACBF15-D21A-42A5-AAB6-32E20565DF56}.Debug|Any CPU.ActiveCfg = Debug|Any CPU
		{19ACBF15-D21A-42A5-AAB6-32E20565DF56}.Debug|Any CPU.Build.0 = Debug|Any CPU
		{19ACBF15-D21A-42A5-AAB6-32E20565DF56}.Release|Any CPU.ActiveCfg = Release|Any CPU
		{19ACBF15-D21A-42A5-AAB6-32E20565DF56}.Release|Any CPU.Build.0 = Release|Any CPU
		{25F5E998-80C2-4793-8EC4-3A85C87E11F4}.Debug|Any CPU.ActiveCfg = Debug|Any CPU
		{25F5E998-80C2-4793-8EC4-3A85C87E11F4}.Debug|Any CPU.Build.0 = Debug|Any CPU
		{25F5E998-80C2-4793-8EC4-3A85C87E11F4}.Release|Any CPU.ActiveCfg = Release|Any CPU
		{25F5E998-80C2-4793-8EC4-3A85C87E11F4}.Release|Any CPU.Build.0 = Release|Any CPU
		{777F0320-CF1E-4F5C-94CE-ED92F1155214}.Debug|Any CPU.ActiveCfg = Debug|Any CPU
		{777F0320-CF1E-4F5C-94CE-ED92F1155214}.Debug|Any CPU.Build.0 = Debug|Any CPU
		{777F0320-CF1E-4F5C-94CE-ED92F1155214}.Release|Any CPU.ActiveCfg = Release|Any CPU
		{777F0320-CF1E-4F5C-94CE-ED92F1155214}.Release|Any CPU.Build.0 = Release|Any CPU
		{17F01DA5-CC98-426D-B762-2A57AE82D05D}.Debug|Any CPU.ActiveCfg = Debug|Any CPU
		{17F01DA5-CC98-426D-B762-2A57AE82D05D}.Debug|Any CPU.Build.0 = Debug|Any CPU
		{17F01DA5-CC98-426D-B762-2A57AE82D05D}.Release|Any CPU.ActiveCfg = Release|Any CPU
		{17F01DA5-CC98-426D-B762-2A57AE82D05D}.Release|Any CPU.Build.0 = Release|Any CPU
		{5EFCF38B-D199-4C9C-9245-051C01EC9A67}.Debug|Any CPU.ActiveCfg = Debug|Any CPU
		{5EFCF38B-D199-4C9C-9245-051C01EC9A67}.Debug|Any CPU.Build.0 = Debug|Any CPU
		{5EFCF38B-D199-4C9C-9245-051C01EC9A67}.Release|Any CPU.ActiveCfg = Release|Any CPU
		{5EFCF38B-D199-4C9C-9245-051C01EC9A67}.Release|Any CPU.Build.0 = Release|Any CPU
		{F049C89B-9981-4CE2-82AC-654CA4F1BCCA}.Debug|Any CPU.ActiveCfg = Debug|Any CPU
		{F049C89B-9981-4CE2-82AC-654CA4F1BCCA}.Debug|Any CPU.Build.0 = Debug|Any CPU
		{F049C89B-9981-4CE2-82AC-654CA4F1BCCA}.Release|Any CPU.ActiveCfg = Release|Any CPU
		{F049C89B-9981-4CE2-82AC-654CA4F1BCCA}.Release|Any CPU.Build.0 = Release|Any CPU
		{20D2287A-B90A-4F59-A9B8-E593E63D5C73}.Debug|Any CPU.ActiveCfg = Debug|Any CPU
		{20D2287A-B90A-4F59-A9B8-E593E63D5C73}.Debug|Any CPU.Build.0 = Debug|Any CPU
		{20D2287A-B90A-4F59-A9B8-E593E63D5C73}.Release|Any CPU.ActiveCfg = Release|Any CPU
		{20D2287A-B90A-4F59-A9B8-E593E63D5C73}.Release|Any CPU.Build.0 = Release|Any CPU
		{2BDBFCF7-A1E7-42E1-98C1-24E21E9818B6}.Debug|Any CPU.ActiveCfg = Debug|Any CPU
		{2BDBFCF7-A1E7-42E1-98C1-24E21E9818B6}.Debug|Any CPU.Build.0 = Debug|Any CPU
		{2BDBFCF7-A1E7-42E1-98C1-24E21E9818B6}.Release|Any CPU.ActiveCfg = Release|Any CPU
		{2BDBFCF7-A1E7-42E1-98C1-24E21E9818B6}.Release|Any CPU.Build.0 = Release|Any CPU
		{B4F3D7FA-266E-4C62-838F-427A15F33A28}.Debug|Any CPU.ActiveCfg = Debug|Any CPU
		{B4F3D7FA-266E-4C62-838F-427A15F33A28}.Debug|Any CPU.Build.0 = Debug|Any CPU
		{B4F3D7FA-266E-4C62-838F-427A15F33A28}.Release|Any CPU.ActiveCfg = Release|Any CPU
		{B4F3D7FA-266E-4C62-838F-427A15F33A28}.Release|Any CPU.Build.0 = Release|Any CPU
		{AC59F551-3751-427B-ADBB-68FF16F0D530}.Debug|Any CPU.ActiveCfg = Debug|Any CPU
		{AC59F551-3751-427B-ADBB-68FF16F0D530}.Debug|Any CPU.Build.0 = Debug|Any CPU
		{AC59F551-3751-427B-ADBB-68FF16F0D530}.Release|Any CPU.ActiveCfg = Release|Any CPU
		{AC59F551-3751-427B-ADBB-68FF16F0D530}.Release|Any CPU.Build.0 = Release|Any CPU
		{4183499C-0C7C-4738-A6C8-D21C9B2FAAEB}.Debug|Any CPU.ActiveCfg = Debug|Any CPU
		{4183499C-0C7C-4738-A6C8-D21C9B2FAAEB}.Debug|Any CPU.Build.0 = Debug|Any CPU
		{4183499C-0C7C-4738-A6C8-D21C9B2FAAEB}.Release|Any CPU.ActiveCfg = Release|Any CPU
		{4183499C-0C7C-4738-A6C8-D21C9B2FAAEB}.Release|Any CPU.Build.0 = Release|Any CPU
		{FEF686A0-F4B3-48A6-B3C0-B77CA1A67348}.Debug|Any CPU.ActiveCfg = Debug|Any CPU
		{FEF686A0-F4B3-48A6-B3C0-B77CA1A67348}.Debug|Any CPU.Build.0 = Debug|Any CPU
		{FEF686A0-F4B3-48A6-B3C0-B77CA1A67348}.Release|Any CPU.ActiveCfg = Release|Any CPU
		{FEF686A0-F4B3-48A6-B3C0-B77CA1A67348}.Release|Any CPU.Build.0 = Release|Any CPU
		{6118AA37-E440-4A59-9B91-46866E9DA350}.Debug|Any CPU.ActiveCfg = Debug|Any CPU
		{6118AA37-E440-4A59-9B91-46866E9DA350}.Debug|Any CPU.Build.0 = Debug|Any CPU
		{6118AA37-E440-4A59-9B91-46866E9DA350}.Release|Any CPU.ActiveCfg = Release|Any CPU
		{6118AA37-E440-4A59-9B91-46866E9DA350}.Release|Any CPU.Build.0 = Release|Any CPU
		{D2FA6396-F22C-43AE-880D-A508AAADF6D3}.Debug|Any CPU.ActiveCfg = Debug|Any CPU
		{D2FA6396-F22C-43AE-880D-A508AAADF6D3}.Debug|Any CPU.Build.0 = Debug|Any CPU
		{D2FA6396-F22C-43AE-880D-A508AAADF6D3}.Release|Any CPU.ActiveCfg = Release|Any CPU
		{D2FA6396-F22C-43AE-880D-A508AAADF6D3}.Release|Any CPU.Build.0 = Release|Any CPU
		{DC4FBF8D-1C9B-4612-BA0E-2A30A351599E}.Debug|Any CPU.ActiveCfg = Debug|Any CPU
		{DC4FBF8D-1C9B-4612-BA0E-2A30A351599E}.Debug|Any CPU.Build.0 = Debug|Any CPU
		{DC4FBF8D-1C9B-4612-BA0E-2A30A351599E}.Release|Any CPU.ActiveCfg = Release|Any CPU
		{DC4FBF8D-1C9B-4612-BA0E-2A30A351599E}.Release|Any CPU.Build.0 = Release|Any CPU
		{EE665386-F654-4D71-9D80-9AC330D4DCE2}.Debug|Any CPU.ActiveCfg = Debug|Any CPU
		{EE665386-F654-4D71-9D80-9AC330D4DCE2}.Debug|Any CPU.Build.0 = Debug|Any CPU
		{EE665386-F654-4D71-9D80-9AC330D4DCE2}.Release|Any CPU.ActiveCfg = Release|Any CPU
		{EE665386-F654-4D71-9D80-9AC330D4DCE2}.Release|Any CPU.Build.0 = Release|Any CPU
		{3EAF747A-B331-4776-BCB8-789CF164D2E3}.Debug|Any CPU.ActiveCfg = Debug|Any CPU
		{3EAF747A-B331-4776-BCB8-789CF164D2E3}.Debug|Any CPU.Build.0 = Debug|Any CPU
		{3EAF747A-B331-4776-BCB8-789CF164D2E3}.Release|Any CPU.ActiveCfg = Release|Any CPU
		{3EAF747A-B331-4776-BCB8-789CF164D2E3}.Release|Any CPU.Build.0 = Release|Any CPU
		{53688403-556E-4395-AC0C-DBFF7BFD2F25}.Debug|Any CPU.ActiveCfg = Debug|Any CPU
		{53688403-556E-4395-AC0C-DBFF7BFD2F25}.Debug|Any CPU.Build.0 = Debug|Any CPU
		{53688403-556E-4395-AC0C-DBFF7BFD2F25}.Release|Any CPU.ActiveCfg = Release|Any CPU
		{53688403-556E-4395-AC0C-DBFF7BFD2F25}.Release|Any CPU.Build.0 = Release|Any CPU
		{975DC0E6-D1A9-444A-8659-9E8E08C61EDB}.Debug|Any CPU.ActiveCfg = Debug|Any CPU
		{975DC0E6-D1A9-444A-8659-9E8E08C61EDB}.Debug|Any CPU.Build.0 = Debug|Any CPU
		{975DC0E6-D1A9-444A-8659-9E8E08C61EDB}.Release|Any CPU.ActiveCfg = Release|Any CPU
		{975DC0E6-D1A9-444A-8659-9E8E08C61EDB}.Release|Any CPU.Build.0 = Release|Any CPU
		{53506AA5-9F05-46B4-8DCE-571D36BD672E}.Debug|Any CPU.ActiveCfg = Debug|Any CPU
		{53506AA5-9F05-46B4-8DCE-571D36BD672E}.Debug|Any CPU.Build.0 = Debug|Any CPU
		{53506AA5-9F05-46B4-8DCE-571D36BD672E}.Release|Any CPU.ActiveCfg = Release|Any CPU
		{53506AA5-9F05-46B4-8DCE-571D36BD672E}.Release|Any CPU.Build.0 = Release|Any CPU
		{A9E3062C-72FE-48E0-BEC6-D12ED2DF4F63}.Debug|Any CPU.ActiveCfg = Debug|Any CPU
		{A9E3062C-72FE-48E0-BEC6-D12ED2DF4F63}.Debug|Any CPU.Build.0 = Debug|Any CPU
		{A9E3062C-72FE-48E0-BEC6-D12ED2DF4F63}.Release|Any CPU.ActiveCfg = Release|Any CPU
		{A9E3062C-72FE-48E0-BEC6-D12ED2DF4F63}.Release|Any CPU.Build.0 = Release|Any CPU
		{FDA1B8FF-EB33-4C69-9A75-EBBA15CDEAB5}.Debug|Any CPU.ActiveCfg = Debug|Any CPU
		{FDA1B8FF-EB33-4C69-9A75-EBBA15CDEAB5}.Debug|Any CPU.Build.0 = Debug|Any CPU
		{FDA1B8FF-EB33-4C69-9A75-EBBA15CDEAB5}.Release|Any CPU.ActiveCfg = Release|Any CPU
		{FDA1B8FF-EB33-4C69-9A75-EBBA15CDEAB5}.Release|Any CPU.Build.0 = Release|Any CPU
		{DC19F6CF-A5B7-4D62-9E90-ADB4C228812E}.Debug|Any CPU.ActiveCfg = Debug|Any CPU
		{DC19F6CF-A5B7-4D62-9E90-ADB4C228812E}.Debug|Any CPU.Build.0 = Debug|Any CPU
		{DC19F6CF-A5B7-4D62-9E90-ADB4C228812E}.Release|Any CPU.ActiveCfg = Release|Any CPU
		{DC19F6CF-A5B7-4D62-9E90-ADB4C228812E}.Release|Any CPU.Build.0 = Release|Any CPU
		{ED39BB5E-40F5-4670-9F26-E7F56DD223D6}.Debug|Any CPU.ActiveCfg = Debug|Any CPU
		{ED39BB5E-40F5-4670-9F26-E7F56DD223D6}.Debug|Any CPU.Build.0 = Debug|Any CPU
		{ED39BB5E-40F5-4670-9F26-E7F56DD223D6}.Release|Any CPU.ActiveCfg = Release|Any CPU
		{ED39BB5E-40F5-4670-9F26-E7F56DD223D6}.Release|Any CPU.Build.0 = Release|Any CPU
		{CCB40151-6631-475B-9EF4-9106D92360A2}.Debug|Any CPU.ActiveCfg = Debug|Any CPU
		{CCB40151-6631-475B-9EF4-9106D92360A2}.Debug|Any CPU.Build.0 = Debug|Any CPU
		{CCB40151-6631-475B-9EF4-9106D92360A2}.Release|Any CPU.ActiveCfg = Release|Any CPU
		{CCB40151-6631-475B-9EF4-9106D92360A2}.Release|Any CPU.Build.0 = Release|Any CPU
		{6190140F-A573-491E-88AA-62D694A6F634}.Debug|Any CPU.ActiveCfg = Debug|Any CPU
		{6190140F-A573-491E-88AA-62D694A6F634}.Debug|Any CPU.Build.0 = Debug|Any CPU
		{6190140F-A573-491E-88AA-62D694A6F634}.Release|Any CPU.ActiveCfg = Release|Any CPU
		{6190140F-A573-491E-88AA-62D694A6F634}.Release|Any CPU.Build.0 = Release|Any CPU
		{188BF5A7-3D4C-44C7-9B3C-660CE0B47431}.Debug|Any CPU.ActiveCfg = Debug|Any CPU
		{188BF5A7-3D4C-44C7-9B3C-660CE0B47431}.Debug|Any CPU.Build.0 = Debug|Any CPU
		{188BF5A7-3D4C-44C7-9B3C-660CE0B47431}.Release|Any CPU.ActiveCfg = Release|Any CPU
		{188BF5A7-3D4C-44C7-9B3C-660CE0B47431}.Release|Any CPU.Build.0 = Release|Any CPU
		{A7FC9A5C-EFEE-49AC-A9C9-05C30893638F}.Debug|Any CPU.ActiveCfg = Debug|Any CPU
		{A7FC9A5C-EFEE-49AC-A9C9-05C30893638F}.Debug|Any CPU.Build.0 = Debug|Any CPU
		{A7FC9A5C-EFEE-49AC-A9C9-05C30893638F}.Release|Any CPU.ActiveCfg = Release|Any CPU
		{A7FC9A5C-EFEE-49AC-A9C9-05C30893638F}.Release|Any CPU.Build.0 = Release|Any CPU
		{25B374BD-3B47-463B-A3AB-547E5AE2A55A}.Debug|Any CPU.ActiveCfg = Debug|Any CPU
		{25B374BD-3B47-463B-A3AB-547E5AE2A55A}.Debug|Any CPU.Build.0 = Debug|Any CPU
		{25B374BD-3B47-463B-A3AB-547E5AE2A55A}.Release|Any CPU.ActiveCfg = Release|Any CPU
		{25B374BD-3B47-463B-A3AB-547E5AE2A55A}.Release|Any CPU.Build.0 = Release|Any CPU
		{3ACD39B5-F118-4848-BFA9-09FFAAEF7090}.Debug|Any CPU.ActiveCfg = Debug|Any CPU
		{3ACD39B5-F118-4848-BFA9-09FFAAEF7090}.Debug|Any CPU.Build.0 = Debug|Any CPU
		{3ACD39B5-F118-4848-BFA9-09FFAAEF7090}.Release|Any CPU.ActiveCfg = Release|Any CPU
		{3ACD39B5-F118-4848-BFA9-09FFAAEF7090}.Release|Any CPU.Build.0 = Release|Any CPU
		{BBEC0E00-85CE-42A2-9BEC-2F584BFAA191}.Debug|Any CPU.ActiveCfg = Debug|Any CPU
		{BBEC0E00-85CE-42A2-9BEC-2F584BFAA191}.Debug|Any CPU.Build.0 = Debug|Any CPU
		{BBEC0E00-85CE-42A2-9BEC-2F584BFAA191}.Release|Any CPU.ActiveCfg = Release|Any CPU
		{BBEC0E00-85CE-42A2-9BEC-2F584BFAA191}.Release|Any CPU.Build.0 = Release|Any CPU
		{5630E736-9571-46D9-B180-0CF661CBF0E8}.Debug|Any CPU.ActiveCfg = Debug|Any CPU
		{5630E736-9571-46D9-B180-0CF661CBF0E8}.Debug|Any CPU.Build.0 = Debug|Any CPU
		{5630E736-9571-46D9-B180-0CF661CBF0E8}.Release|Any CPU.ActiveCfg = Release|Any CPU
		{5630E736-9571-46D9-B180-0CF661CBF0E8}.Release|Any CPU.Build.0 = Release|Any CPU
		{C44014D1-8E48-41B2-8C50-6BB48E06A46D}.Debug|Any CPU.ActiveCfg = Debug|Any CPU
		{C44014D1-8E48-41B2-8C50-6BB48E06A46D}.Debug|Any CPU.Build.0 = Debug|Any CPU
		{C44014D1-8E48-41B2-8C50-6BB48E06A46D}.Release|Any CPU.ActiveCfg = Release|Any CPU
		{C44014D1-8E48-41B2-8C50-6BB48E06A46D}.Release|Any CPU.Build.0 = Release|Any CPU
		{F3A78EB1-DF6F-47CF-81B4-1C3401AF6B16}.Debug|Any CPU.ActiveCfg = Debug|Any CPU
		{F3A78EB1-DF6F-47CF-81B4-1C3401AF6B16}.Debug|Any CPU.Build.0 = Debug|Any CPU
		{F3A78EB1-DF6F-47CF-81B4-1C3401AF6B16}.Release|Any CPU.ActiveCfg = Release|Any CPU
		{F3A78EB1-DF6F-47CF-81B4-1C3401AF6B16}.Release|Any CPU.Build.0 = Release|Any CPU
		{3179B3B4-1798-4CC8-B51D-C9F8B1E660F9}.Debug|Any CPU.ActiveCfg = Debug|Any CPU
		{3179B3B4-1798-4CC8-B51D-C9F8B1E660F9}.Debug|Any CPU.Build.0 = Debug|Any CPU
		{3179B3B4-1798-4CC8-B51D-C9F8B1E660F9}.Release|Any CPU.ActiveCfg = Release|Any CPU
		{3179B3B4-1798-4CC8-B51D-C9F8B1E660F9}.Release|Any CPU.Build.0 = Release|Any CPU
		{8CEA090F-9BFE-4A2D-A60A-68C8456237B0}.Debug|Any CPU.ActiveCfg = Debug|Any CPU
		{8CEA090F-9BFE-4A2D-A60A-68C8456237B0}.Debug|Any CPU.Build.0 = Debug|Any CPU
		{8CEA090F-9BFE-4A2D-A60A-68C8456237B0}.Release|Any CPU.ActiveCfg = Release|Any CPU
		{8CEA090F-9BFE-4A2D-A60A-68C8456237B0}.Release|Any CPU.Build.0 = Release|Any CPU
		{28FCC9B5-54B3-4D22-B474-5F59E27617DE}.Debug|Any CPU.ActiveCfg = Debug|Any CPU
		{28FCC9B5-54B3-4D22-B474-5F59E27617DE}.Debug|Any CPU.Build.0 = Debug|Any CPU
		{28FCC9B5-54B3-4D22-B474-5F59E27617DE}.Release|Any CPU.ActiveCfg = Release|Any CPU
		{28FCC9B5-54B3-4D22-B474-5F59E27617DE}.Release|Any CPU.Build.0 = Release|Any CPU
		{C1D9EC53-EA07-4BE6-B986-818CE0CA4181}.Debug|Any CPU.ActiveCfg = Debug|Any CPU
		{C1D9EC53-EA07-4BE6-B986-818CE0CA4181}.Debug|Any CPU.Build.0 = Debug|Any CPU
		{C1D9EC53-EA07-4BE6-B986-818CE0CA4181}.Release|Any CPU.ActiveCfg = Release|Any CPU
		{C1D9EC53-EA07-4BE6-B986-818CE0CA4181}.Release|Any CPU.Build.0 = Release|Any CPU
		{4764240A-BD6A-41EC-930D-87F7133D99F4}.Debug|Any CPU.ActiveCfg = Debug|Any CPU
		{4764240A-BD6A-41EC-930D-87F7133D99F4}.Debug|Any CPU.Build.0 = Debug|Any CPU
		{4764240A-BD6A-41EC-930D-87F7133D99F4}.Release|Any CPU.ActiveCfg = Release|Any CPU
		{4764240A-BD6A-41EC-930D-87F7133D99F4}.Release|Any CPU.Build.0 = Release|Any CPU
		{4F2DD5B7-B7C9-49F4-B1A8-38E2FC637435}.Debug|Any CPU.ActiveCfg = Debug|Any CPU
		{4F2DD5B7-B7C9-49F4-B1A8-38E2FC637435}.Debug|Any CPU.Build.0 = Debug|Any CPU
		{4F2DD5B7-B7C9-49F4-B1A8-38E2FC637435}.Release|Any CPU.ActiveCfg = Release|Any CPU
		{4F2DD5B7-B7C9-49F4-B1A8-38E2FC637435}.Release|Any CPU.Build.0 = Release|Any CPU
		{9E2853D0-6A07-44C8-B23E-554E0623ABEF}.Debug|Any CPU.ActiveCfg = Debug|Any CPU
		{9E2853D0-6A07-44C8-B23E-554E0623ABEF}.Debug|Any CPU.Build.0 = Debug|Any CPU
		{9E2853D0-6A07-44C8-B23E-554E0623ABEF}.Release|Any CPU.ActiveCfg = Release|Any CPU
		{9E2853D0-6A07-44C8-B23E-554E0623ABEF}.Release|Any CPU.Build.0 = Release|Any CPU
		{236F617B-3B9A-4002-93A9-1074F6F605B7}.Debug|Any CPU.ActiveCfg = Debug|Any CPU
		{236F617B-3B9A-4002-93A9-1074F6F605B7}.Debug|Any CPU.Build.0 = Debug|Any CPU
		{236F617B-3B9A-4002-93A9-1074F6F605B7}.Release|Any CPU.ActiveCfg = Release|Any CPU
		{236F617B-3B9A-4002-93A9-1074F6F605B7}.Release|Any CPU.Build.0 = Release|Any CPU
		{73E7B2B5-B18C-4918-9B28-49E095E09942}.Debug|Any CPU.ActiveCfg = Debug|Any CPU
		{73E7B2B5-B18C-4918-9B28-49E095E09942}.Debug|Any CPU.Build.0 = Debug|Any CPU
		{73E7B2B5-B18C-4918-9B28-49E095E09942}.Release|Any CPU.ActiveCfg = Release|Any CPU
		{73E7B2B5-B18C-4918-9B28-49E095E09942}.Release|Any CPU.Build.0 = Release|Any CPU
		{7FA75482-1087-4424-848E-AB98C723D5CC}.Debug|Any CPU.ActiveCfg = Debug|Any CPU
		{7FA75482-1087-4424-848E-AB98C723D5CC}.Debug|Any CPU.Build.0 = Debug|Any CPU
		{7FA75482-1087-4424-848E-AB98C723D5CC}.Release|Any CPU.ActiveCfg = Release|Any CPU
		{7FA75482-1087-4424-848E-AB98C723D5CC}.Release|Any CPU.Build.0 = Release|Any CPU
		{ADA7C550-B5BD-412D-BE1B-6F8CE92FDC37}.Debug|Any CPU.ActiveCfg = Debug|Any CPU
		{ADA7C550-B5BD-412D-BE1B-6F8CE92FDC37}.Debug|Any CPU.Build.0 = Debug|Any CPU
		{ADA7C550-B5BD-412D-BE1B-6F8CE92FDC37}.Release|Any CPU.ActiveCfg = Release|Any CPU
		{ADA7C550-B5BD-412D-BE1B-6F8CE92FDC37}.Release|Any CPU.Build.0 = Release|Any CPU
		{44B12AD5-81C4-40FB-A04D-BB7EF236E4BB}.Debug|Any CPU.ActiveCfg = Debug|Any CPU
		{44B12AD5-81C4-40FB-A04D-BB7EF236E4BB}.Debug|Any CPU.Build.0 = Debug|Any CPU
		{44B12AD5-81C4-40FB-A04D-BB7EF236E4BB}.Release|Any CPU.ActiveCfg = Release|Any CPU
		{44B12AD5-81C4-40FB-A04D-BB7EF236E4BB}.Release|Any CPU.Build.0 = Release|Any CPU
		{739C712E-F784-4B71-BCCB-EFEF7D97F7A1}.Debug|Any CPU.ActiveCfg = Debug|Any CPU
		{739C712E-F784-4B71-BCCB-EFEF7D97F7A1}.Debug|Any CPU.Build.0 = Debug|Any CPU
		{739C712E-F784-4B71-BCCB-EFEF7D97F7A1}.Release|Any CPU.ActiveCfg = Release|Any CPU
		{739C712E-F784-4B71-BCCB-EFEF7D97F7A1}.Release|Any CPU.Build.0 = Release|Any CPU
		{5B38CED8-74D3-410F-BBDF-8E8A4222C9A8}.Debug|Any CPU.ActiveCfg = Debug|Any CPU
		{5B38CED8-74D3-410F-BBDF-8E8A4222C9A8}.Debug|Any CPU.Build.0 = Debug|Any CPU
		{5B38CED8-74D3-410F-BBDF-8E8A4222C9A8}.Release|Any CPU.ActiveCfg = Release|Any CPU
		{5B38CED8-74D3-410F-BBDF-8E8A4222C9A8}.Release|Any CPU.Build.0 = Release|Any CPU
		{F80E770B-5C93-43DE-9646-35ABA90CC043}.Debug|Any CPU.ActiveCfg = Debug|Any CPU
		{F80E770B-5C93-43DE-9646-35ABA90CC043}.Debug|Any CPU.Build.0 = Debug|Any CPU
		{F80E770B-5C93-43DE-9646-35ABA90CC043}.Release|Any CPU.ActiveCfg = Release|Any CPU
		{F80E770B-5C93-43DE-9646-35ABA90CC043}.Release|Any CPU.Build.0 = Release|Any CPU
		{BFF8E52A-E9E1-460E-9FEE-5400FF0A6633}.Debug|Any CPU.ActiveCfg = Debug|Any CPU
		{BFF8E52A-E9E1-460E-9FEE-5400FF0A6633}.Debug|Any CPU.Build.0 = Debug|Any CPU
		{BFF8E52A-E9E1-460E-9FEE-5400FF0A6633}.Release|Any CPU.ActiveCfg = Release|Any CPU
		{BFF8E52A-E9E1-460E-9FEE-5400FF0A6633}.Release|Any CPU.Build.0 = Release|Any CPU
		{E87EA98D-A50B-42A2-BB36-D7FA70E868F0}.Debug|Any CPU.ActiveCfg = Debug|Any CPU
		{E87EA98D-A50B-42A2-BB36-D7FA70E868F0}.Debug|Any CPU.Build.0 = Debug|Any CPU
		{E87EA98D-A50B-42A2-BB36-D7FA70E868F0}.Release|Any CPU.ActiveCfg = Release|Any CPU
		{E87EA98D-A50B-42A2-BB36-D7FA70E868F0}.Release|Any CPU.Build.0 = Release|Any CPU
		{579F06A0-B12C-4684-B4AF-1D9E45411DE6}.Debug|Any CPU.ActiveCfg = Debug|Any CPU
		{579F06A0-B12C-4684-B4AF-1D9E45411DE6}.Debug|Any CPU.Build.0 = Debug|Any CPU
		{579F06A0-B12C-4684-B4AF-1D9E45411DE6}.Release|Any CPU.ActiveCfg = Release|Any CPU
		{579F06A0-B12C-4684-B4AF-1D9E45411DE6}.Release|Any CPU.Build.0 = Release|Any CPU
		{F9364286-940E-4E91-A888-23CAD2E49702}.Debug|Any CPU.ActiveCfg = Debug|Any CPU
		{F9364286-940E-4E91-A888-23CAD2E49702}.Debug|Any CPU.Build.0 = Debug|Any CPU
		{F9364286-940E-4E91-A888-23CAD2E49702}.Release|Any CPU.ActiveCfg = Release|Any CPU
		{F9364286-940E-4E91-A888-23CAD2E49702}.Release|Any CPU.Build.0 = Release|Any CPU
		{6702A9DA-405D-43B5-B76A-F186132DB9D3}.Debug|Any CPU.ActiveCfg = Debug|Any CPU
		{6702A9DA-405D-43B5-B76A-F186132DB9D3}.Debug|Any CPU.Build.0 = Debug|Any CPU
		{6702A9DA-405D-43B5-B76A-F186132DB9D3}.Release|Any CPU.ActiveCfg = Release|Any CPU
		{6702A9DA-405D-43B5-B76A-F186132DB9D3}.Release|Any CPU.Build.0 = Release|Any CPU
		{CDD72700-410C-4C8D-B933-CF0497E6D8DF}.Debug|Any CPU.ActiveCfg = Debug|Any CPU
		{CDD72700-410C-4C8D-B933-CF0497E6D8DF}.Debug|Any CPU.Build.0 = Debug|Any CPU
		{CDD72700-410C-4C8D-B933-CF0497E6D8DF}.Release|Any CPU.ActiveCfg = Release|Any CPU
		{CDD72700-410C-4C8D-B933-CF0497E6D8DF}.Release|Any CPU.Build.0 = Release|Any CPU
		{95DCFC81-26C3-40B0-80DC-3123782751D0}.Debug|Any CPU.ActiveCfg = Debug|Any CPU
		{95DCFC81-26C3-40B0-80DC-3123782751D0}.Debug|Any CPU.Build.0 = Debug|Any CPU
		{95DCFC81-26C3-40B0-80DC-3123782751D0}.Release|Any CPU.ActiveCfg = Release|Any CPU
		{95DCFC81-26C3-40B0-80DC-3123782751D0}.Release|Any CPU.Build.0 = Release|Any CPU
		{3E199D60-F14F-43CE-894A-DEFB8046FFB4}.Debug|Any CPU.ActiveCfg = Debug|Any CPU
		{3E199D60-F14F-43CE-894A-DEFB8046FFB4}.Debug|Any CPU.Build.0 = Debug|Any CPU
		{3E199D60-F14F-43CE-894A-DEFB8046FFB4}.Release|Any CPU.ActiveCfg = Release|Any CPU
		{3E199D60-F14F-43CE-894A-DEFB8046FFB4}.Release|Any CPU.Build.0 = Release|Any CPU
		{2EFA6DE9-F8F5-4BC4-AEE5-1897097C206B}.Debug|Any CPU.ActiveCfg = Debug|Any CPU
		{2EFA6DE9-F8F5-4BC4-AEE5-1897097C206B}.Debug|Any CPU.Build.0 = Debug|Any CPU
		{2EFA6DE9-F8F5-4BC4-AEE5-1897097C206B}.Release|Any CPU.ActiveCfg = Release|Any CPU
		{2EFA6DE9-F8F5-4BC4-AEE5-1897097C206B}.Release|Any CPU.Build.0 = Release|Any CPU
		{4943A0F3-2553-4B01-953F-90F557214D0F}.Debug|Any CPU.ActiveCfg = Debug|Any CPU
		{4943A0F3-2553-4B01-953F-90F557214D0F}.Debug|Any CPU.Build.0 = Debug|Any CPU
		{4943A0F3-2553-4B01-953F-90F557214D0F}.Release|Any CPU.ActiveCfg = Release|Any CPU
		{4943A0F3-2553-4B01-953F-90F557214D0F}.Release|Any CPU.Build.0 = Release|Any CPU
		{B49F6451-1080-431D-B1DF-0904D1AF044F}.Debug|Any CPU.ActiveCfg = Debug|Any CPU
		{B49F6451-1080-431D-B1DF-0904D1AF044F}.Debug|Any CPU.Build.0 = Debug|Any CPU
		{B49F6451-1080-431D-B1DF-0904D1AF044F}.Release|Any CPU.ActiveCfg = Release|Any CPU
		{B49F6451-1080-431D-B1DF-0904D1AF044F}.Release|Any CPU.Build.0 = Release|Any CPU
		{75DB6201-A2AA-437E-A7F6-94F5FD925FFC}.Debug|Any CPU.ActiveCfg = Debug|Any CPU
		{75DB6201-A2AA-437E-A7F6-94F5FD925FFC}.Debug|Any CPU.Build.0 = Debug|Any CPU
		{75DB6201-A2AA-437E-A7F6-94F5FD925FFC}.Release|Any CPU.ActiveCfg = Release|Any CPU
		{75DB6201-A2AA-437E-A7F6-94F5FD925FFC}.Release|Any CPU.Build.0 = Release|Any CPU
		{4A02A65B-C80B-4A56-A46B-4C27D978326D}.Debug|Any CPU.ActiveCfg = Debug|Any CPU
		{4A02A65B-C80B-4A56-A46B-4C27D978326D}.Debug|Any CPU.Build.0 = Debug|Any CPU
		{4A02A65B-C80B-4A56-A46B-4C27D978326D}.Release|Any CPU.ActiveCfg = Release|Any CPU
		{4A02A65B-C80B-4A56-A46B-4C27D978326D}.Release|Any CPU.Build.0 = Release|Any CPU
		{4EB8A82A-96DE-47F0-92E2-F0FB986EF103}.Debug|Any CPU.ActiveCfg = Debug|Any CPU
		{4EB8A82A-96DE-47F0-92E2-F0FB986EF103}.Debug|Any CPU.Build.0 = Debug|Any CPU
		{4EB8A82A-96DE-47F0-92E2-F0FB986EF103}.Release|Any CPU.ActiveCfg = Release|Any CPU
		{4EB8A82A-96DE-47F0-92E2-F0FB986EF103}.Release|Any CPU.Build.0 = Release|Any CPU
		{999F3047-A6D6-43AA-8B86-8E360DF38397}.Debug|Any CPU.ActiveCfg = Debug|Any CPU
		{999F3047-A6D6-43AA-8B86-8E360DF38397}.Debug|Any CPU.Build.0 = Debug|Any CPU
		{999F3047-A6D6-43AA-8B86-8E360DF38397}.Release|Any CPU.ActiveCfg = Release|Any CPU
		{999F3047-A6D6-43AA-8B86-8E360DF38397}.Release|Any CPU.Build.0 = Release|Any CPU
		{DB8BABBD-2824-4ABB-8410-93DC3D240B8C}.Debug|Any CPU.ActiveCfg = Debug|Any CPU
		{DB8BABBD-2824-4ABB-8410-93DC3D240B8C}.Debug|Any CPU.Build.0 = Debug|Any CPU
		{DB8BABBD-2824-4ABB-8410-93DC3D240B8C}.Release|Any CPU.ActiveCfg = Release|Any CPU
		{DB8BABBD-2824-4ABB-8410-93DC3D240B8C}.Release|Any CPU.Build.0 = Release|Any CPU
		{3E66C360-6285-45C0-8F7A-D4B4687F4904}.Debug|Any CPU.ActiveCfg = Debug|Any CPU
		{3E66C360-6285-45C0-8F7A-D4B4687F4904}.Debug|Any CPU.Build.0 = Debug|Any CPU
		{3E66C360-6285-45C0-8F7A-D4B4687F4904}.Release|Any CPU.ActiveCfg = Release|Any CPU
		{3E66C360-6285-45C0-8F7A-D4B4687F4904}.Release|Any CPU.Build.0 = Release|Any CPU
		{A207CA07-E003-40A9-9D8D-C27BB918544A}.Debug|Any CPU.ActiveCfg = Debug|Any CPU
		{A207CA07-E003-40A9-9D8D-C27BB918544A}.Debug|Any CPU.Build.0 = Debug|Any CPU
		{A207CA07-E003-40A9-9D8D-C27BB918544A}.Release|Any CPU.ActiveCfg = Release|Any CPU
		{A207CA07-E003-40A9-9D8D-C27BB918544A}.Release|Any CPU.Build.0 = Release|Any CPU
		{63F8D32B-BD8D-47B6-9924-F43BC2949D7F}.Debug|Any CPU.ActiveCfg = Debug|Any CPU
		{63F8D32B-BD8D-47B6-9924-F43BC2949D7F}.Debug|Any CPU.Build.0 = Debug|Any CPU
		{63F8D32B-BD8D-47B6-9924-F43BC2949D7F}.Release|Any CPU.ActiveCfg = Release|Any CPU
		{63F8D32B-BD8D-47B6-9924-F43BC2949D7F}.Release|Any CPU.Build.0 = Release|Any CPU
		{45698ACC-D4A7-420F-82AA-CC6BE63369F1}.Debug|Any CPU.ActiveCfg = Debug|Any CPU
		{45698ACC-D4A7-420F-82AA-CC6BE63369F1}.Debug|Any CPU.Build.0 = Debug|Any CPU
		{45698ACC-D4A7-420F-82AA-CC6BE63369F1}.Release|Any CPU.ActiveCfg = Release|Any CPU
		{45698ACC-D4A7-420F-82AA-CC6BE63369F1}.Release|Any CPU.Build.0 = Release|Any CPU
		{4C476765-C7AA-41EC-8F60-A56B43FB7853}.Debug|Any CPU.ActiveCfg = Debug|Any CPU
		{4C476765-C7AA-41EC-8F60-A56B43FB7853}.Debug|Any CPU.Build.0 = Debug|Any CPU
		{4C476765-C7AA-41EC-8F60-A56B43FB7853}.Release|Any CPU.ActiveCfg = Release|Any CPU
		{4C476765-C7AA-41EC-8F60-A56B43FB7853}.Release|Any CPU.Build.0 = Release|Any CPU
		{E7B7EA82-1BDD-411C-AE3D-CBE6307D6206}.Debug|Any CPU.ActiveCfg = Debug|Any CPU
		{E7B7EA82-1BDD-411C-AE3D-CBE6307D6206}.Debug|Any CPU.Build.0 = Debug|Any CPU
		{E7B7EA82-1BDD-411C-AE3D-CBE6307D6206}.Release|Any CPU.ActiveCfg = Release|Any CPU
		{E7B7EA82-1BDD-411C-AE3D-CBE6307D6206}.Release|Any CPU.Build.0 = Release|Any CPU
		{E19E6EB3-AC10-4797-A5FE-E7D738C0C17D}.Debug|Any CPU.ActiveCfg = Debug|Any CPU
		{E19E6EB3-AC10-4797-A5FE-E7D738C0C17D}.Debug|Any CPU.Build.0 = Debug|Any CPU
		{E19E6EB3-AC10-4797-A5FE-E7D738C0C17D}.Release|Any CPU.ActiveCfg = Release|Any CPU
		{E19E6EB3-AC10-4797-A5FE-E7D738C0C17D}.Release|Any CPU.Build.0 = Release|Any CPU
		{1A42ECEB-94FD-4207-BB0A-B7ACFF2CED52}.Debug|Any CPU.ActiveCfg = Debug|Any CPU
		{1A42ECEB-94FD-4207-BB0A-B7ACFF2CED52}.Debug|Any CPU.Build.0 = Debug|Any CPU
		{1A42ECEB-94FD-4207-BB0A-B7ACFF2CED52}.Release|Any CPU.ActiveCfg = Release|Any CPU
		{1A42ECEB-94FD-4207-BB0A-B7ACFF2CED52}.Release|Any CPU.Build.0 = Release|Any CPU
		{9771A628-68FB-4677-90B1-C992155FE30F}.Debug|Any CPU.ActiveCfg = Debug|Any CPU
		{9771A628-68FB-4677-90B1-C992155FE30F}.Debug|Any CPU.Build.0 = Debug|Any CPU
		{9771A628-68FB-4677-90B1-C992155FE30F}.Release|Any CPU.ActiveCfg = Release|Any CPU
		{9771A628-68FB-4677-90B1-C992155FE30F}.Release|Any CPU.Build.0 = Release|Any CPU
		{369701D3-AF0B-4AF7-9239-A9EAE288CA85}.Debug|Any CPU.ActiveCfg = Debug|Any CPU
		{369701D3-AF0B-4AF7-9239-A9EAE288CA85}.Debug|Any CPU.Build.0 = Debug|Any CPU
		{369701D3-AF0B-4AF7-9239-A9EAE288CA85}.Release|Any CPU.ActiveCfg = Release|Any CPU
		{369701D3-AF0B-4AF7-9239-A9EAE288CA85}.Release|Any CPU.Build.0 = Release|Any CPU
		{94B400A0-36CF-4D02-81A3-A8979F306C32}.Debug|Any CPU.ActiveCfg = Debug|Any CPU
		{94B400A0-36CF-4D02-81A3-A8979F306C32}.Debug|Any CPU.Build.0 = Debug|Any CPU
		{94B400A0-36CF-4D02-81A3-A8979F306C32}.Release|Any CPU.ActiveCfg = Release|Any CPU
		{94B400A0-36CF-4D02-81A3-A8979F306C32}.Release|Any CPU.Build.0 = Release|Any CPU
		{40D6FB08-5CCF-4595-A17F-C4502B382327}.Debug|Any CPU.ActiveCfg = Debug|Any CPU
		{40D6FB08-5CCF-4595-A17F-C4502B382327}.Debug|Any CPU.Build.0 = Debug|Any CPU
		{40D6FB08-5CCF-4595-A17F-C4502B382327}.Release|Any CPU.ActiveCfg = Release|Any CPU
		{40D6FB08-5CCF-4595-A17F-C4502B382327}.Release|Any CPU.Build.0 = Release|Any CPU
		{18096A88-0D3B-4B09-91D8-228020C7E9C8}.Debug|Any CPU.ActiveCfg = Debug|Any CPU
		{18096A88-0D3B-4B09-91D8-228020C7E9C8}.Debug|Any CPU.Build.0 = Debug|Any CPU
		{18096A88-0D3B-4B09-91D8-228020C7E9C8}.Release|Any CPU.ActiveCfg = Release|Any CPU
		{18096A88-0D3B-4B09-91D8-228020C7E9C8}.Release|Any CPU.Build.0 = Release|Any CPU
		{632089DF-6DD7-462E-A94E-375C2B9623AE}.Debug|Any CPU.ActiveCfg = Debug|Any CPU
		{632089DF-6DD7-462E-A94E-375C2B9623AE}.Debug|Any CPU.Build.0 = Debug|Any CPU
		{632089DF-6DD7-462E-A94E-375C2B9623AE}.Release|Any CPU.ActiveCfg = Release|Any CPU
		{632089DF-6DD7-462E-A94E-375C2B9623AE}.Release|Any CPU.Build.0 = Release|Any CPU
		{ABDA47FE-224B-47B1-B4D1-EB923D7A74F5}.Debug|Any CPU.ActiveCfg = Debug|Any CPU
		{ABDA47FE-224B-47B1-B4D1-EB923D7A74F5}.Debug|Any CPU.Build.0 = Debug|Any CPU
		{ABDA47FE-224B-47B1-B4D1-EB923D7A74F5}.Release|Any CPU.ActiveCfg = Release|Any CPU
		{ABDA47FE-224B-47B1-B4D1-EB923D7A74F5}.Release|Any CPU.Build.0 = Release|Any CPU
		{8ADBFFEC-C93E-45FF-A2D0-0A61AD6B8F92}.Debug|Any CPU.ActiveCfg = Debug|Any CPU
		{8ADBFFEC-C93E-45FF-A2D0-0A61AD6B8F92}.Debug|Any CPU.Build.0 = Debug|Any CPU
		{8ADBFFEC-C93E-45FF-A2D0-0A61AD6B8F92}.Release|Any CPU.ActiveCfg = Release|Any CPU
		{8ADBFFEC-C93E-45FF-A2D0-0A61AD6B8F92}.Release|Any CPU.Build.0 = Release|Any CPU
		{844F9CB6-2919-4245-955F-9D1D22BFDCCA}.Debug|Any CPU.ActiveCfg = Debug|Any CPU
		{844F9CB6-2919-4245-955F-9D1D22BFDCCA}.Debug|Any CPU.Build.0 = Debug|Any CPU
		{844F9CB6-2919-4245-955F-9D1D22BFDCCA}.Release|Any CPU.ActiveCfg = Release|Any CPU
		{844F9CB6-2919-4245-955F-9D1D22BFDCCA}.Release|Any CPU.Build.0 = Release|Any CPU
		{C9160DFF-0603-470D-A70E-823F42B4A7A3}.Debug|Any CPU.ActiveCfg = Debug|Any CPU
		{C9160DFF-0603-470D-A70E-823F42B4A7A3}.Debug|Any CPU.Build.0 = Debug|Any CPU
		{C9160DFF-0603-470D-A70E-823F42B4A7A3}.Release|Any CPU.ActiveCfg = Release|Any CPU
		{C9160DFF-0603-470D-A70E-823F42B4A7A3}.Release|Any CPU.Build.0 = Release|Any CPU
		{4C7C75F7-1AD4-4575-B670-3594823B7A60}.Debug|Any CPU.ActiveCfg = Debug|Any CPU
		{4C7C75F7-1AD4-4575-B670-3594823B7A60}.Debug|Any CPU.Build.0 = Debug|Any CPU
		{4C7C75F7-1AD4-4575-B670-3594823B7A60}.Release|Any CPU.ActiveCfg = Release|Any CPU
		{4C7C75F7-1AD4-4575-B670-3594823B7A60}.Release|Any CPU.Build.0 = Release|Any CPU
		{E9C2D15F-0F36-4CE5-AC52-9FAA2CA33A8D}.Debug|Any CPU.ActiveCfg = Debug|Any CPU
		{E9C2D15F-0F36-4CE5-AC52-9FAA2CA33A8D}.Debug|Any CPU.Build.0 = Debug|Any CPU
		{E9C2D15F-0F36-4CE5-AC52-9FAA2CA33A8D}.Release|Any CPU.ActiveCfg = Release|Any CPU
		{E9C2D15F-0F36-4CE5-AC52-9FAA2CA33A8D}.Release|Any CPU.Build.0 = Release|Any CPU
		{FFE25A8E-EABB-49DA-84BC-3CD3D36C8B1C}.Debug|Any CPU.ActiveCfg = Debug|Any CPU
		{FFE25A8E-EABB-49DA-84BC-3CD3D36C8B1C}.Debug|Any CPU.Build.0 = Debug|Any CPU
		{FFE25A8E-EABB-49DA-84BC-3CD3D36C8B1C}.Release|Any CPU.ActiveCfg = Release|Any CPU
		{FFE25A8E-EABB-49DA-84BC-3CD3D36C8B1C}.Release|Any CPU.Build.0 = Release|Any CPU
		{24EFD1D3-9584-4DDD-ACB9-1A2499C5A74C}.Debug|Any CPU.ActiveCfg = Debug|Any CPU
		{24EFD1D3-9584-4DDD-ACB9-1A2499C5A74C}.Debug|Any CPU.Build.0 = Debug|Any CPU
		{24EFD1D3-9584-4DDD-ACB9-1A2499C5A74C}.Release|Any CPU.ActiveCfg = Release|Any CPU
		{24EFD1D3-9584-4DDD-ACB9-1A2499C5A74C}.Release|Any CPU.Build.0 = Release|Any CPU
		{54465553-78DF-4663-A94D-658EFE3444EB}.Debug|Any CPU.ActiveCfg = Debug|Any CPU
		{54465553-78DF-4663-A94D-658EFE3444EB}.Debug|Any CPU.Build.0 = Debug|Any CPU
		{54465553-78DF-4663-A94D-658EFE3444EB}.Release|Any CPU.ActiveCfg = Release|Any CPU
		{54465553-78DF-4663-A94D-658EFE3444EB}.Release|Any CPU.Build.0 = Release|Any CPU
		{6B7E37EF-171E-4FE2-BD2D-1168F01950B0}.Debug|Any CPU.ActiveCfg = Debug|Any CPU
		{6B7E37EF-171E-4FE2-BD2D-1168F01950B0}.Debug|Any CPU.Build.0 = Debug|Any CPU
		{6B7E37EF-171E-4FE2-BD2D-1168F01950B0}.Release|Any CPU.ActiveCfg = Release|Any CPU
		{6B7E37EF-171E-4FE2-BD2D-1168F01950B0}.Release|Any CPU.Build.0 = Release|Any CPU
		{21542009-30D0-4A71-A1EF-49A12F64ABBB}.Debug|Any CPU.ActiveCfg = Debug|Any CPU
		{21542009-30D0-4A71-A1EF-49A12F64ABBB}.Debug|Any CPU.Build.0 = Debug|Any CPU
		{21542009-30D0-4A71-A1EF-49A12F64ABBB}.Release|Any CPU.ActiveCfg = Release|Any CPU
		{21542009-30D0-4A71-A1EF-49A12F64ABBB}.Release|Any CPU.Build.0 = Release|Any CPU
		{5F8DFC83-C02F-45BA-8825-5109D96F9CE0}.Debug|Any CPU.ActiveCfg = Debug|Any CPU
		{5F8DFC83-C02F-45BA-8825-5109D96F9CE0}.Debug|Any CPU.Build.0 = Debug|Any CPU
		{5F8DFC83-C02F-45BA-8825-5109D96F9CE0}.Release|Any CPU.ActiveCfg = Release|Any CPU
		{5F8DFC83-C02F-45BA-8825-5109D96F9CE0}.Release|Any CPU.Build.0 = Release|Any CPU
		{18A0CFC2-0FC6-4BF3-ABD6-76321B882451}.Debug|Any CPU.ActiveCfg = Debug|Any CPU
		{18A0CFC2-0FC6-4BF3-ABD6-76321B882451}.Debug|Any CPU.Build.0 = Debug|Any CPU
		{18A0CFC2-0FC6-4BF3-ABD6-76321B882451}.Release|Any CPU.ActiveCfg = Release|Any CPU
		{18A0CFC2-0FC6-4BF3-ABD6-76321B882451}.Release|Any CPU.Build.0 = Release|Any CPU
		{FBEFE90D-BF52-4C99-9AC6-359AB39C60C3}.Debug|Any CPU.ActiveCfg = Debug|Any CPU
		{FBEFE90D-BF52-4C99-9AC6-359AB39C60C3}.Debug|Any CPU.Build.0 = Debug|Any CPU
		{FBEFE90D-BF52-4C99-9AC6-359AB39C60C3}.Release|Any CPU.ActiveCfg = Release|Any CPU
		{FBEFE90D-BF52-4C99-9AC6-359AB39C60C3}.Release|Any CPU.Build.0 = Release|Any CPU
		{24978DF1-269F-4260-ABBE-21F805A29FD4}.Debug|Any CPU.ActiveCfg = Debug|Any CPU
		{24978DF1-269F-4260-ABBE-21F805A29FD4}.Debug|Any CPU.Build.0 = Debug|Any CPU
		{24978DF1-269F-4260-ABBE-21F805A29FD4}.Release|Any CPU.ActiveCfg = Release|Any CPU
		{24978DF1-269F-4260-ABBE-21F805A29FD4}.Release|Any CPU.Build.0 = Release|Any CPU
		{09FC7245-70E8-4D67-93B7-AA2B7A7ADC66}.Debug|Any CPU.ActiveCfg = Debug|Any CPU
		{09FC7245-70E8-4D67-93B7-AA2B7A7ADC66}.Debug|Any CPU.Build.0 = Debug|Any CPU
		{09FC7245-70E8-4D67-93B7-AA2B7A7ADC66}.Release|Any CPU.ActiveCfg = Release|Any CPU
		{09FC7245-70E8-4D67-93B7-AA2B7A7ADC66}.Release|Any CPU.Build.0 = Release|Any CPU
		{3F02A66F-2BA9-4D98-B12B-A1E0335861FB}.Debug|Any CPU.ActiveCfg = Debug|Any CPU
		{3F02A66F-2BA9-4D98-B12B-A1E0335861FB}.Debug|Any CPU.Build.0 = Debug|Any CPU
		{3F02A66F-2BA9-4D98-B12B-A1E0335861FB}.Release|Any CPU.ActiveCfg = Release|Any CPU
		{3F02A66F-2BA9-4D98-B12B-A1E0335861FB}.Release|Any CPU.Build.0 = Release|Any CPU
		{E9A809A5-4094-4715-9898-90E52CB8EDB9}.Debug|Any CPU.ActiveCfg = Debug|Any CPU
		{E9A809A5-4094-4715-9898-90E52CB8EDB9}.Debug|Any CPU.Build.0 = Debug|Any CPU
		{E9A809A5-4094-4715-9898-90E52CB8EDB9}.Release|Any CPU.ActiveCfg = Release|Any CPU
		{E9A809A5-4094-4715-9898-90E52CB8EDB9}.Release|Any CPU.Build.0 = Release|Any CPU
		{3773954E-6CD4-491A-A54B-5571236017F2}.Debug|Any CPU.ActiveCfg = Debug|Any CPU
		{3773954E-6CD4-491A-A54B-5571236017F2}.Debug|Any CPU.Build.0 = Debug|Any CPU
		{3773954E-6CD4-491A-A54B-5571236017F2}.Release|Any CPU.ActiveCfg = Release|Any CPU
		{3773954E-6CD4-491A-A54B-5571236017F2}.Release|Any CPU.Build.0 = Release|Any CPU
		{ABBBE1FF-C6B3-458C-8090-15023BC41ACA}.Debug|Any CPU.ActiveCfg = Debug|Any CPU
		{ABBBE1FF-C6B3-458C-8090-15023BC41ACA}.Debug|Any CPU.Build.0 = Debug|Any CPU
		{ABBBE1FF-C6B3-458C-8090-15023BC41ACA}.Release|Any CPU.ActiveCfg = Release|Any CPU
		{ABBBE1FF-C6B3-458C-8090-15023BC41ACA}.Release|Any CPU.Build.0 = Release|Any CPU
		{DE6A728B-844E-4E70-9076-7FD7545F1D5D}.Debug|Any CPU.ActiveCfg = Debug|Any CPU
		{DE6A728B-844E-4E70-9076-7FD7545F1D5D}.Debug|Any CPU.Build.0 = Debug|Any CPU
		{DE6A728B-844E-4E70-9076-7FD7545F1D5D}.Release|Any CPU.ActiveCfg = Release|Any CPU
		{DE6A728B-844E-4E70-9076-7FD7545F1D5D}.Release|Any CPU.Build.0 = Release|Any CPU
		{7C513FEF-3C6D-4DA9-8597-752A21CE6B80}.Debug|Any CPU.ActiveCfg = Debug|Any CPU
		{7C513FEF-3C6D-4DA9-8597-752A21CE6B80}.Debug|Any CPU.Build.0 = Debug|Any CPU
		{7C513FEF-3C6D-4DA9-8597-752A21CE6B80}.Release|Any CPU.ActiveCfg = Release|Any CPU
		{7C513FEF-3C6D-4DA9-8597-752A21CE6B80}.Release|Any CPU.Build.0 = Release|Any CPU
		{3C1147E4-3AB1-4DAA-951E-80A980CA0AB0}.Debug|Any CPU.ActiveCfg = Debug|Any CPU
		{3C1147E4-3AB1-4DAA-951E-80A980CA0AB0}.Debug|Any CPU.Build.0 = Debug|Any CPU
		{3C1147E4-3AB1-4DAA-951E-80A980CA0AB0}.Release|Any CPU.ActiveCfg = Release|Any CPU
		{3C1147E4-3AB1-4DAA-951E-80A980CA0AB0}.Release|Any CPU.Build.0 = Release|Any CPU
		{DFC5DD7B-FBFF-4BE9-8EB4-CBE98649B1F2}.Debug|Any CPU.ActiveCfg = Debug|Any CPU
		{DFC5DD7B-FBFF-4BE9-8EB4-CBE98649B1F2}.Debug|Any CPU.Build.0 = Debug|Any CPU
		{DFC5DD7B-FBFF-4BE9-8EB4-CBE98649B1F2}.Release|Any CPU.ActiveCfg = Release|Any CPU
		{DFC5DD7B-FBFF-4BE9-8EB4-CBE98649B1F2}.Release|Any CPU.Build.0 = Release|Any CPU
		{5A90CF30-5515-42BC-9A82-10B075ED35A1}.Debug|Any CPU.ActiveCfg = Debug|Any CPU
		{5A90CF30-5515-42BC-9A82-10B075ED35A1}.Debug|Any CPU.Build.0 = Debug|Any CPU
		{5A90CF30-5515-42BC-9A82-10B075ED35A1}.Release|Any CPU.ActiveCfg = Release|Any CPU
		{5A90CF30-5515-42BC-9A82-10B075ED35A1}.Release|Any CPU.Build.0 = Release|Any CPU
		{BD7492EC-F49D-437A-8986-1D055C90E246}.Debug|Any CPU.ActiveCfg = Debug|Any CPU
		{BD7492EC-F49D-437A-8986-1D055C90E246}.Debug|Any CPU.Build.0 = Debug|Any CPU
		{BD7492EC-F49D-437A-8986-1D055C90E246}.Release|Any CPU.ActiveCfg = Release|Any CPU
		{BD7492EC-F49D-437A-8986-1D055C90E246}.Release|Any CPU.Build.0 = Release|Any CPU
		{121807F7-FC5A-4DBF-ABB5-58F619B7BE35}.Debug|Any CPU.ActiveCfg = Debug|Any CPU
		{121807F7-FC5A-4DBF-ABB5-58F619B7BE35}.Debug|Any CPU.Build.0 = Debug|Any CPU
		{121807F7-FC5A-4DBF-ABB5-58F619B7BE35}.Release|Any CPU.ActiveCfg = Release|Any CPU
		{121807F7-FC5A-4DBF-ABB5-58F619B7BE35}.Release|Any CPU.Build.0 = Release|Any CPU
		{7E29721E-D8D4-4834-972C-10CD1E1DB3ED}.Debug|Any CPU.ActiveCfg = Debug|Any CPU
		{7E29721E-D8D4-4834-972C-10CD1E1DB3ED}.Debug|Any CPU.Build.0 = Debug|Any CPU
		{7E29721E-D8D4-4834-972C-10CD1E1DB3ED}.Release|Any CPU.ActiveCfg = Release|Any CPU
		{7E29721E-D8D4-4834-972C-10CD1E1DB3ED}.Release|Any CPU.Build.0 = Release|Any CPU
		{6ACDC4C8-F41F-4A5C-A4BF-69F2A679F9A4}.Debug|Any CPU.ActiveCfg = Debug|Any CPU
		{6ACDC4C8-F41F-4A5C-A4BF-69F2A679F9A4}.Debug|Any CPU.Build.0 = Debug|Any CPU
		{6ACDC4C8-F41F-4A5C-A4BF-69F2A679F9A4}.Release|Any CPU.ActiveCfg = Release|Any CPU
		{6ACDC4C8-F41F-4A5C-A4BF-69F2A679F9A4}.Release|Any CPU.Build.0 = Release|Any CPU
		{E9423F54-8E6B-4902-AB52-6B5359D51EBF}.Debug|Any CPU.ActiveCfg = Debug|Any CPU
		{E9423F54-8E6B-4902-AB52-6B5359D51EBF}.Debug|Any CPU.Build.0 = Debug|Any CPU
		{E9423F54-8E6B-4902-AB52-6B5359D51EBF}.Release|Any CPU.ActiveCfg = Release|Any CPU
		{E9423F54-8E6B-4902-AB52-6B5359D51EBF}.Release|Any CPU.Build.0 = Release|Any CPU
		{8FA39379-861B-4EB5-89DD-85D0516D4828}.Debug|Any CPU.ActiveCfg = Debug|Any CPU
		{8FA39379-861B-4EB5-89DD-85D0516D4828}.Debug|Any CPU.Build.0 = Debug|Any CPU
		{8FA39379-861B-4EB5-89DD-85D0516D4828}.Release|Any CPU.ActiveCfg = Release|Any CPU
		{8FA39379-861B-4EB5-89DD-85D0516D4828}.Release|Any CPU.Build.0 = Release|Any CPU
		{004CE87A-86D2-4965-AAB5-A7AD5E07D8C1}.Debug|Any CPU.ActiveCfg = Debug|Any CPU
		{004CE87A-86D2-4965-AAB5-A7AD5E07D8C1}.Debug|Any CPU.Build.0 = Debug|Any CPU
		{004CE87A-86D2-4965-AAB5-A7AD5E07D8C1}.Release|Any CPU.ActiveCfg = Release|Any CPU
		{004CE87A-86D2-4965-AAB5-A7AD5E07D8C1}.Release|Any CPU.Build.0 = Release|Any CPU
		{162A651B-F5DB-46DD-998C-F8A09495968B}.Debug|Any CPU.ActiveCfg = Debug|Any CPU
		{162A651B-F5DB-46DD-998C-F8A09495968B}.Debug|Any CPU.Build.0 = Debug|Any CPU
		{162A651B-F5DB-46DD-998C-F8A09495968B}.Release|Any CPU.ActiveCfg = Release|Any CPU
		{162A651B-F5DB-46DD-998C-F8A09495968B}.Release|Any CPU.Build.0 = Release|Any CPU
		{3AF95349-0657-43E3-9C2F-24D684A5BD8A}.Debug|Any CPU.ActiveCfg = Debug|Any CPU
		{3AF95349-0657-43E3-9C2F-24D684A5BD8A}.Debug|Any CPU.Build.0 = Debug|Any CPU
		{3AF95349-0657-43E3-9C2F-24D684A5BD8A}.Release|Any CPU.ActiveCfg = Release|Any CPU
		{3AF95349-0657-43E3-9C2F-24D684A5BD8A}.Release|Any CPU.Build.0 = Release|Any CPU
		{9F3AC883-40F7-4DEA-AF5A-C16705764224}.Debug|Any CPU.ActiveCfg = Debug|Any CPU
		{9F3AC883-40F7-4DEA-AF5A-C16705764224}.Debug|Any CPU.Build.0 = Debug|Any CPU
		{9F3AC883-40F7-4DEA-AF5A-C16705764224}.Release|Any CPU.ActiveCfg = Release|Any CPU
		{9F3AC883-40F7-4DEA-AF5A-C16705764224}.Release|Any CPU.Build.0 = Release|Any CPU
		{6A7C8986-D291-45E5-9438-7DF290F60F57}.Debug|Any CPU.ActiveCfg = Debug|Any CPU
		{6A7C8986-D291-45E5-9438-7DF290F60F57}.Debug|Any CPU.Build.0 = Debug|Any CPU
		{6A7C8986-D291-45E5-9438-7DF290F60F57}.Release|Any CPU.ActiveCfg = Release|Any CPU
		{6A7C8986-D291-45E5-9438-7DF290F60F57}.Release|Any CPU.Build.0 = Release|Any CPU
		{1E9EF3CB-C7DE-48F3-9BB5-E89BF6440E9B}.Debug|Any CPU.ActiveCfg = Debug|Any CPU
		{1E9EF3CB-C7DE-48F3-9BB5-E89BF6440E9B}.Debug|Any CPU.Build.0 = Debug|Any CPU
		{1E9EF3CB-C7DE-48F3-9BB5-E89BF6440E9B}.Release|Any CPU.ActiveCfg = Release|Any CPU
		{1E9EF3CB-C7DE-48F3-9BB5-E89BF6440E9B}.Release|Any CPU.Build.0 = Release|Any CPU
		{022A9FCC-CAA7-4FA6-AD76-0BF0BCDE4B0C}.Debug|Any CPU.ActiveCfg = Debug|Any CPU
		{022A9FCC-CAA7-4FA6-AD76-0BF0BCDE4B0C}.Debug|Any CPU.Build.0 = Debug|Any CPU
		{022A9FCC-CAA7-4FA6-AD76-0BF0BCDE4B0C}.Release|Any CPU.ActiveCfg = Release|Any CPU
		{022A9FCC-CAA7-4FA6-AD76-0BF0BCDE4B0C}.Release|Any CPU.Build.0 = Release|Any CPU
		{5FB152B0-3EF2-4FF4-980E-1CFEAF34C7B2}.Debug|Any CPU.ActiveCfg = Debug|Any CPU
		{5FB152B0-3EF2-4FF4-980E-1CFEAF34C7B2}.Debug|Any CPU.Build.0 = Debug|Any CPU
		{5FB152B0-3EF2-4FF4-980E-1CFEAF34C7B2}.Release|Any CPU.ActiveCfg = Release|Any CPU
		{5FB152B0-3EF2-4FF4-980E-1CFEAF34C7B2}.Release|Any CPU.Build.0 = Release|Any CPU
		{1667C4B2-D84E-476E-81CD-4DDEB8988ADE}.Debug|Any CPU.ActiveCfg = Debug|Any CPU
		{1667C4B2-D84E-476E-81CD-4DDEB8988ADE}.Debug|Any CPU.Build.0 = Debug|Any CPU
		{1667C4B2-D84E-476E-81CD-4DDEB8988ADE}.Release|Any CPU.ActiveCfg = Release|Any CPU
		{1667C4B2-D84E-476E-81CD-4DDEB8988ADE}.Release|Any CPU.Build.0 = Release|Any CPU
		{DC563373-47DE-4A80-A6B5-825AE4B4C8B8}.Debug|Any CPU.ActiveCfg = Debug|Any CPU
		{DC563373-47DE-4A80-A6B5-825AE4B4C8B8}.Debug|Any CPU.Build.0 = Debug|Any CPU
		{DC563373-47DE-4A80-A6B5-825AE4B4C8B8}.Release|Any CPU.ActiveCfg = Release|Any CPU
		{DC563373-47DE-4A80-A6B5-825AE4B4C8B8}.Release|Any CPU.Build.0 = Release|Any CPU
		{96FB9196-07CF-4457-9FBA-19B4C2BF1966}.Debug|Any CPU.ActiveCfg = Debug|Any CPU
		{96FB9196-07CF-4457-9FBA-19B4C2BF1966}.Debug|Any CPU.Build.0 = Debug|Any CPU
		{96FB9196-07CF-4457-9FBA-19B4C2BF1966}.Release|Any CPU.ActiveCfg = Release|Any CPU
		{96FB9196-07CF-4457-9FBA-19B4C2BF1966}.Release|Any CPU.Build.0 = Release|Any CPU
		{7D35DA25-B51F-4305-A4A6-E14C36C29F5C}.Debug|Any CPU.ActiveCfg = Debug|Any CPU
		{7D35DA25-B51F-4305-A4A6-E14C36C29F5C}.Debug|Any CPU.Build.0 = Debug|Any CPU
		{7D35DA25-B51F-4305-A4A6-E14C36C29F5C}.Release|Any CPU.ActiveCfg = Release|Any CPU
		{7D35DA25-B51F-4305-A4A6-E14C36C29F5C}.Release|Any CPU.Build.0 = Release|Any CPU
		{54498677-BDB7-4C2C-96CC-96B8208BC309}.Debug|Any CPU.ActiveCfg = Debug|Any CPU
		{54498677-BDB7-4C2C-96CC-96B8208BC309}.Debug|Any CPU.Build.0 = Debug|Any CPU
		{54498677-BDB7-4C2C-96CC-96B8208BC309}.Release|Any CPU.ActiveCfg = Release|Any CPU
		{54498677-BDB7-4C2C-96CC-96B8208BC309}.Release|Any CPU.Build.0 = Release|Any CPU
		{EC6AAB49-35AD-4811-88B2-0E0B1BF7542D}.Debug|Any CPU.ActiveCfg = Debug|Any CPU
		{EC6AAB49-35AD-4811-88B2-0E0B1BF7542D}.Debug|Any CPU.Build.0 = Debug|Any CPU
		{EC6AAB49-35AD-4811-88B2-0E0B1BF7542D}.Release|Any CPU.ActiveCfg = Release|Any CPU
		{EC6AAB49-35AD-4811-88B2-0E0B1BF7542D}.Release|Any CPU.Build.0 = Release|Any CPU
		{4FB9FE71-EA6F-44DF-BDBC-14C51FF1CF89}.Debug|Any CPU.ActiveCfg = Debug|Any CPU
		{4FB9FE71-EA6F-44DF-BDBC-14C51FF1CF89}.Debug|Any CPU.Build.0 = Debug|Any CPU
		{4FB9FE71-EA6F-44DF-BDBC-14C51FF1CF89}.Release|Any CPU.ActiveCfg = Release|Any CPU
		{4FB9FE71-EA6F-44DF-BDBC-14C51FF1CF89}.Release|Any CPU.Build.0 = Release|Any CPU
		{D3B07138-57A5-4575-8705-13C4574D2FE3}.Debug|Any CPU.ActiveCfg = Debug|Any CPU
		{D3B07138-57A5-4575-8705-13C4574D2FE3}.Debug|Any CPU.Build.0 = Debug|Any CPU
		{D3B07138-57A5-4575-8705-13C4574D2FE3}.Release|Any CPU.ActiveCfg = Release|Any CPU
		{D3B07138-57A5-4575-8705-13C4574D2FE3}.Release|Any CPU.Build.0 = Release|Any CPU
		{693CF3DC-5DEB-46B1-B1D0-93172B2068C9}.Debug|Any CPU.ActiveCfg = Debug|Any CPU
		{693CF3DC-5DEB-46B1-B1D0-93172B2068C9}.Debug|Any CPU.Build.0 = Debug|Any CPU
		{693CF3DC-5DEB-46B1-B1D0-93172B2068C9}.Release|Any CPU.ActiveCfg = Release|Any CPU
		{693CF3DC-5DEB-46B1-B1D0-93172B2068C9}.Release|Any CPU.Build.0 = Release|Any CPU
		{FDA5AA77-F265-42CD-9A1D-B750E174D27D}.Debug|Any CPU.ActiveCfg = Debug|Any CPU
		{FDA5AA77-F265-42CD-9A1D-B750E174D27D}.Debug|Any CPU.Build.0 = Debug|Any CPU
		{FDA5AA77-F265-42CD-9A1D-B750E174D27D}.Release|Any CPU.ActiveCfg = Release|Any CPU
		{FDA5AA77-F265-42CD-9A1D-B750E174D27D}.Release|Any CPU.Build.0 = Release|Any CPU
		{4B91D9F5-F34E-476A-AFD7-7571E8B1A5C7}.Debug|Any CPU.ActiveCfg = Debug|Any CPU
		{4B91D9F5-F34E-476A-AFD7-7571E8B1A5C7}.Debug|Any CPU.Build.0 = Debug|Any CPU
		{4B91D9F5-F34E-476A-AFD7-7571E8B1A5C7}.Release|Any CPU.ActiveCfg = Release|Any CPU
		{4B91D9F5-F34E-476A-AFD7-7571E8B1A5C7}.Release|Any CPU.Build.0 = Release|Any CPU
		{7F1AA2B9-4FCC-4643-9978-F669911D3809}.Debug|Any CPU.ActiveCfg = Debug|Any CPU
		{7F1AA2B9-4FCC-4643-9978-F669911D3809}.Debug|Any CPU.Build.0 = Debug|Any CPU
		{7F1AA2B9-4FCC-4643-9978-F669911D3809}.Release|Any CPU.ActiveCfg = Release|Any CPU
		{7F1AA2B9-4FCC-4643-9978-F669911D3809}.Release|Any CPU.Build.0 = Release|Any CPU
		{934C2704-1D45-4DD3-9E3F-981D83DFA5F1}.Debug|Any CPU.ActiveCfg = Debug|Any CPU
		{934C2704-1D45-4DD3-9E3F-981D83DFA5F1}.Debug|Any CPU.Build.0 = Debug|Any CPU
		{934C2704-1D45-4DD3-9E3F-981D83DFA5F1}.Release|Any CPU.ActiveCfg = Release|Any CPU
		{934C2704-1D45-4DD3-9E3F-981D83DFA5F1}.Release|Any CPU.Build.0 = Release|Any CPU
		{3CF0BF59-1CFA-439B-B78A-DAEC25D5B62A}.Debug|Any CPU.ActiveCfg = Debug|Any CPU
		{3CF0BF59-1CFA-439B-B78A-DAEC25D5B62A}.Debug|Any CPU.Build.0 = Debug|Any CPU
		{3CF0BF59-1CFA-439B-B78A-DAEC25D5B62A}.Release|Any CPU.ActiveCfg = Release|Any CPU
		{3CF0BF59-1CFA-439B-B78A-DAEC25D5B62A}.Release|Any CPU.Build.0 = Release|Any CPU
		{1CB0CD39-31C3-4C43-8DE5-3D5E4BBFF283}.Debug|Any CPU.ActiveCfg = Debug|Any CPU
		{1CB0CD39-31C3-4C43-8DE5-3D5E4BBFF283}.Debug|Any CPU.Build.0 = Debug|Any CPU
		{1CB0CD39-31C3-4C43-8DE5-3D5E4BBFF283}.Release|Any CPU.ActiveCfg = Release|Any CPU
		{1CB0CD39-31C3-4C43-8DE5-3D5E4BBFF283}.Release|Any CPU.Build.0 = Release|Any CPU
		{BE130F77-9D1B-4CC2-8DCA-9435DFDB6E12}.Debug|Any CPU.ActiveCfg = Debug|Any CPU
		{BE130F77-9D1B-4CC2-8DCA-9435DFDB6E12}.Debug|Any CPU.Build.0 = Debug|Any CPU
		{BE130F77-9D1B-4CC2-8DCA-9435DFDB6E12}.Release|Any CPU.ActiveCfg = Release|Any CPU
		{BE130F77-9D1B-4CC2-8DCA-9435DFDB6E12}.Release|Any CPU.Build.0 = Release|Any CPU
		{6A37A4FF-DFDA-4564-8243-08BFD7A043D7}.Debug|Any CPU.ActiveCfg = Debug|Any CPU
		{6A37A4FF-DFDA-4564-8243-08BFD7A043D7}.Debug|Any CPU.Build.0 = Debug|Any CPU
		{6A37A4FF-DFDA-4564-8243-08BFD7A043D7}.Release|Any CPU.ActiveCfg = Release|Any CPU
		{6A37A4FF-DFDA-4564-8243-08BFD7A043D7}.Release|Any CPU.Build.0 = Release|Any CPU
		{54C2ED18-8FE8-4D76-811A-9E92B5B5E1A1}.Debug|Any CPU.ActiveCfg = Debug|Any CPU
		{54C2ED18-8FE8-4D76-811A-9E92B5B5E1A1}.Debug|Any CPU.Build.0 = Debug|Any CPU
		{54C2ED18-8FE8-4D76-811A-9E92B5B5E1A1}.Release|Any CPU.ActiveCfg = Release|Any CPU
		{54C2ED18-8FE8-4D76-811A-9E92B5B5E1A1}.Release|Any CPU.Build.0 = Release|Any CPU
	EndGlobalSection
	GlobalSection(SolutionProperties) = preSolution
		HideSolutionNode = FALSE
	EndGlobalSection
	GlobalSection(ExtensibilityGlobals) = postSolution
		SolutionGuid = {74B74823-B84E-48FB-A1A0-F9487C4058F6}
	EndGlobalSection
EndGlobal
