
Microsoft Visual Studio Solution File, Format Version 12.00
# Visual Studio 15
VisualStudioVersion = 15.0.27130.2024
MinimumVisualStudioVersion = 10.0.40219.1
Project("{FAE04EC0-301F-11D3-BF4B-00C04F79EFBC}") = "VisualTypeDesignerApp", "VisualTypeDesignerApp\VisualTypeDesignerApp.csproj", "{9A534D90-E54C-45FF-983F-633AC6DF7855}"
EndProject
Project("{FAE04EC0-301F-11D3-BF4B-00C04F79EFBC}") = "SimpleCSharpApp", "SimpleCSharpApp\SimpleCSharpApp.csproj", "{C20F5C7B-F9BF-46C8-8213-78D952B33652}"
EndProject
Project("{FAE04EC0-301F-11D3-BF4B-00C04F79EFBC}") = "BasicConsoleIO", "BasicConsoleIO\BasicConsoleIO.csproj", "{18D6CB10-10F0-437E-87B7-9D54D69F8E9B}"
EndProject
Project("{FAE04EC0-301F-11D3-BF4B-00C04F79EFBC}") = "BasicDataTypes", "BasicDataTypes\BasicDataTypes.csproj", "{4CBB9280-8573-4EDB-A9FC-B90C86004A7B}"
EndProject
Project("{FAE04EC0-301F-11D3-BF4B-00C04F79EFBC}") = "FunWithStrings", "FunWithStrings\FunWithStrings.csproj", "{578D8DBB-F656-4354-9929-71B014F355CA}"
EndProject
Project("{FAE04EC0-301F-11D3-BF4B-00C04F79EFBC}") = "TypeConversions", "TypeConversions\TypeConversions.csproj", "{FD32776C-B743-4EF4-BD34-92CFE3D3013D}"
EndProject
Project("{FAE04EC0-301F-11D3-BF4B-00C04F79EFBC}") = "ImplicitlyTypedLocalVars", "ImplicitlyTypedLocalVars\ImplicitlyTypedLocalVars.csproj", "{A1DC584B-4A2F-440A-A8E0-A873F46DECFF}"
EndProject
Project("{FAE04EC0-301F-11D3-BF4B-00C04F79EFBC}") = "IterationsAndDecisions", "IterationsAndDecisions\IterationsAndDecisions.csproj", "{D56C9F84-0F9C-4FA2-BF66-2E406B302427}"
EndProject
Project("{FAE04EC0-301F-11D3-BF4B-00C04F79EFBC}") = "FunWithMethods", "FunWithMethods\FunWithMethods.csproj", "{C342BD82-331B-48EB-B067-2F9FED636245}"
EndProject
Project("{FAE04EC0-301F-11D3-BF4B-00C04F79EFBC}") = "MethodOverloading", "MethodOverloading\MethodOverloading.csproj", "{301C125D-BCEE-482C-B0DC-4F3FF95AA201}"
EndProject
Project("{FAE04EC0-301F-11D3-BF4B-00C04F79EFBC}") = "FunWithArrays", "FunWithArrays\FunWithArrays.csproj", "{5E71AE32-CC81-41BA-8ED2-B4E30C9DF1B2}"
EndProject
Project("{FAE04EC0-301F-11D3-BF4B-00C04F79EFBC}") = "FunWithEnums", "FunWithEnums\FunWithEnums.csproj", "{EAC8CC8D-903F-4B91-A113-3DDE26E2B4FF}"
EndProject
Project("{FAE04EC0-301F-11D3-BF4B-00C04F79EFBC}") = "FunWithStructures", "FunWithStructures\FunWithStructures.csproj", "{3C99CB03-281B-41F2-B2D4-86638233E513}"
EndProject
Project("{FAE04EC0-301F-11D3-BF4B-00C04F79EFBC}") = "ValueAndReferenceTypes", "ValueAndReferenceTypes\ValueAndReferenceTypes.csproj", "{7E1EB6C1-3E70-4130-869F-0A2E5DC1D7A5}"
EndProject
Project("{FAE04EC0-301F-11D3-BF4B-00C04F79EFBC}") = "RefTypeValTypeParams", "RefTypeValTypeParams\RefTypeValTypeParams.csproj", "{E7DE016C-5176-400F-942E-15BD23D94E07}"
EndProject
Project("{FAE04EC0-301F-11D3-BF4B-00C04F79EFBC}") = "NullableTypes", "NullableTypes\NullableTypes.csproj", "{01F9A1B3-0D2D-4C37-AFEF-EB2E127F1CB0}"
EndProject
Project("{FAE04EC0-301F-11D3-BF4B-00C04F79EFBC}") = "SimpleClassExample", "SimpleClassExample\SimpleClassExample.csproj", "{8C5BF9FA-FC78-44D7-927D-1D1F39A8CDF7}"
EndProject
Project("{FAE04EC0-301F-11D3-BF4B-00C04F79EFBC}") = "StaticDataAndMembers", "StaticDataAndMembers\StaticDataAndMembers.csproj", "{F1972F26-7160-4770-A331-5FAFAC582F64}"
EndProject
Project("{FAE04EC0-301F-11D3-BF4B-00C04F79EFBC}") = "SimpleUtilityClass", "SimpleUtilityClass\SimpleUtilityClass.csproj", "{33A78D21-6B2B-40FD-93F8-36223EBAB386}"
EndProject
Project("{FAE04EC0-301F-11D3-BF4B-00C04F79EFBC}") = "EmployeeApp", "EmployeeApp\EmployeeApp.csproj", "{016D2D4B-403C-4E72-AC6E-3CA261087540}"
EndProject
Project("{FAE04EC0-301F-11D3-BF4B-00C04F79EFBC}") = "AutoProps", "AutoProps\AutoProps.csproj", "{C7DC4686-CF66-4E7E-AB98-D5BDF84D9144}"
EndProject
Project("{FAE04EC0-301F-11D3-BF4B-00C04F79EFBC}") = "ObjectsInitializers", "ObjectsInitializers\ObjectsInitializers.csproj", "{99981F34-A52C-4B81-911E-8F738288DABA}"
EndProject
Project("{FAE04EC0-301F-11D3-BF4B-00C04F79EFBC}") = "ConstData", "ConstData\ConstData.csproj", "{7840A6E5-E865-4541-8ACD-1F66BB35715A}"
EndProject
Project("{FAE04EC0-301F-11D3-BF4B-00C04F79EFBC}") = "BasicInheritance", "BasicInheritance\BasicInheritance.csproj", "{13E0EAC9-C099-49DE-B07D-FDA4513845FD}"
EndProject
Project("{FAE04EC0-301F-11D3-BF4B-00C04F79EFBC}") = "Employees", "Employees\Employees.csproj", "{C6765B47-FB42-4D3A-819C-0B3C704584A4}"
EndProject
Project("{FAE04EC0-301F-11D3-BF4B-00C04F79EFBC}") = "Shapes", "Shapes\Shapes.csproj", "{C9CB95F6-84FB-411C-8894-1AFFE3E6224B}"
EndProject
Project("{FAE04EC0-301F-11D3-BF4B-00C04F79EFBC}") = "ObjectOverrides", "ObjectOverrides\ObjectOverrides.csproj", "{929E4963-1227-4858-8F87-7AC0470329EA}"
EndProject
Project("{FAE04EC0-301F-11D3-BF4B-00C04F79EFBC}") = "SimpleException", "SimpleException\SimpleException.csproj", "{0587996C-A2F8-4618-92C6-3E36EF1DBF83}"
EndProject
Project("{FAE04EC0-301F-11D3-BF4B-00C04F79EFBC}") = "CustomException", "CustomException\CustomException.csproj", "{71E16104-9228-46E4-B404-09F8B1BC2E91}"
EndProject
Project("{FAE04EC0-301F-11D3-BF4B-00C04F79EFBC}") = "ProcessMultipleExceptions", "ProcessMultipleExceptions\ProcessMultipleExceptions.csproj", "{29305921-7231-4C08-8817-61F9B845C9BB}"
EndProject
Project("{FAE04EC0-301F-11D3-BF4B-00C04F79EFBC}") = "ICloneableExample", "ICloneableExample\ICloneableExample.csproj", "{21088ECE-58F7-4DA1-9754-B5B212478655}"
EndProject
Project("{FAE04EC0-301F-11D3-BF4B-00C04F79EFBC}") = "CustomInterface", "CustomInterface\CustomInterface.csproj", "{287819FF-96EC-41E8-B4DA-E9D77B0D2324}"
EndProject
Project("{FAE04EC0-301F-11D3-BF4B-00C04F79EFBC}") = "InterfaceNameClash", "InterfaceNameClash\InterfaceNameClash.csproj", "{150D4228-3F3E-4B9B-AEC5-6F27178513DC}"
EndProject
Project("{FAE04EC0-301F-11D3-BF4B-00C04F79EFBC}") = "InterfaceHierarchy", "InterfaceHierarchy\InterfaceHierarchy.csproj", "{9FBFC91D-7F6A-4A79-A531-B1430CC9D8D1}"
EndProject
Project("{FAE04EC0-301F-11D3-BF4B-00C04F79EFBC}") = "MIInterfaceHierarchy", "MIInterfaceHierarchy\MIInterfaceHierarchy.csproj", "{A5867DD4-D2B2-49A7-A3D9-BA64D02AD7E1}"
EndProject
Project("{FAE04EC0-301F-11D3-BF4B-00C04F79EFBC}") = "CustomEnumerator", "CustomEnumerator\CustomEnumerator.csproj", "{A0231161-96AD-42B2-AF70-7334D561770E}"
EndProject
Project("{FAE04EC0-301F-11D3-BF4B-00C04F79EFBC}") = "CustomEnumeratorWithYield", "CustomEnumeratorWithYield\CustomEnumeratorWithYield.csproj", "{09F94EC5-626D-42D9-82E8-47D143575449}"
EndProject
Project("{FAE04EC0-301F-11D3-BF4B-00C04F79EFBC}") = "CloneablePoint", "CloneablePoint\CloneablePoint.csproj", "{2167A9E8-FE9A-4210-BFF8-D0EF6F531616}"
EndProject
Project("{FAE04EC0-301F-11D3-BF4B-00C04F79EFBC}") = "ComparableCar", "ComparableCar\ComparableCar.csproj", "{5F127AC6-9E7C-4327-ABE4-A959E00726A4}"
EndProject
Project("{FAE04EC0-301F-11D3-BF4B-00C04F79EFBC}") = "IssuesWithNongenericCollections", "IssuesWithNongenericCollections\IssuesWithNongenericCollections.csproj", "{DABB5FAA-30ED-4CFC-8108-859FDA6D9BD6}"
EndProject
Project("{FAE04EC0-301F-11D3-BF4B-00C04F79EFBC}") = "FunWithGenericCollections", "FunWithGenericCollections\FunWithGenericCollections.csproj", "{2A2E4172-DBC8-4497-A65F-1212293318AE}"
EndProject
Project("{FAE04EC0-301F-11D3-BF4B-00C04F79EFBC}") = "FunWithObservableCollection", "FunWithObservableCollection\FunWithObservableCollection.csproj", "{21E06AA8-2392-4C08-B5C5-86366E8C290E}"
EndProject
Project("{FAE04EC0-301F-11D3-BF4B-00C04F79EFBC}") = "CustomGenericMethods", "CustomGenericMethods\CustomGenericMethods.csproj", "{0A5FABE5-6D70-4568-BB2E-BB3185239BA0}"
EndProject
Project("{FAE04EC0-301F-11D3-BF4B-00C04F79EFBC}") = "GenericPoint", "GenericPoint\GenericPoint.csproj", "{D978D750-AEDF-46B5-A52A-1AD330DAFDD9}"
EndProject
Project("{FAE04EC0-301F-11D3-BF4B-00C04F79EFBC}") = "SimpleDelegate", "SimpleDelegate\SimpleDelegate.csproj", "{5435AEE2-A98C-4AFD-BC36-331F76A22430}"
EndProject
Project("{FAE04EC0-301F-11D3-BF4B-00C04F79EFBC}") = "CarDelegate", "CarDelegate\CarDelegate.csproj", "{3AE7B82B-8D8B-407D-BA63-981CD9F5E0CB}"
EndProject
Project("{FAE04EC0-301F-11D3-BF4B-00C04F79EFBC}") = "CarDelegateMethodGroupConversion", "CarDelegateMethodGroupConversion\CarDelegateMethodGroupConversion.csproj", "{27D51101-CD2D-452D-8336-B43738F82F2C}"
EndProject
Project("{FAE04EC0-301F-11D3-BF4B-00C04F79EFBC}") = "GenericDelegate", "GenericDelegate\GenericDelegate.csproj", "{670BA3B3-59EA-412D-963D-7EF4A5EDC80C}"
EndProject
Project("{FAE04EC0-301F-11D3-BF4B-00C04F79EFBC}") = "ActionAndFuncDelegates", "ActionAndFuncDelegates\ActionAndFuncDelegates.csproj", "{FD58BB74-F915-4717-AA70-980D8B091CF0}"
EndProject
Project("{FAE04EC0-301F-11D3-BF4B-00C04F79EFBC}") = "PublicDelegateProblem", "PublicDelegateProblem\PublicDelegateProblem.csproj", "{86DD96A4-CA36-438A-87B5-C17EEF59D22E}"
EndProject
Project("{FAE04EC0-301F-11D3-BF4B-00C04F79EFBC}") = "CarEvents", "CarEvents\CarEvents.csproj", "{323C07AD-C338-4B41-906C-B5BBD921A3AE}"
EndProject
Project("{FAE04EC0-301F-11D3-BF4B-00C04F79EFBC}") = "CarEventArgs", "CarEventArgs\CarEventArgs.csproj", "{B9938A57-0EF8-4186-85EF-2E23BD41598C}"
EndProject
Project("{FAE04EC0-301F-11D3-BF4B-00C04F79EFBC}") = "GenericCarEventArgs", "GenericCarEventArgs\GenericCarEventArgs.csproj", "{6E72222F-F437-4EE2-A030-2C0C6FCBD9FE}"
EndProject
Project("{FAE04EC0-301F-11D3-BF4B-00C04F79EFBC}") = "AnonimousMethods", "AnonimousMethods\AnonimousMethods.csproj", "{BE0A09E1-17A3-4570-8FB4-A7650980E739}"
EndProject
Project("{FAE04EC0-301F-11D3-BF4B-00C04F79EFBC}") = "SimpleLambdaExpressions", "SimpleLambdaExpressions\SimpleLambdaExpressions.csproj", "{19ACBF15-D21A-42A5-AAB6-32E20565DF56}"
EndProject
Project("{FAE04EC0-301F-11D3-BF4B-00C04F79EFBC}") = "LambdaExpressionsMultipleParams", "LambdaExpressionsMultipleParams\LambdaExpressionsMultipleParams.csproj", "{25F5E998-80C2-4793-8EC4-3A85C87E11F4}"
EndProject
Project("{FAE04EC0-301F-11D3-BF4B-00C04F79EFBC}") = "CarEventsWithLambdas", "CarEventsWithLambdas\CarEventsWithLambdas.csproj", "{777F0320-CF1E-4F5C-94CE-ED92F1155214}"
EndProject
Project("{FAE04EC0-301F-11D3-BF4B-00C04F79EFBC}") = "SimpleIndexer", "SimpleIndexer\SimpleIndexer.csproj", "{17F01DA5-CC98-426D-B762-2A57AE82D05D}"
EndProject
Project("{FAE04EC0-301F-11D3-BF4B-00C04F79EFBC}") = "StringIndexer", "StringIndexer\StringIndexer.csproj", "{5EFCF38B-D199-4C9C-9245-051C01EC9A67}"
EndProject
Project("{FAE04EC0-301F-11D3-BF4B-00C04F79EFBC}") = "OverloadedOps", "OverloadedOps\OverloadedOps.csproj", "{F049C89B-9981-4CE2-82AC-654CA4F1BCCA}"
EndProject
Project("{FAE04EC0-301F-11D3-BF4B-00C04F79EFBC}") = "CustomCoversions", "CustomCoversions\CustomCoversions.csproj", "{20D2287A-B90A-4F59-A9B8-E593E63D5C73}"
EndProject
Project("{FAE04EC0-301F-11D3-BF4B-00C04F79EFBC}") = "ExtensionMethods", "ExtensionMethods\ExtensionMethods.csproj", "{2BDBFCF7-A1E7-42E1-98C1-24E21E9818B6}"
EndProject
Project("{FAE04EC0-301F-11D3-BF4B-00C04F79EFBC}") = "InterfaceExtensions", "InterfaceExtensions\InterfaceExtensions.csproj", "{B4F3D7FA-266E-4C62-838F-427A15F33A28}"
EndProject
Project("{FAE04EC0-301F-11D3-BF4B-00C04F79EFBC}") = "AnonimousTypes", "AnonimousTypes\AnonimousTypes.csproj", "{AC59F551-3751-427B-ADBB-68FF16F0D530}"
EndProject
Project("{FAE04EC0-301F-11D3-BF4B-00C04F79EFBC}") = "UnsafeCode", "UnsafeCode\UnsafeCode.csproj", "{4183499C-0C7C-4738-A6C8-D21C9B2FAAEB}"
EndProject
Project("{FAE04EC0-301F-11D3-BF4B-00C04F79EFBC}") = "LinqOverArray", "LinqOverArray\LinqOverArray.csproj", "{FEF686A0-F4B3-48A6-B3C0-B77CA1A67348}"
EndProject
Project("{FAE04EC0-301F-11D3-BF4B-00C04F79EFBC}") = "LinqRetValues", "LinqRetValues\LinqRetValues.csproj", "{6118AA37-E440-4A59-9B91-46866E9DA350}"
EndProject
Project("{FAE04EC0-301F-11D3-BF4B-00C04F79EFBC}") = "ListOverCollections", "ListOverCollections\ListOverCollections.csproj", "{D2FA6396-F22C-43AE-880D-A508AAADF6D3}"
EndProject
Project("{FAE04EC0-301F-11D3-BF4B-00C04F79EFBC}") = "FunWithLinqExpressions", "FunWithLinqExpressions\FunWithLinqExpressions.csproj", "{DC4FBF8D-1C9B-4612-BA0E-2A30A351599E}"
EndProject
Project("{FAE04EC0-301F-11D3-BF4B-00C04F79EFBC}") = "LinqUsingEnumerable", "LinqUsingEnumerable\LinqUsingEnumerable.csproj", "{EE665386-F654-4D71-9D80-9AC330D4DCE2}"
EndProject
Project("{FAE04EC0-301F-11D3-BF4B-00C04F79EFBC}") = "SimpleGC", "SimpleGC\SimpleGC.csproj", "{3EAF747A-B331-4776-BCB8-789CF164D2E3}"
EndProject
Project("{FAE04EC0-301F-11D3-BF4B-00C04F79EFBC}") = "SimpleFinalize", "SimpleFinalize\SimpleFinalize.csproj", "{53688403-556E-4395-AC0C-DBFF7BFD2F25}"
EndProject
Project("{FAE04EC0-301F-11D3-BF4B-00C04F79EFBC}") = "SimpleDispose", "SimpleDispose\SimpleDispose.csproj", "{975DC0E6-D1A9-444A-8659-9E8E08C61EDB}"
EndProject
Project("{FAE04EC0-301F-11D3-BF4B-00C04F79EFBC}") = "FinalizableDisposableClass", "FinalizableDisposableClass\FinalizableDisposableClass.csproj", "{53506AA5-9F05-46B4-8DCE-571D36BD672E}"
EndProject
Project("{FAE04EC0-301F-11D3-BF4B-00C04F79EFBC}") = "LazyObjectInstantiation", "LazyObjectInstantiation\LazyObjectInstantiation.csproj", "{A9E3062C-72FE-48E0-BEC6-D12ED2DF4F63}"
EndProject
Project("{FAE04EC0-301F-11D3-BF4B-00C04F79EFBC}") = "CustomNamespaces", "CustomNamespaces\CustomNamespaces.csproj", "{FDA1B8FF-EB33-4C69-9A75-EBBA15CDEAB5}"
EndProject
Project("{FAE04EC0-301F-11D3-BF4B-00C04F79EFBC}") = "CarLibrary", "CarLibrary\CarLibrary.csproj", "{DC19F6CF-A5B7-4D62-9E90-ADB4C228812E}"
EndProject
Project("{FAE04EC0-301F-11D3-BF4B-00C04F79EFBC}") = "CShaprCarClient", "CShaprCarClient\CShaprCarClient.csproj", "{ED39BB5E-40F5-4670-9F26-E7F56DD223D6}"
EndProject
Project("{FAE04EC0-301F-11D3-BF4B-00C04F79EFBC}") = "SharedCarLibClient", "SharedCarLibClient\SharedCarLibClient.csproj", "{CCB40151-6631-475B-9EF4-9106D92360A2}"
EndProject
Project("{FAE04EC0-301F-11D3-BF4B-00C04F79EFBC}") = "CodeBaseClient", "CodeBaseClient\CodeBaseClient.csproj", "{6190140F-A573-491E-88AA-62D694A6F634}"
EndProject
Project("{FAE04EC0-301F-11D3-BF4B-00C04F79EFBC}") = "AppConfigReaderApp", "AppConfigReaderApp\AppConfigReaderApp.csproj", "{188BF5A7-3D4C-44C7-9B3C-660CE0B47431}"
EndProject
Project("{FAE04EC0-301F-11D3-BF4B-00C04F79EFBC}") = "MyTypeViewer", "MyTypeViewer\MyTypeViewer.csproj", "{A7FC9A5C-EFEE-49AC-A9C9-05C30893638F}"
EndProject
Project("{FAE04EC0-301F-11D3-BF4B-00C04F79EFBC}") = "ExternalAssemblyReflector", "ExternalAssemblyReflector\ExternalAssemblyReflector.csproj", "{25B374BD-3B47-463B-A3AB-547E5AE2A55A}"
EndProject
Project("{FAE04EC0-301F-11D3-BF4B-00C04F79EFBC}") = "SharedAsmReflector", "SharedAsmReflector\SharedAsmReflector.csproj", "{3ACD39B5-F118-4848-BFA9-09FFAAEF7090}"
EndProject
Project("{FAE04EC0-301F-11D3-BF4B-00C04F79EFBC}") = "LateBindingApp", "LateBindingApp\LateBindingApp.csproj", "{BBEC0E00-85CE-42A2-9BEC-2F584BFAA191}"
EndProject
Project("{FAE04EC0-301F-11D3-BF4B-00C04F79EFBC}") = "ApplyingAttributes", "ApplyingAttributes\ApplyingAttributes.csproj", "{5630E736-9571-46D9-B180-0CF661CBF0E8}"
EndProject
Project("{FAE04EC0-301F-11D3-BF4B-00C04F79EFBC}") = "AttributedCarLibrary", "AttributedCarLibrary\AttributedCarLibrary.csproj", "{C44014D1-8E48-41B2-8C50-6BB48E06A46D}"
EndProject
Project("{FAE04EC0-301F-11D3-BF4B-00C04F79EFBC}") = "VehicleDescriptionAttributeReader", "VehicleDescriptionAttributeReader\VehicleDescriptionAttributeReader.csproj", "{F3A78EB1-DF6F-47CF-81B4-1C3401AF6B16}"
EndProject
Global
	GlobalSection(SolutionConfigurationPlatforms) = preSolution
		Debug|Any CPU = Debug|Any CPU
		Release|Any CPU = Release|Any CPU
	EndGlobalSection
	GlobalSection(ProjectConfigurationPlatforms) = postSolution
		{9A534D90-E54C-45FF-983F-633AC6DF7855}.Debug|Any CPU.ActiveCfg = Debug|Any CPU
		{9A534D90-E54C-45FF-983F-633AC6DF7855}.Debug|Any CPU.Build.0 = Debug|Any CPU
		{9A534D90-E54C-45FF-983F-633AC6DF7855}.Release|Any CPU.ActiveCfg = Release|Any CPU
		{9A534D90-E54C-45FF-983F-633AC6DF7855}.Release|Any CPU.Build.0 = Release|Any CPU
		{C20F5C7B-F9BF-46C8-8213-78D952B33652}.Debug|Any CPU.ActiveCfg = Debug|Any CPU
		{C20F5C7B-F9BF-46C8-8213-78D952B33652}.Debug|Any CPU.Build.0 = Debug|Any CPU
		{C20F5C7B-F9BF-46C8-8213-78D952B33652}.Release|Any CPU.ActiveCfg = Release|Any CPU
		{C20F5C7B-F9BF-46C8-8213-78D952B33652}.Release|Any CPU.Build.0 = Release|Any CPU
		{18D6CB10-10F0-437E-87B7-9D54D69F8E9B}.Debug|Any CPU.ActiveCfg = Debug|Any CPU
		{18D6CB10-10F0-437E-87B7-9D54D69F8E9B}.Debug|Any CPU.Build.0 = Debug|Any CPU
		{18D6CB10-10F0-437E-87B7-9D54D69F8E9B}.Release|Any CPU.ActiveCfg = Release|Any CPU
		{18D6CB10-10F0-437E-87B7-9D54D69F8E9B}.Release|Any CPU.Build.0 = Release|Any CPU
		{4CBB9280-8573-4EDB-A9FC-B90C86004A7B}.Debug|Any CPU.ActiveCfg = Debug|Any CPU
		{4CBB9280-8573-4EDB-A9FC-B90C86004A7B}.Debug|Any CPU.Build.0 = Debug|Any CPU
		{4CBB9280-8573-4EDB-A9FC-B90C86004A7B}.Release|Any CPU.ActiveCfg = Release|Any CPU
		{4CBB9280-8573-4EDB-A9FC-B90C86004A7B}.Release|Any CPU.Build.0 = Release|Any CPU
		{578D8DBB-F656-4354-9929-71B014F355CA}.Debug|Any CPU.ActiveCfg = Debug|Any CPU
		{578D8DBB-F656-4354-9929-71B014F355CA}.Debug|Any CPU.Build.0 = Debug|Any CPU
		{578D8DBB-F656-4354-9929-71B014F355CA}.Release|Any CPU.ActiveCfg = Release|Any CPU
		{578D8DBB-F656-4354-9929-71B014F355CA}.Release|Any CPU.Build.0 = Release|Any CPU
		{FD32776C-B743-4EF4-BD34-92CFE3D3013D}.Debug|Any CPU.ActiveCfg = Debug|Any CPU
		{FD32776C-B743-4EF4-BD34-92CFE3D3013D}.Debug|Any CPU.Build.0 = Debug|Any CPU
		{FD32776C-B743-4EF4-BD34-92CFE3D3013D}.Release|Any CPU.ActiveCfg = Release|Any CPU
		{FD32776C-B743-4EF4-BD34-92CFE3D3013D}.Release|Any CPU.Build.0 = Release|Any CPU
		{A1DC584B-4A2F-440A-A8E0-A873F46DECFF}.Debug|Any CPU.ActiveCfg = Debug|Any CPU
		{A1DC584B-4A2F-440A-A8E0-A873F46DECFF}.Debug|Any CPU.Build.0 = Debug|Any CPU
		{A1DC584B-4A2F-440A-A8E0-A873F46DECFF}.Release|Any CPU.ActiveCfg = Release|Any CPU
		{A1DC584B-4A2F-440A-A8E0-A873F46DECFF}.Release|Any CPU.Build.0 = Release|Any CPU
		{D56C9F84-0F9C-4FA2-BF66-2E406B302427}.Debug|Any CPU.ActiveCfg = Debug|Any CPU
		{D56C9F84-0F9C-4FA2-BF66-2E406B302427}.Debug|Any CPU.Build.0 = Debug|Any CPU
		{D56C9F84-0F9C-4FA2-BF66-2E406B302427}.Release|Any CPU.ActiveCfg = Release|Any CPU
		{D56C9F84-0F9C-4FA2-BF66-2E406B302427}.Release|Any CPU.Build.0 = Release|Any CPU
		{C342BD82-331B-48EB-B067-2F9FED636245}.Debug|Any CPU.ActiveCfg = Debug|Any CPU
		{C342BD82-331B-48EB-B067-2F9FED636245}.Debug|Any CPU.Build.0 = Debug|Any CPU
		{C342BD82-331B-48EB-B067-2F9FED636245}.Release|Any CPU.ActiveCfg = Release|Any CPU
		{C342BD82-331B-48EB-B067-2F9FED636245}.Release|Any CPU.Build.0 = Release|Any CPU
		{301C125D-BCEE-482C-B0DC-4F3FF95AA201}.Debug|Any CPU.ActiveCfg = Debug|Any CPU
		{301C125D-BCEE-482C-B0DC-4F3FF95AA201}.Debug|Any CPU.Build.0 = Debug|Any CPU
		{301C125D-BCEE-482C-B0DC-4F3FF95AA201}.Release|Any CPU.ActiveCfg = Release|Any CPU
		{301C125D-BCEE-482C-B0DC-4F3FF95AA201}.Release|Any CPU.Build.0 = Release|Any CPU
		{5E71AE32-CC81-41BA-8ED2-B4E30C9DF1B2}.Debug|Any CPU.ActiveCfg = Debug|Any CPU
		{5E71AE32-CC81-41BA-8ED2-B4E30C9DF1B2}.Debug|Any CPU.Build.0 = Debug|Any CPU
		{5E71AE32-CC81-41BA-8ED2-B4E30C9DF1B2}.Release|Any CPU.ActiveCfg = Release|Any CPU
		{5E71AE32-CC81-41BA-8ED2-B4E30C9DF1B2}.Release|Any CPU.Build.0 = Release|Any CPU
		{EAC8CC8D-903F-4B91-A113-3DDE26E2B4FF}.Debug|Any CPU.ActiveCfg = Debug|Any CPU
		{EAC8CC8D-903F-4B91-A113-3DDE26E2B4FF}.Debug|Any CPU.Build.0 = Debug|Any CPU
		{EAC8CC8D-903F-4B91-A113-3DDE26E2B4FF}.Release|Any CPU.ActiveCfg = Release|Any CPU
		{EAC8CC8D-903F-4B91-A113-3DDE26E2B4FF}.Release|Any CPU.Build.0 = Release|Any CPU
		{3C99CB03-281B-41F2-B2D4-86638233E513}.Debug|Any CPU.ActiveCfg = Debug|Any CPU
		{3C99CB03-281B-41F2-B2D4-86638233E513}.Debug|Any CPU.Build.0 = Debug|Any CPU
		{3C99CB03-281B-41F2-B2D4-86638233E513}.Release|Any CPU.ActiveCfg = Release|Any CPU
		{3C99CB03-281B-41F2-B2D4-86638233E513}.Release|Any CPU.Build.0 = Release|Any CPU
		{7E1EB6C1-3E70-4130-869F-0A2E5DC1D7A5}.Debug|Any CPU.ActiveCfg = Debug|Any CPU
		{7E1EB6C1-3E70-4130-869F-0A2E5DC1D7A5}.Debug|Any CPU.Build.0 = Debug|Any CPU
		{7E1EB6C1-3E70-4130-869F-0A2E5DC1D7A5}.Release|Any CPU.ActiveCfg = Release|Any CPU
		{7E1EB6C1-3E70-4130-869F-0A2E5DC1D7A5}.Release|Any CPU.Build.0 = Release|Any CPU
		{E7DE016C-5176-400F-942E-15BD23D94E07}.Debug|Any CPU.ActiveCfg = Debug|Any CPU
		{E7DE016C-5176-400F-942E-15BD23D94E07}.Debug|Any CPU.Build.0 = Debug|Any CPU
		{E7DE016C-5176-400F-942E-15BD23D94E07}.Release|Any CPU.ActiveCfg = Release|Any CPU
		{E7DE016C-5176-400F-942E-15BD23D94E07}.Release|Any CPU.Build.0 = Release|Any CPU
		{01F9A1B3-0D2D-4C37-AFEF-EB2E127F1CB0}.Debug|Any CPU.ActiveCfg = Debug|Any CPU
		{01F9A1B3-0D2D-4C37-AFEF-EB2E127F1CB0}.Debug|Any CPU.Build.0 = Debug|Any CPU
		{01F9A1B3-0D2D-4C37-AFEF-EB2E127F1CB0}.Release|Any CPU.ActiveCfg = Release|Any CPU
		{01F9A1B3-0D2D-4C37-AFEF-EB2E127F1CB0}.Release|Any CPU.Build.0 = Release|Any CPU
		{8C5BF9FA-FC78-44D7-927D-1D1F39A8CDF7}.Debug|Any CPU.ActiveCfg = Debug|Any CPU
		{8C5BF9FA-FC78-44D7-927D-1D1F39A8CDF7}.Debug|Any CPU.Build.0 = Debug|Any CPU
		{8C5BF9FA-FC78-44D7-927D-1D1F39A8CDF7}.Release|Any CPU.ActiveCfg = Release|Any CPU
		{8C5BF9FA-FC78-44D7-927D-1D1F39A8CDF7}.Release|Any CPU.Build.0 = Release|Any CPU
		{F1972F26-7160-4770-A331-5FAFAC582F64}.Debug|Any CPU.ActiveCfg = Debug|Any CPU
		{F1972F26-7160-4770-A331-5FAFAC582F64}.Debug|Any CPU.Build.0 = Debug|Any CPU
		{F1972F26-7160-4770-A331-5FAFAC582F64}.Release|Any CPU.ActiveCfg = Release|Any CPU
		{F1972F26-7160-4770-A331-5FAFAC582F64}.Release|Any CPU.Build.0 = Release|Any CPU
		{33A78D21-6B2B-40FD-93F8-36223EBAB386}.Debug|Any CPU.ActiveCfg = Debug|Any CPU
		{33A78D21-6B2B-40FD-93F8-36223EBAB386}.Debug|Any CPU.Build.0 = Debug|Any CPU
		{33A78D21-6B2B-40FD-93F8-36223EBAB386}.Release|Any CPU.ActiveCfg = Release|Any CPU
		{33A78D21-6B2B-40FD-93F8-36223EBAB386}.Release|Any CPU.Build.0 = Release|Any CPU
		{016D2D4B-403C-4E72-AC6E-3CA261087540}.Debug|Any CPU.ActiveCfg = Debug|Any CPU
		{016D2D4B-403C-4E72-AC6E-3CA261087540}.Debug|Any CPU.Build.0 = Debug|Any CPU
		{016D2D4B-403C-4E72-AC6E-3CA261087540}.Release|Any CPU.ActiveCfg = Release|Any CPU
		{016D2D4B-403C-4E72-AC6E-3CA261087540}.Release|Any CPU.Build.0 = Release|Any CPU
		{C7DC4686-CF66-4E7E-AB98-D5BDF84D9144}.Debug|Any CPU.ActiveCfg = Debug|Any CPU
		{C7DC4686-CF66-4E7E-AB98-D5BDF84D9144}.Debug|Any CPU.Build.0 = Debug|Any CPU
		{C7DC4686-CF66-4E7E-AB98-D5BDF84D9144}.Release|Any CPU.ActiveCfg = Release|Any CPU
		{C7DC4686-CF66-4E7E-AB98-D5BDF84D9144}.Release|Any CPU.Build.0 = Release|Any CPU
		{99981F34-A52C-4B81-911E-8F738288DABA}.Debug|Any CPU.ActiveCfg = Debug|Any CPU
		{99981F34-A52C-4B81-911E-8F738288DABA}.Debug|Any CPU.Build.0 = Debug|Any CPU
		{99981F34-A52C-4B81-911E-8F738288DABA}.Release|Any CPU.ActiveCfg = Release|Any CPU
		{99981F34-A52C-4B81-911E-8F738288DABA}.Release|Any CPU.Build.0 = Release|Any CPU
		{7840A6E5-E865-4541-8ACD-1F66BB35715A}.Debug|Any CPU.ActiveCfg = Debug|Any CPU
		{7840A6E5-E865-4541-8ACD-1F66BB35715A}.Debug|Any CPU.Build.0 = Debug|Any CPU
		{7840A6E5-E865-4541-8ACD-1F66BB35715A}.Release|Any CPU.ActiveCfg = Release|Any CPU
		{7840A6E5-E865-4541-8ACD-1F66BB35715A}.Release|Any CPU.Build.0 = Release|Any CPU
		{13E0EAC9-C099-49DE-B07D-FDA4513845FD}.Debug|Any CPU.ActiveCfg = Debug|Any CPU
		{13E0EAC9-C099-49DE-B07D-FDA4513845FD}.Debug|Any CPU.Build.0 = Debug|Any CPU
		{13E0EAC9-C099-49DE-B07D-FDA4513845FD}.Release|Any CPU.ActiveCfg = Release|Any CPU
		{13E0EAC9-C099-49DE-B07D-FDA4513845FD}.Release|Any CPU.Build.0 = Release|Any CPU
		{C6765B47-FB42-4D3A-819C-0B3C704584A4}.Debug|Any CPU.ActiveCfg = Debug|Any CPU
		{C6765B47-FB42-4D3A-819C-0B3C704584A4}.Debug|Any CPU.Build.0 = Debug|Any CPU
		{C6765B47-FB42-4D3A-819C-0B3C704584A4}.Release|Any CPU.ActiveCfg = Release|Any CPU
		{C6765B47-FB42-4D3A-819C-0B3C704584A4}.Release|Any CPU.Build.0 = Release|Any CPU
		{C9CB95F6-84FB-411C-8894-1AFFE3E6224B}.Debug|Any CPU.ActiveCfg = Debug|Any CPU
		{C9CB95F6-84FB-411C-8894-1AFFE3E6224B}.Debug|Any CPU.Build.0 = Debug|Any CPU
		{C9CB95F6-84FB-411C-8894-1AFFE3E6224B}.Release|Any CPU.ActiveCfg = Release|Any CPU
		{C9CB95F6-84FB-411C-8894-1AFFE3E6224B}.Release|Any CPU.Build.0 = Release|Any CPU
		{929E4963-1227-4858-8F87-7AC0470329EA}.Debug|Any CPU.ActiveCfg = Debug|Any CPU
		{929E4963-1227-4858-8F87-7AC0470329EA}.Debug|Any CPU.Build.0 = Debug|Any CPU
		{929E4963-1227-4858-8F87-7AC0470329EA}.Release|Any CPU.ActiveCfg = Release|Any CPU
		{929E4963-1227-4858-8F87-7AC0470329EA}.Release|Any CPU.Build.0 = Release|Any CPU
		{0587996C-A2F8-4618-92C6-3E36EF1DBF83}.Debug|Any CPU.ActiveCfg = Debug|Any CPU
		{0587996C-A2F8-4618-92C6-3E36EF1DBF83}.Debug|Any CPU.Build.0 = Debug|Any CPU
		{0587996C-A2F8-4618-92C6-3E36EF1DBF83}.Release|Any CPU.ActiveCfg = Release|Any CPU
		{0587996C-A2F8-4618-92C6-3E36EF1DBF83}.Release|Any CPU.Build.0 = Release|Any CPU
		{71E16104-9228-46E4-B404-09F8B1BC2E91}.Debug|Any CPU.ActiveCfg = Debug|Any CPU
		{71E16104-9228-46E4-B404-09F8B1BC2E91}.Debug|Any CPU.Build.0 = Debug|Any CPU
		{71E16104-9228-46E4-B404-09F8B1BC2E91}.Release|Any CPU.ActiveCfg = Release|Any CPU
		{71E16104-9228-46E4-B404-09F8B1BC2E91}.Release|Any CPU.Build.0 = Release|Any CPU
		{29305921-7231-4C08-8817-61F9B845C9BB}.Debug|Any CPU.ActiveCfg = Debug|Any CPU
		{29305921-7231-4C08-8817-61F9B845C9BB}.Debug|Any CPU.Build.0 = Debug|Any CPU
		{29305921-7231-4C08-8817-61F9B845C9BB}.Release|Any CPU.ActiveCfg = Release|Any CPU
		{29305921-7231-4C08-8817-61F9B845C9BB}.Release|Any CPU.Build.0 = Release|Any CPU
		{21088ECE-58F7-4DA1-9754-B5B212478655}.Debug|Any CPU.ActiveCfg = Debug|Any CPU
		{21088ECE-58F7-4DA1-9754-B5B212478655}.Debug|Any CPU.Build.0 = Debug|Any CPU
		{21088ECE-58F7-4DA1-9754-B5B212478655}.Release|Any CPU.ActiveCfg = Release|Any CPU
		{21088ECE-58F7-4DA1-9754-B5B212478655}.Release|Any CPU.Build.0 = Release|Any CPU
		{287819FF-96EC-41E8-B4DA-E9D77B0D2324}.Debug|Any CPU.ActiveCfg = Debug|Any CPU
		{287819FF-96EC-41E8-B4DA-E9D77B0D2324}.Debug|Any CPU.Build.0 = Debug|Any CPU
		{287819FF-96EC-41E8-B4DA-E9D77B0D2324}.Release|Any CPU.ActiveCfg = Release|Any CPU
		{287819FF-96EC-41E8-B4DA-E9D77B0D2324}.Release|Any CPU.Build.0 = Release|Any CPU
		{150D4228-3F3E-4B9B-AEC5-6F27178513DC}.Debug|Any CPU.ActiveCfg = Debug|Any CPU
		{150D4228-3F3E-4B9B-AEC5-6F27178513DC}.Debug|Any CPU.Build.0 = Debug|Any CPU
		{150D4228-3F3E-4B9B-AEC5-6F27178513DC}.Release|Any CPU.ActiveCfg = Release|Any CPU
		{150D4228-3F3E-4B9B-AEC5-6F27178513DC}.Release|Any CPU.Build.0 = Release|Any CPU
		{9FBFC91D-7F6A-4A79-A531-B1430CC9D8D1}.Debug|Any CPU.ActiveCfg = Debug|Any CPU
		{9FBFC91D-7F6A-4A79-A531-B1430CC9D8D1}.Debug|Any CPU.Build.0 = Debug|Any CPU
		{9FBFC91D-7F6A-4A79-A531-B1430CC9D8D1}.Release|Any CPU.ActiveCfg = Release|Any CPU
		{9FBFC91D-7F6A-4A79-A531-B1430CC9D8D1}.Release|Any CPU.Build.0 = Release|Any CPU
		{A5867DD4-D2B2-49A7-A3D9-BA64D02AD7E1}.Debug|Any CPU.ActiveCfg = Debug|Any CPU
		{A5867DD4-D2B2-49A7-A3D9-BA64D02AD7E1}.Debug|Any CPU.Build.0 = Debug|Any CPU
		{A5867DD4-D2B2-49A7-A3D9-BA64D02AD7E1}.Release|Any CPU.ActiveCfg = Release|Any CPU
		{A5867DD4-D2B2-49A7-A3D9-BA64D02AD7E1}.Release|Any CPU.Build.0 = Release|Any CPU
		{A0231161-96AD-42B2-AF70-7334D561770E}.Debug|Any CPU.ActiveCfg = Debug|Any CPU
		{A0231161-96AD-42B2-AF70-7334D561770E}.Debug|Any CPU.Build.0 = Debug|Any CPU
		{A0231161-96AD-42B2-AF70-7334D561770E}.Release|Any CPU.ActiveCfg = Release|Any CPU
		{A0231161-96AD-42B2-AF70-7334D561770E}.Release|Any CPU.Build.0 = Release|Any CPU
		{09F94EC5-626D-42D9-82E8-47D143575449}.Debug|Any CPU.ActiveCfg = Debug|Any CPU
		{09F94EC5-626D-42D9-82E8-47D143575449}.Debug|Any CPU.Build.0 = Debug|Any CPU
		{09F94EC5-626D-42D9-82E8-47D143575449}.Release|Any CPU.ActiveCfg = Release|Any CPU
		{09F94EC5-626D-42D9-82E8-47D143575449}.Release|Any CPU.Build.0 = Release|Any CPU
		{2167A9E8-FE9A-4210-BFF8-D0EF6F531616}.Debug|Any CPU.ActiveCfg = Debug|Any CPU
		{2167A9E8-FE9A-4210-BFF8-D0EF6F531616}.Debug|Any CPU.Build.0 = Debug|Any CPU
		{2167A9E8-FE9A-4210-BFF8-D0EF6F531616}.Release|Any CPU.ActiveCfg = Release|Any CPU
		{2167A9E8-FE9A-4210-BFF8-D0EF6F531616}.Release|Any CPU.Build.0 = Release|Any CPU
		{5F127AC6-9E7C-4327-ABE4-A959E00726A4}.Debug|Any CPU.ActiveCfg = Debug|Any CPU
		{5F127AC6-9E7C-4327-ABE4-A959E00726A4}.Debug|Any CPU.Build.0 = Debug|Any CPU
		{5F127AC6-9E7C-4327-ABE4-A959E00726A4}.Release|Any CPU.ActiveCfg = Release|Any CPU
		{5F127AC6-9E7C-4327-ABE4-A959E00726A4}.Release|Any CPU.Build.0 = Release|Any CPU
		{DABB5FAA-30ED-4CFC-8108-859FDA6D9BD6}.Debug|Any CPU.ActiveCfg = Debug|Any CPU
		{DABB5FAA-30ED-4CFC-8108-859FDA6D9BD6}.Debug|Any CPU.Build.0 = Debug|Any CPU
		{DABB5FAA-30ED-4CFC-8108-859FDA6D9BD6}.Release|Any CPU.ActiveCfg = Release|Any CPU
		{DABB5FAA-30ED-4CFC-8108-859FDA6D9BD6}.Release|Any CPU.Build.0 = Release|Any CPU
		{2A2E4172-DBC8-4497-A65F-1212293318AE}.Debug|Any CPU.ActiveCfg = Debug|Any CPU
		{2A2E4172-DBC8-4497-A65F-1212293318AE}.Debug|Any CPU.Build.0 = Debug|Any CPU
		{2A2E4172-DBC8-4497-A65F-1212293318AE}.Release|Any CPU.ActiveCfg = Release|Any CPU
		{2A2E4172-DBC8-4497-A65F-1212293318AE}.Release|Any CPU.Build.0 = Release|Any CPU
		{21E06AA8-2392-4C08-B5C5-86366E8C290E}.Debug|Any CPU.ActiveCfg = Debug|Any CPU
		{21E06AA8-2392-4C08-B5C5-86366E8C290E}.Debug|Any CPU.Build.0 = Debug|Any CPU
		{21E06AA8-2392-4C08-B5C5-86366E8C290E}.Release|Any CPU.ActiveCfg = Release|Any CPU
		{21E06AA8-2392-4C08-B5C5-86366E8C290E}.Release|Any CPU.Build.0 = Release|Any CPU
		{0A5FABE5-6D70-4568-BB2E-BB3185239BA0}.Debug|Any CPU.ActiveCfg = Debug|Any CPU
		{0A5FABE5-6D70-4568-BB2E-BB3185239BA0}.Debug|Any CPU.Build.0 = Debug|Any CPU
		{0A5FABE5-6D70-4568-BB2E-BB3185239BA0}.Release|Any CPU.ActiveCfg = Release|Any CPU
		{0A5FABE5-6D70-4568-BB2E-BB3185239BA0}.Release|Any CPU.Build.0 = Release|Any CPU
		{D978D750-AEDF-46B5-A52A-1AD330DAFDD9}.Debug|Any CPU.ActiveCfg = Debug|Any CPU
		{D978D750-AEDF-46B5-A52A-1AD330DAFDD9}.Debug|Any CPU.Build.0 = Debug|Any CPU
		{D978D750-AEDF-46B5-A52A-1AD330DAFDD9}.Release|Any CPU.ActiveCfg = Release|Any CPU
		{D978D750-AEDF-46B5-A52A-1AD330DAFDD9}.Release|Any CPU.Build.0 = Release|Any CPU
		{5435AEE2-A98C-4AFD-BC36-331F76A22430}.Debug|Any CPU.ActiveCfg = Debug|Any CPU
		{5435AEE2-A98C-4AFD-BC36-331F76A22430}.Debug|Any CPU.Build.0 = Debug|Any CPU
		{5435AEE2-A98C-4AFD-BC36-331F76A22430}.Release|Any CPU.ActiveCfg = Release|Any CPU
		{5435AEE2-A98C-4AFD-BC36-331F76A22430}.Release|Any CPU.Build.0 = Release|Any CPU
		{3AE7B82B-8D8B-407D-BA63-981CD9F5E0CB}.Debug|Any CPU.ActiveCfg = Debug|Any CPU
		{3AE7B82B-8D8B-407D-BA63-981CD9F5E0CB}.Debug|Any CPU.Build.0 = Debug|Any CPU
		{3AE7B82B-8D8B-407D-BA63-981CD9F5E0CB}.Release|Any CPU.ActiveCfg = Release|Any CPU
		{3AE7B82B-8D8B-407D-BA63-981CD9F5E0CB}.Release|Any CPU.Build.0 = Release|Any CPU
		{27D51101-CD2D-452D-8336-B43738F82F2C}.Debug|Any CPU.ActiveCfg = Debug|Any CPU
		{27D51101-CD2D-452D-8336-B43738F82F2C}.Debug|Any CPU.Build.0 = Debug|Any CPU
		{27D51101-CD2D-452D-8336-B43738F82F2C}.Release|Any CPU.ActiveCfg = Release|Any CPU
		{27D51101-CD2D-452D-8336-B43738F82F2C}.Release|Any CPU.Build.0 = Release|Any CPU
		{670BA3B3-59EA-412D-963D-7EF4A5EDC80C}.Debug|Any CPU.ActiveCfg = Debug|Any CPU
		{670BA3B3-59EA-412D-963D-7EF4A5EDC80C}.Debug|Any CPU.Build.0 = Debug|Any CPU
		{670BA3B3-59EA-412D-963D-7EF4A5EDC80C}.Release|Any CPU.ActiveCfg = Release|Any CPU
		{670BA3B3-59EA-412D-963D-7EF4A5EDC80C}.Release|Any CPU.Build.0 = Release|Any CPU
		{FD58BB74-F915-4717-AA70-980D8B091CF0}.Debug|Any CPU.ActiveCfg = Debug|Any CPU
		{FD58BB74-F915-4717-AA70-980D8B091CF0}.Debug|Any CPU.Build.0 = Debug|Any CPU
		{FD58BB74-F915-4717-AA70-980D8B091CF0}.Release|Any CPU.ActiveCfg = Release|Any CPU
		{FD58BB74-F915-4717-AA70-980D8B091CF0}.Release|Any CPU.Build.0 = Release|Any CPU
		{86DD96A4-CA36-438A-87B5-C17EEF59D22E}.Debug|Any CPU.ActiveCfg = Debug|Any CPU
		{86DD96A4-CA36-438A-87B5-C17EEF59D22E}.Debug|Any CPU.Build.0 = Debug|Any CPU
		{86DD96A4-CA36-438A-87B5-C17EEF59D22E}.Release|Any CPU.ActiveCfg = Release|Any CPU
		{86DD96A4-CA36-438A-87B5-C17EEF59D22E}.Release|Any CPU.Build.0 = Release|Any CPU
		{323C07AD-C338-4B41-906C-B5BBD921A3AE}.Debug|Any CPU.ActiveCfg = Debug|Any CPU
		{323C07AD-C338-4B41-906C-B5BBD921A3AE}.Debug|Any CPU.Build.0 = Debug|Any CPU
		{323C07AD-C338-4B41-906C-B5BBD921A3AE}.Release|Any CPU.ActiveCfg = Release|Any CPU
		{323C07AD-C338-4B41-906C-B5BBD921A3AE}.Release|Any CPU.Build.0 = Release|Any CPU
		{B9938A57-0EF8-4186-85EF-2E23BD41598C}.Debug|Any CPU.ActiveCfg = Debug|Any CPU
		{B9938A57-0EF8-4186-85EF-2E23BD41598C}.Debug|Any CPU.Build.0 = Debug|Any CPU
		{B9938A57-0EF8-4186-85EF-2E23BD41598C}.Release|Any CPU.ActiveCfg = Release|Any CPU
		{B9938A57-0EF8-4186-85EF-2E23BD41598C}.Release|Any CPU.Build.0 = Release|Any CPU
		{6E72222F-F437-4EE2-A030-2C0C6FCBD9FE}.Debug|Any CPU.ActiveCfg = Debug|Any CPU
		{6E72222F-F437-4EE2-A030-2C0C6FCBD9FE}.Debug|Any CPU.Build.0 = Debug|Any CPU
		{6E72222F-F437-4EE2-A030-2C0C6FCBD9FE}.Release|Any CPU.ActiveCfg = Release|Any CPU
		{6E72222F-F437-4EE2-A030-2C0C6FCBD9FE}.Release|Any CPU.Build.0 = Release|Any CPU
		{BE0A09E1-17A3-4570-8FB4-A7650980E739}.Debug|Any CPU.ActiveCfg = Debug|Any CPU
		{BE0A09E1-17A3-4570-8FB4-A7650980E739}.Debug|Any CPU.Build.0 = Debug|Any CPU
		{BE0A09E1-17A3-4570-8FB4-A7650980E739}.Release|Any CPU.ActiveCfg = Release|Any CPU
		{BE0A09E1-17A3-4570-8FB4-A7650980E739}.Release|Any CPU.Build.0 = Release|Any CPU
		{19ACBF15-D21A-42A5-AAB6-32E20565DF56}.Debug|Any CPU.ActiveCfg = Debug|Any CPU
		{19ACBF15-D21A-42A5-AAB6-32E20565DF56}.Debug|Any CPU.Build.0 = Debug|Any CPU
		{19ACBF15-D21A-42A5-AAB6-32E20565DF56}.Release|Any CPU.ActiveCfg = Release|Any CPU
		{19ACBF15-D21A-42A5-AAB6-32E20565DF56}.Release|Any CPU.Build.0 = Release|Any CPU
		{25F5E998-80C2-4793-8EC4-3A85C87E11F4}.Debug|Any CPU.ActiveCfg = Debug|Any CPU
		{25F5E998-80C2-4793-8EC4-3A85C87E11F4}.Debug|Any CPU.Build.0 = Debug|Any CPU
		{25F5E998-80C2-4793-8EC4-3A85C87E11F4}.Release|Any CPU.ActiveCfg = Release|Any CPU
		{25F5E998-80C2-4793-8EC4-3A85C87E11F4}.Release|Any CPU.Build.0 = Release|Any CPU
		{777F0320-CF1E-4F5C-94CE-ED92F1155214}.Debug|Any CPU.ActiveCfg = Debug|Any CPU
		{777F0320-CF1E-4F5C-94CE-ED92F1155214}.Debug|Any CPU.Build.0 = Debug|Any CPU
		{777F0320-CF1E-4F5C-94CE-ED92F1155214}.Release|Any CPU.ActiveCfg = Release|Any CPU
		{777F0320-CF1E-4F5C-94CE-ED92F1155214}.Release|Any CPU.Build.0 = Release|Any CPU
		{17F01DA5-CC98-426D-B762-2A57AE82D05D}.Debug|Any CPU.ActiveCfg = Debug|Any CPU
		{17F01DA5-CC98-426D-B762-2A57AE82D05D}.Debug|Any CPU.Build.0 = Debug|Any CPU
		{17F01DA5-CC98-426D-B762-2A57AE82D05D}.Release|Any CPU.ActiveCfg = Release|Any CPU
		{17F01DA5-CC98-426D-B762-2A57AE82D05D}.Release|Any CPU.Build.0 = Release|Any CPU
		{5EFCF38B-D199-4C9C-9245-051C01EC9A67}.Debug|Any CPU.ActiveCfg = Debug|Any CPU
		{5EFCF38B-D199-4C9C-9245-051C01EC9A67}.Debug|Any CPU.Build.0 = Debug|Any CPU
		{5EFCF38B-D199-4C9C-9245-051C01EC9A67}.Release|Any CPU.ActiveCfg = Release|Any CPU
		{5EFCF38B-D199-4C9C-9245-051C01EC9A67}.Release|Any CPU.Build.0 = Release|Any CPU
		{F049C89B-9981-4CE2-82AC-654CA4F1BCCA}.Debug|Any CPU.ActiveCfg = Debug|Any CPU
		{F049C89B-9981-4CE2-82AC-654CA4F1BCCA}.Debug|Any CPU.Build.0 = Debug|Any CPU
		{F049C89B-9981-4CE2-82AC-654CA4F1BCCA}.Release|Any CPU.ActiveCfg = Release|Any CPU
		{F049C89B-9981-4CE2-82AC-654CA4F1BCCA}.Release|Any CPU.Build.0 = Release|Any CPU
		{20D2287A-B90A-4F59-A9B8-E593E63D5C73}.Debug|Any CPU.ActiveCfg = Debug|Any CPU
		{20D2287A-B90A-4F59-A9B8-E593E63D5C73}.Debug|Any CPU.Build.0 = Debug|Any CPU
		{20D2287A-B90A-4F59-A9B8-E593E63D5C73}.Release|Any CPU.ActiveCfg = Release|Any CPU
		{20D2287A-B90A-4F59-A9B8-E593E63D5C73}.Release|Any CPU.Build.0 = Release|Any CPU
		{2BDBFCF7-A1E7-42E1-98C1-24E21E9818B6}.Debug|Any CPU.ActiveCfg = Debug|Any CPU
		{2BDBFCF7-A1E7-42E1-98C1-24E21E9818B6}.Debug|Any CPU.Build.0 = Debug|Any CPU
		{2BDBFCF7-A1E7-42E1-98C1-24E21E9818B6}.Release|Any CPU.ActiveCfg = Release|Any CPU
		{2BDBFCF7-A1E7-42E1-98C1-24E21E9818B6}.Release|Any CPU.Build.0 = Release|Any CPU
		{B4F3D7FA-266E-4C62-838F-427A15F33A28}.Debug|Any CPU.ActiveCfg = Debug|Any CPU
		{B4F3D7FA-266E-4C62-838F-427A15F33A28}.Debug|Any CPU.Build.0 = Debug|Any CPU
		{B4F3D7FA-266E-4C62-838F-427A15F33A28}.Release|Any CPU.ActiveCfg = Release|Any CPU
		{B4F3D7FA-266E-4C62-838F-427A15F33A28}.Release|Any CPU.Build.0 = Release|Any CPU
		{AC59F551-3751-427B-ADBB-68FF16F0D530}.Debug|Any CPU.ActiveCfg = Debug|Any CPU
		{AC59F551-3751-427B-ADBB-68FF16F0D530}.Debug|Any CPU.Build.0 = Debug|Any CPU
		{AC59F551-3751-427B-ADBB-68FF16F0D530}.Release|Any CPU.ActiveCfg = Release|Any CPU
		{AC59F551-3751-427B-ADBB-68FF16F0D530}.Release|Any CPU.Build.0 = Release|Any CPU
		{4183499C-0C7C-4738-A6C8-D21C9B2FAAEB}.Debug|Any CPU.ActiveCfg = Debug|Any CPU
		{4183499C-0C7C-4738-A6C8-D21C9B2FAAEB}.Debug|Any CPU.Build.0 = Debug|Any CPU
		{4183499C-0C7C-4738-A6C8-D21C9B2FAAEB}.Release|Any CPU.ActiveCfg = Release|Any CPU
		{4183499C-0C7C-4738-A6C8-D21C9B2FAAEB}.Release|Any CPU.Build.0 = Release|Any CPU
		{FEF686A0-F4B3-48A6-B3C0-B77CA1A67348}.Debug|Any CPU.ActiveCfg = Debug|Any CPU
		{FEF686A0-F4B3-48A6-B3C0-B77CA1A67348}.Debug|Any CPU.Build.0 = Debug|Any CPU
		{FEF686A0-F4B3-48A6-B3C0-B77CA1A67348}.Release|Any CPU.ActiveCfg = Release|Any CPU
		{FEF686A0-F4B3-48A6-B3C0-B77CA1A67348}.Release|Any CPU.Build.0 = Release|Any CPU
		{6118AA37-E440-4A59-9B91-46866E9DA350}.Debug|Any CPU.ActiveCfg = Debug|Any CPU
		{6118AA37-E440-4A59-9B91-46866E9DA350}.Debug|Any CPU.Build.0 = Debug|Any CPU
		{6118AA37-E440-4A59-9B91-46866E9DA350}.Release|Any CPU.ActiveCfg = Release|Any CPU
		{6118AA37-E440-4A59-9B91-46866E9DA350}.Release|Any CPU.Build.0 = Release|Any CPU
		{D2FA6396-F22C-43AE-880D-A508AAADF6D3}.Debug|Any CPU.ActiveCfg = Debug|Any CPU
		{D2FA6396-F22C-43AE-880D-A508AAADF6D3}.Debug|Any CPU.Build.0 = Debug|Any CPU
		{D2FA6396-F22C-43AE-880D-A508AAADF6D3}.Release|Any CPU.ActiveCfg = Release|Any CPU
		{D2FA6396-F22C-43AE-880D-A508AAADF6D3}.Release|Any CPU.Build.0 = Release|Any CPU
		{DC4FBF8D-1C9B-4612-BA0E-2A30A351599E}.Debug|Any CPU.ActiveCfg = Debug|Any CPU
		{DC4FBF8D-1C9B-4612-BA0E-2A30A351599E}.Debug|Any CPU.Build.0 = Debug|Any CPU
		{DC4FBF8D-1C9B-4612-BA0E-2A30A351599E}.Release|Any CPU.ActiveCfg = Release|Any CPU
		{DC4FBF8D-1C9B-4612-BA0E-2A30A351599E}.Release|Any CPU.Build.0 = Release|Any CPU
		{EE665386-F654-4D71-9D80-9AC330D4DCE2}.Debug|Any CPU.ActiveCfg = Debug|Any CPU
		{EE665386-F654-4D71-9D80-9AC330D4DCE2}.Debug|Any CPU.Build.0 = Debug|Any CPU
		{EE665386-F654-4D71-9D80-9AC330D4DCE2}.Release|Any CPU.ActiveCfg = Release|Any CPU
		{EE665386-F654-4D71-9D80-9AC330D4DCE2}.Release|Any CPU.Build.0 = Release|Any CPU
		{3EAF747A-B331-4776-BCB8-789CF164D2E3}.Debug|Any CPU.ActiveCfg = Debug|Any CPU
		{3EAF747A-B331-4776-BCB8-789CF164D2E3}.Debug|Any CPU.Build.0 = Debug|Any CPU
		{3EAF747A-B331-4776-BCB8-789CF164D2E3}.Release|Any CPU.ActiveCfg = Release|Any CPU
		{3EAF747A-B331-4776-BCB8-789CF164D2E3}.Release|Any CPU.Build.0 = Release|Any CPU
		{53688403-556E-4395-AC0C-DBFF7BFD2F25}.Debug|Any CPU.ActiveCfg = Debug|Any CPU
		{53688403-556E-4395-AC0C-DBFF7BFD2F25}.Debug|Any CPU.Build.0 = Debug|Any CPU
		{53688403-556E-4395-AC0C-DBFF7BFD2F25}.Release|Any CPU.ActiveCfg = Release|Any CPU
		{53688403-556E-4395-AC0C-DBFF7BFD2F25}.Release|Any CPU.Build.0 = Release|Any CPU
		{975DC0E6-D1A9-444A-8659-9E8E08C61EDB}.Debug|Any CPU.ActiveCfg = Debug|Any CPU
		{975DC0E6-D1A9-444A-8659-9E8E08C61EDB}.Debug|Any CPU.Build.0 = Debug|Any CPU
		{975DC0E6-D1A9-444A-8659-9E8E08C61EDB}.Release|Any CPU.ActiveCfg = Release|Any CPU
		{975DC0E6-D1A9-444A-8659-9E8E08C61EDB}.Release|Any CPU.Build.0 = Release|Any CPU
		{53506AA5-9F05-46B4-8DCE-571D36BD672E}.Debug|Any CPU.ActiveCfg = Debug|Any CPU
		{53506AA5-9F05-46B4-8DCE-571D36BD672E}.Debug|Any CPU.Build.0 = Debug|Any CPU
		{53506AA5-9F05-46B4-8DCE-571D36BD672E}.Release|Any CPU.ActiveCfg = Release|Any CPU
		{53506AA5-9F05-46B4-8DCE-571D36BD672E}.Release|Any CPU.Build.0 = Release|Any CPU
		{A9E3062C-72FE-48E0-BEC6-D12ED2DF4F63}.Debug|Any CPU.ActiveCfg = Debug|Any CPU
		{A9E3062C-72FE-48E0-BEC6-D12ED2DF4F63}.Debug|Any CPU.Build.0 = Debug|Any CPU
		{A9E3062C-72FE-48E0-BEC6-D12ED2DF4F63}.Release|Any CPU.ActiveCfg = Release|Any CPU
		{A9E3062C-72FE-48E0-BEC6-D12ED2DF4F63}.Release|Any CPU.Build.0 = Release|Any CPU
		{FDA1B8FF-EB33-4C69-9A75-EBBA15CDEAB5}.Debug|Any CPU.ActiveCfg = Debug|Any CPU
		{FDA1B8FF-EB33-4C69-9A75-EBBA15CDEAB5}.Debug|Any CPU.Build.0 = Debug|Any CPU
		{FDA1B8FF-EB33-4C69-9A75-EBBA15CDEAB5}.Release|Any CPU.ActiveCfg = Release|Any CPU
		{FDA1B8FF-EB33-4C69-9A75-EBBA15CDEAB5}.Release|Any CPU.Build.0 = Release|Any CPU
		{DC19F6CF-A5B7-4D62-9E90-ADB4C228812E}.Debug|Any CPU.ActiveCfg = Debug|Any CPU
		{DC19F6CF-A5B7-4D62-9E90-ADB4C228812E}.Debug|Any CPU.Build.0 = Debug|Any CPU
		{DC19F6CF-A5B7-4D62-9E90-ADB4C228812E}.Release|Any CPU.ActiveCfg = Release|Any CPU
		{DC19F6CF-A5B7-4D62-9E90-ADB4C228812E}.Release|Any CPU.Build.0 = Release|Any CPU
		{ED39BB5E-40F5-4670-9F26-E7F56DD223D6}.Debug|Any CPU.ActiveCfg = Debug|Any CPU
		{ED39BB5E-40F5-4670-9F26-E7F56DD223D6}.Debug|Any CPU.Build.0 = Debug|Any CPU
		{ED39BB5E-40F5-4670-9F26-E7F56DD223D6}.Release|Any CPU.ActiveCfg = Release|Any CPU
		{ED39BB5E-40F5-4670-9F26-E7F56DD223D6}.Release|Any CPU.Build.0 = Release|Any CPU
		{CCB40151-6631-475B-9EF4-9106D92360A2}.Debug|Any CPU.ActiveCfg = Debug|Any CPU
		{CCB40151-6631-475B-9EF4-9106D92360A2}.Debug|Any CPU.Build.0 = Debug|Any CPU
		{CCB40151-6631-475B-9EF4-9106D92360A2}.Release|Any CPU.ActiveCfg = Release|Any CPU
		{CCB40151-6631-475B-9EF4-9106D92360A2}.Release|Any CPU.Build.0 = Release|Any CPU
		{6190140F-A573-491E-88AA-62D694A6F634}.Debug|Any CPU.ActiveCfg = Debug|Any CPU
		{6190140F-A573-491E-88AA-62D694A6F634}.Debug|Any CPU.Build.0 = Debug|Any CPU
		{6190140F-A573-491E-88AA-62D694A6F634}.Release|Any CPU.ActiveCfg = Release|Any CPU
		{6190140F-A573-491E-88AA-62D694A6F634}.Release|Any CPU.Build.0 = Release|Any CPU
		{188BF5A7-3D4C-44C7-9B3C-660CE0B47431}.Debug|Any CPU.ActiveCfg = Debug|Any CPU
		{188BF5A7-3D4C-44C7-9B3C-660CE0B47431}.Debug|Any CPU.Build.0 = Debug|Any CPU
		{188BF5A7-3D4C-44C7-9B3C-660CE0B47431}.Release|Any CPU.ActiveCfg = Release|Any CPU
		{188BF5A7-3D4C-44C7-9B3C-660CE0B47431}.Release|Any CPU.Build.0 = Release|Any CPU
		{A7FC9A5C-EFEE-49AC-A9C9-05C30893638F}.Debug|Any CPU.ActiveCfg = Debug|Any CPU
		{A7FC9A5C-EFEE-49AC-A9C9-05C30893638F}.Debug|Any CPU.Build.0 = Debug|Any CPU
		{A7FC9A5C-EFEE-49AC-A9C9-05C30893638F}.Release|Any CPU.ActiveCfg = Release|Any CPU
		{A7FC9A5C-EFEE-49AC-A9C9-05C30893638F}.Release|Any CPU.Build.0 = Release|Any CPU
		{25B374BD-3B47-463B-A3AB-547E5AE2A55A}.Debug|Any CPU.ActiveCfg = Debug|Any CPU
		{25B374BD-3B47-463B-A3AB-547E5AE2A55A}.Debug|Any CPU.Build.0 = Debug|Any CPU
		{25B374BD-3B47-463B-A3AB-547E5AE2A55A}.Release|Any CPU.ActiveCfg = Release|Any CPU
		{25B374BD-3B47-463B-A3AB-547E5AE2A55A}.Release|Any CPU.Build.0 = Release|Any CPU
		{3ACD39B5-F118-4848-BFA9-09FFAAEF7090}.Debug|Any CPU.ActiveCfg = Debug|Any CPU
		{3ACD39B5-F118-4848-BFA9-09FFAAEF7090}.Debug|Any CPU.Build.0 = Debug|Any CPU
		{3ACD39B5-F118-4848-BFA9-09FFAAEF7090}.Release|Any CPU.ActiveCfg = Release|Any CPU
		{3ACD39B5-F118-4848-BFA9-09FFAAEF7090}.Release|Any CPU.Build.0 = Release|Any CPU
		{BBEC0E00-85CE-42A2-9BEC-2F584BFAA191}.Debug|Any CPU.ActiveCfg = Debug|Any CPU
		{BBEC0E00-85CE-42A2-9BEC-2F584BFAA191}.Debug|Any CPU.Build.0 = Debug|Any CPU
		{BBEC0E00-85CE-42A2-9BEC-2F584BFAA191}.Release|Any CPU.ActiveCfg = Release|Any CPU
		{BBEC0E00-85CE-42A2-9BEC-2F584BFAA191}.Release|Any CPU.Build.0 = Release|Any CPU
		{5630E736-9571-46D9-B180-0CF661CBF0E8}.Debug|Any CPU.ActiveCfg = Debug|Any CPU
		{5630E736-9571-46D9-B180-0CF661CBF0E8}.Debug|Any CPU.Build.0 = Debug|Any CPU
		{5630E736-9571-46D9-B180-0CF661CBF0E8}.Release|Any CPU.ActiveCfg = Release|Any CPU
		{5630E736-9571-46D9-B180-0CF661CBF0E8}.Release|Any CPU.Build.0 = Release|Any CPU
		{C44014D1-8E48-41B2-8C50-6BB48E06A46D}.Debug|Any CPU.ActiveCfg = Debug|Any CPU
		{C44014D1-8E48-41B2-8C50-6BB48E06A46D}.Debug|Any CPU.Build.0 = Debug|Any CPU
		{C44014D1-8E48-41B2-8C50-6BB48E06A46D}.Release|Any CPU.ActiveCfg = Release|Any CPU
		{C44014D1-8E48-41B2-8C50-6BB48E06A46D}.Release|Any CPU.Build.0 = Release|Any CPU
		{F3A78EB1-DF6F-47CF-81B4-1C3401AF6B16}.Debug|Any CPU.ActiveCfg = Debug|Any CPU
		{F3A78EB1-DF6F-47CF-81B4-1C3401AF6B16}.Debug|Any CPU.Build.0 = Debug|Any CPU
		{F3A78EB1-DF6F-47CF-81B4-1C3401AF6B16}.Release|Any CPU.ActiveCfg = Release|Any CPU
		{F3A78EB1-DF6F-47CF-81B4-1C3401AF6B16}.Release|Any CPU.Build.0 = Release|Any CPU
	EndGlobalSection
	GlobalSection(SolutionProperties) = preSolution
		HideSolutionNode = FALSE
	EndGlobalSection
	GlobalSection(ExtensibilityGlobals) = postSolution
		SolutionGuid = {74B74823-B84E-48FB-A1A0-F9487C4058F6}
	EndGlobalSection
EndGlobal
